
Microsoft Visual Studio Solution File, Format Version 12.00
# Visual Studio 15
VisualStudioVersion = 15.0.27004.2010
MinimumVisualStudioVersion = 10.0.40219.1
Project("{FAE04EC0-301F-11D3-BF4B-00C04F79EFBC}") = "Process_And_Threads", "Process_And_Threads\Process_And_Threads.csproj", "{6A56A286-50F2-4994-A3AF-2886CAA17E52}"
EndProject
Global
	GlobalSection(SolutionConfigurationPlatforms) = preSolution
		Debug|Any CPU = Debug|Any CPU
		Release|Any CPU = Release|Any CPU
	EndGlobalSection
	GlobalSection(ProjectConfigurationPlatforms) = postSolution
		{6A56A286-50F2-4994-A3AF-2886CAA17E52}.Debug|Any CPU.ActiveCfg = Debug|Any CPU
		{6A56A286-50F2-4994-A3AF-2886CAA17E52}.Debug|Any CPU.Build.0 = Debug|Any CPU
		{6A56A286-50F2-4994-A3AF-2886CAA17E52}.Release|Any CPU.ActiveCfg = Release|Any CPU
		{6A56A286-50F2-4994-A3AF-2886CAA17E52}.Release|Any CPU.Build.0 = Release|Any CPU
	EndGlobalSection
	GlobalSection(SolutionProperties) = preSolution
		HideSolutionNode = FALSE
	EndGlobalSection
	GlobalSection(ExtensibilityGlobals) = postSolution
		SolutionGuid = {15332F03-6EC3-4769-B9C1-C724502EE8B1}
	EndGlobalSection
EndGlobal
