
Microsoft Visual Studio Solution File, Format Version 12.00
# Visual Studio 15
VisualStudioVersion = 15.0.27004.2010
MinimumVisualStudioVersion = 10.0.40219.1
Project("{FAE04EC0-301F-11D3-BF4B-00C04F79EFBC}") = "ObjectInitializerAnalyzer", "ObjectInitializerAnalyzer\ObjectInitializerAnalyzer\ObjectInitializerAnalyzer.csproj", "{1317A3F6-63D6-431D-965D-8C450A0AE9CD}"
EndProject
Project("{FAE04EC0-301F-11D3-BF4B-00C04F79EFBC}") = "ObjectInitializerAnalyzer.Test", "ObjectInitializerAnalyzer\ObjectInitializerAnalyzer.Test\ObjectInitializerAnalyzer.Test.csproj", "{D4DC8409-174D-4270-8372-77FE5821A21C}"
EndProject
Project("{FAE04EC0-301F-11D3-BF4B-00C04F79EFBC}") = "ObjectInitializerAnalyzer.Vsix", "ObjectInitializerAnalyzer\ObjectInitializerAnalyzer.Vsix\ObjectInitializerAnalyzer.Vsix.csproj", "{E3C625C4-67CF-4A3A-B26D-6D6CB872CEDD}"
EndProject
Global
	GlobalSection(SolutionConfigurationPlatforms) = preSolution
		Debug|Any CPU = Debug|Any CPU
		Release|Any CPU = Release|Any CPU
	EndGlobalSection
	GlobalSection(ProjectConfigurationPlatforms) = postSolution
		{1317A3F6-63D6-431D-965D-8C450A0AE9CD}.Debug|Any CPU.ActiveCfg = Debug|Any CPU
		{1317A3F6-63D6-431D-965D-8C450A0AE9CD}.Debug|Any CPU.Build.0 = Debug|Any CPU
		{1317A3F6-63D6-431D-965D-8C450A0AE9CD}.Release|Any CPU.ActiveCfg = Release|Any CPU
		{1317A3F6-63D6-431D-965D-8C450A0AE9CD}.Release|Any CPU.Build.0 = Release|Any CPU
		{D4DC8409-174D-4270-8372-77FE5821A21C}.Debug|Any CPU.ActiveCfg = Debug|Any CPU
		{D4DC8409-174D-4270-8372-77FE5821A21C}.Debug|Any CPU.Build.0 = Debug|Any CPU
		{D4DC8409-174D-4270-8372-77FE5821A21C}.Release|Any CPU.ActiveCfg = Release|Any CPU
		{D4DC8409-174D-4270-8372-77FE5821A21C}.Release|Any CPU.Build.0 = Release|Any CPU
		{E3C625C4-67CF-4A3A-B26D-6D6CB872CEDD}.Debug|Any CPU.ActiveCfg = Debug|Any CPU
		{E3C625C4-67CF-4A3A-B26D-6D6CB872CEDD}.Debug|Any CPU.Build.0 = Debug|Any CPU
		{E3C625C4-67CF-4A3A-B26D-6D6CB872CEDD}.Release|Any CPU.ActiveCfg = Release|Any CPU
		{E3C625C4-67CF-4A3A-B26D-6D6CB872CEDD}.Release|Any CPU.Build.0 = Release|Any CPU
	EndGlobalSection
	GlobalSection(SolutionProperties) = preSolution
		HideSolutionNode = FALSE
	EndGlobalSection
	GlobalSection(ExtensibilityGlobals) = postSolution
		SolutionGuid = {3D2B0C9E-4DB6-4E76-A871-9F8185ED6D1C}
	EndGlobalSection
EndGlobal
