
Microsoft Visual Studio Solution File, Format Version 12.00
# Visual Studio 15
VisualStudioVersion = 15.0.27428.2005
MinimumVisualStudioVersion = 10.0.40219.1
Project("{FAE04EC0-301F-11D3-BF4B-00C04F79EFBC}") = "PrismDemo", "Src\PrismDemo\PrismDemo.csproj", "{EE9A40B0-AE8E-4E5F-9F8C-9FA1B866D6E1}"
EndProject
Project("{FAE04EC0-301F-11D3-BF4B-00C04F79EFBC}") = "PrismDemo.Infrastructure", "Src\PrismDemo.Infrastructure\PrismDemo.Infrastructure.csproj", "{55B3CC3E-3DFC-4FEA-A93F-F13667074D74}"
EndProject
Project("{2150E333-8FDC-42A3-9474-1A3956D46DE8}") = "Business", "Business", "{60F77F67-0175-4192-9F58-971336FF7305}"
EndProject
Project("{2150E333-8FDC-42A3-9474-1A3956D46DE8}") = "Modules", "Modules", "{E8CA3A9A-F6FA-45F2-B145-A3B901D7679C}"
EndProject
Project("{FAE04EC0-301F-11D3-BF4B-00C04F79EFBC}") = "PrismDemoDryLoc", "PrismDemoDryLoc\PrismDemoDryLoc.csproj", "{6F7DE2F2-0542-4FF8-BDC7-0D238FC7AFAF}"
EndProject
Project("{FAE04EC0-301F-11D3-BF4B-00C04F79EFBC}") = "ModuleA", "Src\Modules\ModuleA\ModuleA.csproj", "{3D9A8549-A7A8-4DF9-829E-AEAE7ECACACA}"
EndProject
Project("{FAE04EC0-301F-11D3-BF4B-00C04F79EFBC}") = "PrismDemoRegisterModule", "Src\PrismDemoRegisterModule\PrismDemoRegisterModule.csproj", "{70A2BD5D-B5E6-43DA-BBC1-32BDF2C33233}"
EndProject
Project("{FAE04EC0-301F-11D3-BF4B-00C04F79EFBC}") = "ModuleB", "Src\Modules\ModuleB\ModuleB.csproj", "{D0984924-8F65-476E-A466-5E7972916D13}"
EndProject
Project("{FAE04EC0-301F-11D3-BF4B-00C04F79EFBC}") = "ModuleC", "Src\Modules\ModuleC\ModuleC.csproj", "{2F8F5E75-7278-4DDC-AD49-5CEF4E14CA8C}"
EndProject
Project("{FAE04EC0-301F-11D3-BF4B-00C04F79EFBC}") = "ModuleD", "Src\Modules\ModuleD\ModuleD.csproj", "{F3891DCE-A41F-4ECB-A9E3-C46352DDDBD6}"
EndProject
Project("{2150E333-8FDC-42A3-9474-1A3956D46DE8}") = "PrismDemoViews", "PrismDemoViews", "{09EC4981-42E4-4D44-88D7-081B0A9CA839}"
EndProject
Project("{FAE04EC0-301F-11D3-BF4B-00C04F79EFBC}") = "PrismDemoCreateView", "Src\PrismDemoViews\CreateView\PrismDemo\PrismDemoCreateView.csproj", "{2365054D-5A19-47B0-B682-14B3CEB4D849}"
EndProject
Project("{FAE04EC0-301F-11D3-BF4B-00C04F79EFBC}") = "ModuleM", "Src\Modules\ModuleM\ModuleM.csproj", "{9BF41B1B-558B-496A-9CE2-6D34199F6297}"
EndProject
Global
	GlobalSection(SolutionConfigurationPlatforms) = preSolution
		Debug|Any CPU = Debug|Any CPU
		Release|Any CPU = Release|Any CPU
	EndGlobalSection
	GlobalSection(ProjectConfigurationPlatforms) = postSolution
		{EE9A40B0-AE8E-4E5F-9F8C-9FA1B866D6E1}.Debug|Any CPU.ActiveCfg = Debug|Any CPU
		{EE9A40B0-AE8E-4E5F-9F8C-9FA1B866D6E1}.Debug|Any CPU.Build.0 = Debug|Any CPU
		{EE9A40B0-AE8E-4E5F-9F8C-9FA1B866D6E1}.Release|Any CPU.ActiveCfg = Release|Any CPU
		{EE9A40B0-AE8E-4E5F-9F8C-9FA1B866D6E1}.Release|Any CPU.Build.0 = Release|Any CPU
		{55B3CC3E-3DFC-4FEA-A93F-F13667074D74}.Debug|Any CPU.ActiveCfg = Debug|Any CPU
		{55B3CC3E-3DFC-4FEA-A93F-F13667074D74}.Debug|Any CPU.Build.0 = Debug|Any CPU
		{55B3CC3E-3DFC-4FEA-A93F-F13667074D74}.Release|Any CPU.ActiveCfg = Release|Any CPU
		{55B3CC3E-3DFC-4FEA-A93F-F13667074D74}.Release|Any CPU.Build.0 = Release|Any CPU
		{6F7DE2F2-0542-4FF8-BDC7-0D238FC7AFAF}.Debug|Any CPU.ActiveCfg = Debug|Any CPU
		{6F7DE2F2-0542-4FF8-BDC7-0D238FC7AFAF}.Debug|Any CPU.Build.0 = Debug|Any CPU
		{6F7DE2F2-0542-4FF8-BDC7-0D238FC7AFAF}.Release|Any CPU.ActiveCfg = Release|Any CPU
		{6F7DE2F2-0542-4FF8-BDC7-0D238FC7AFAF}.Release|Any CPU.Build.0 = Release|Any CPU
		{3D9A8549-A7A8-4DF9-829E-AEAE7ECACACA}.Debug|Any CPU.ActiveCfg = Debug|Any CPU
		{3D9A8549-A7A8-4DF9-829E-AEAE7ECACACA}.Debug|Any CPU.Build.0 = Debug|Any CPU
		{3D9A8549-A7A8-4DF9-829E-AEAE7ECACACA}.Release|Any CPU.ActiveCfg = Release|Any CPU
		{3D9A8549-A7A8-4DF9-829E-AEAE7ECACACA}.Release|Any CPU.Build.0 = Release|Any CPU
		{70A2BD5D-B5E6-43DA-BBC1-32BDF2C33233}.Debug|Any CPU.ActiveCfg = Debug|Any CPU
		{70A2BD5D-B5E6-43DA-BBC1-32BDF2C33233}.Debug|Any CPU.Build.0 = Debug|Any CPU
		{70A2BD5D-B5E6-43DA-BBC1-32BDF2C33233}.Release|Any CPU.ActiveCfg = Release|Any CPU
		{70A2BD5D-B5E6-43DA-BBC1-32BDF2C33233}.Release|Any CPU.Build.0 = Release|Any CPU
		{D0984924-8F65-476E-A466-5E7972916D13}.Debug|Any CPU.ActiveCfg = Debug|Any CPU
		{D0984924-8F65-476E-A466-5E7972916D13}.Debug|Any CPU.Build.0 = Debug|Any CPU
		{D0984924-8F65-476E-A466-5E7972916D13}.Release|Any CPU.ActiveCfg = Release|Any CPU
		{D0984924-8F65-476E-A466-5E7972916D13}.Release|Any CPU.Build.0 = Release|Any CPU
		{2F8F5E75-7278-4DDC-AD49-5CEF4E14CA8C}.Debug|Any CPU.ActiveCfg = Debug|Any CPU
		{2F8F5E75-7278-4DDC-AD49-5CEF4E14CA8C}.Debug|Any CPU.Build.0 = Debug|Any CPU
		{2F8F5E75-7278-4DDC-AD49-5CEF4E14CA8C}.Release|Any CPU.ActiveCfg = Release|Any CPU
		{2F8F5E75-7278-4DDC-AD49-5CEF4E14CA8C}.Release|Any CPU.Build.0 = Release|Any CPU
		{F3891DCE-A41F-4ECB-A9E3-C46352DDDBD6}.Debug|Any CPU.ActiveCfg = Debug|Any CPU
		{F3891DCE-A41F-4ECB-A9E3-C46352DDDBD6}.Debug|Any CPU.Build.0 = Debug|Any CPU
		{F3891DCE-A41F-4ECB-A9E3-C46352DDDBD6}.Release|Any CPU.ActiveCfg = Release|Any CPU
		{F3891DCE-A41F-4ECB-A9E3-C46352DDDBD6}.Release|Any CPU.Build.0 = Release|Any CPU
		{2365054D-5A19-47B0-B682-14B3CEB4D849}.Debug|Any CPU.ActiveCfg = Debug|Any CPU
		{2365054D-5A19-47B0-B682-14B3CEB4D849}.Debug|Any CPU.Build.0 = Debug|Any CPU
		{2365054D-5A19-47B0-B682-14B3CEB4D849}.Release|Any CPU.ActiveCfg = Release|Any CPU
		{2365054D-5A19-47B0-B682-14B3CEB4D849}.Release|Any CPU.Build.0 = Release|Any CPU
		{9BF41B1B-558B-496A-9CE2-6D34199F6297}.Debug|Any CPU.ActiveCfg = Debug|Any CPU
		{9BF41B1B-558B-496A-9CE2-6D34199F6297}.Debug|Any CPU.Build.0 = Debug|Any CPU
		{9BF41B1B-558B-496A-9CE2-6D34199F6297}.Release|Any CPU.ActiveCfg = Release|Any CPU
		{9BF41B1B-558B-496A-9CE2-6D34199F6297}.Release|Any CPU.Build.0 = Release|Any CPU
	EndGlobalSection
	GlobalSection(SolutionProperties) = preSolution
		HideSolutionNode = FALSE
	EndGlobalSection
	GlobalSection(NestedProjects) = preSolution
		{3D9A8549-A7A8-4DF9-829E-AEAE7ECACACA} = {E8CA3A9A-F6FA-45F2-B145-A3B901D7679C}
		{D0984924-8F65-476E-A466-5E7972916D13} = {E8CA3A9A-F6FA-45F2-B145-A3B901D7679C}
		{2F8F5E75-7278-4DDC-AD49-5CEF4E14CA8C} = {E8CA3A9A-F6FA-45F2-B145-A3B901D7679C}
		{F3891DCE-A41F-4ECB-A9E3-C46352DDDBD6} = {E8CA3A9A-F6FA-45F2-B145-A3B901D7679C}
		{2365054D-5A19-47B0-B682-14B3CEB4D849} = {09EC4981-42E4-4D44-88D7-081B0A9CA839}
		{9BF41B1B-558B-496A-9CE2-6D34199F6297} = {E8CA3A9A-F6FA-45F2-B145-A3B901D7679C}
	EndGlobalSection
	GlobalSection(ExtensibilityGlobals) = postSolution
		SolutionGuid = {07AFC52B-BE13-4AF3-BDEE-FF9C77611397}
	EndGlobalSection
EndGlobal
