
Microsoft Visual Studio Solution File, Format Version 12.00
# Visual Studio 15
VisualStudioVersion = 15.0.27428.2005
MinimumVisualStudioVersion = 10.0.40219.1
Project("{FAE04EC0-301F-11D3-BF4B-00C04F79EFBC}") = "Zza.Data", "Zza.Data\Zza.Data.csproj", "{BB1E80DE-E6D1-4E29-BC2D-DB66B81163C5}"
EndProject
Project("{FAE04EC0-301F-11D3-BF4B-00C04F79EFBC}") = "NoDataBinding", "Zza.NoDataBinding\NoDataBinding.csproj", "{B4BAF275-1AAD-408E-AC04-1DBE32FD855E}"
EndProject
Project("{FAE04EC0-301F-11D3-BF4B-00C04F79EFBC}") = "DataBindingNoMVVM", "Zza.DataBindingNoMVVM\DataBindingNoMVVM.csproj", "{779EB058-1081-42C2-B065-9E3F67871443}"
EndProject
Project("{FAE04EC0-301F-11D3-BF4B-00C04F79EFBC}") = "SimpleMVVM", "Zza.SimpleMVVM\SimpleMVVM.csproj", "{828E6A6A-AFC7-4892-B645-75401D2790BD}"
EndProject
Project("{FAE04EC0-301F-11D3-BF4B-00C04F79EFBC}") = "Zza.Services", "Zza.Services\Zza.Services.csproj", "{59625046-D514-4311-A557-17B5F6292117}"
EndProject
Global
	GlobalSection(SolutionConfigurationPlatforms) = preSolution
		Debug|Any CPU = Debug|Any CPU
		Release|Any CPU = Release|Any CPU
	EndGlobalSection
	GlobalSection(ProjectConfigurationPlatforms) = postSolution
		{BB1E80DE-E6D1-4E29-BC2D-DB66B81163C5}.Debug|Any CPU.ActiveCfg = Debug|Any CPU
		{BB1E80DE-E6D1-4E29-BC2D-DB66B81163C5}.Debug|Any CPU.Build.0 = Debug|Any CPU
		{BB1E80DE-E6D1-4E29-BC2D-DB66B81163C5}.Release|Any CPU.ActiveCfg = Release|Any CPU
		{BB1E80DE-E6D1-4E29-BC2D-DB66B81163C5}.Release|Any CPU.Build.0 = Release|Any CPU
		{B4BAF275-1AAD-408E-AC04-1DBE32FD855E}.Debug|Any CPU.ActiveCfg = Debug|Any CPU
		{B4BAF275-1AAD-408E-AC04-1DBE32FD855E}.Debug|Any CPU.Build.0 = Debug|Any CPU
		{B4BAF275-1AAD-408E-AC04-1DBE32FD855E}.Release|Any CPU.ActiveCfg = Release|Any CPU
		{B4BAF275-1AAD-408E-AC04-1DBE32FD855E}.Release|Any CPU.Build.0 = Release|Any CPU
		{779EB058-1081-42C2-B065-9E3F67871443}.Debug|Any CPU.ActiveCfg = Debug|Any CPU
		{779EB058-1081-42C2-B065-9E3F67871443}.Debug|Any CPU.Build.0 = Debug|Any CPU
		{779EB058-1081-42C2-B065-9E3F67871443}.Release|Any CPU.ActiveCfg = Release|Any CPU
		{779EB058-1081-42C2-B065-9E3F67871443}.Release|Any CPU.Build.0 = Release|Any CPU
		{828E6A6A-AFC7-4892-B645-75401D2790BD}.Debug|Any CPU.ActiveCfg = Debug|Any CPU
		{828E6A6A-AFC7-4892-B645-75401D2790BD}.Debug|Any CPU.Build.0 = Debug|Any CPU
		{828E6A6A-AFC7-4892-B645-75401D2790BD}.Release|Any CPU.ActiveCfg = Release|Any CPU
		{828E6A6A-AFC7-4892-B645-75401D2790BD}.Release|Any CPU.Build.0 = Release|Any CPU
		{59625046-D514-4311-A557-17B5F6292117}.Debug|Any CPU.ActiveCfg = Debug|Any CPU
		{59625046-D514-4311-A557-17B5F6292117}.Debug|Any CPU.Build.0 = Debug|Any CPU
		{59625046-D514-4311-A557-17B5F6292117}.Release|Any CPU.ActiveCfg = Release|Any CPU
		{59625046-D514-4311-A557-17B5F6292117}.Release|Any CPU.Build.0 = Release|Any CPU
	EndGlobalSection
	GlobalSection(SolutionProperties) = preSolution
		HideSolutionNode = FALSE
	EndGlobalSection
	GlobalSection(ExtensibilityGlobals) = postSolution
		SolutionGuid = {36B83677-6AAC-46C1-B35B-38A170E6AB13}
	EndGlobalSection
EndGlobal
