
Microsoft Visual Studio Solution File, Format Version 12.00
# Visual Studio 15
VisualStudioVersion = 15.0.27004.2010
MinimumVisualStudioVersion = 10.0.40219.1
Project("{FAE04EC0-301F-11D3-BF4B-00C04F79EFBC}") = "MethodTooLongAnalyzer", "MethodTooLongAnalyzer\MethodTooLongAnalyzer\MethodTooLongAnalyzer.csproj", "{4718CC01-BF4F-45E1-B50C-AA14434B1493}"
EndProject
Project("{FAE04EC0-301F-11D3-BF4B-00C04F79EFBC}") = "MethodTooLongAnalyzer.Test", "MethodTooLongAnalyzer\MethodTooLongAnalyzer.Test\MethodTooLongAnalyzer.Test.csproj", "{56C4D1C5-A754-4C4E-935D-C2EC9ABC9C71}"
EndProject
Project("{FAE04EC0-301F-11D3-BF4B-00C04F79EFBC}") = "MethodTooLongAnalyzer.Vsix", "MethodTooLongAnalyzer\MethodTooLongAnalyzer.Vsix\MethodTooLongAnalyzer.Vsix.csproj", "{612040B5-0ACC-4519-8686-DF55D74E22B4}"
EndProject
Global
	GlobalSection(SolutionConfigurationPlatforms) = preSolution
		Debug|Any CPU = Debug|Any CPU
		Release|Any CPU = Release|Any CPU
	EndGlobalSection
	GlobalSection(ProjectConfigurationPlatforms) = postSolution
		{4718CC01-BF4F-45E1-B50C-AA14434B1493}.Debug|Any CPU.ActiveCfg = Debug|Any CPU
		{4718CC01-BF4F-45E1-B50C-AA14434B1493}.Debug|Any CPU.Build.0 = Debug|Any CPU
		{4718CC01-BF4F-45E1-B50C-AA14434B1493}.Release|Any CPU.ActiveCfg = Release|Any CPU
		{4718CC01-BF4F-45E1-B50C-AA14434B1493}.Release|Any CPU.Build.0 = Release|Any CPU
		{56C4D1C5-A754-4C4E-935D-C2EC9ABC9C71}.Debug|Any CPU.ActiveCfg = Debug|Any CPU
		{56C4D1C5-A754-4C4E-935D-C2EC9ABC9C71}.Debug|Any CPU.Build.0 = Debug|Any CPU
		{56C4D1C5-A754-4C4E-935D-C2EC9ABC9C71}.Release|Any CPU.ActiveCfg = Release|Any CPU
		{56C4D1C5-A754-4C4E-935D-C2EC9ABC9C71}.Release|Any CPU.Build.0 = Release|Any CPU
		{612040B5-0ACC-4519-8686-DF55D74E22B4}.Debug|Any CPU.ActiveCfg = Debug|Any CPU
		{612040B5-0ACC-4519-8686-DF55D74E22B4}.Debug|Any CPU.Build.0 = Debug|Any CPU
		{612040B5-0ACC-4519-8686-DF55D74E22B4}.Release|Any CPU.ActiveCfg = Release|Any CPU
		{612040B5-0ACC-4519-8686-DF55D74E22B4}.Release|Any CPU.Build.0 = Release|Any CPU
	EndGlobalSection
	GlobalSection(SolutionProperties) = preSolution
		HideSolutionNode = FALSE
	EndGlobalSection
	GlobalSection(ExtensibilityGlobals) = postSolution
		SolutionGuid = {2C0BFCAB-EA3F-4EF7-A242-EFD2FF0ACDEC}
	EndGlobalSection
EndGlobal
