
Microsoft Visual Studio Solution File, Format Version 12.00
# Visual Studio 15
VisualStudioVersion = 15.0.27004.2010
MinimumVisualStudioVersion = 10.0.40219.1
Project("{FAE04EC0-301F-11D3-BF4B-00C04F79EFBC}") = "VNCCodeCommandConsole", "VNCCodeCommandConsole\VNCCodeCommandConsole.csproj", "{AEB76DE9-F7D5-4ECB-9719-D608D14E2845}"
EndProject
Project("{00D1A9C2-B5F0-4AF3-8072-F6C62B433612}") = "VNC_DB", "..\Databases\VNC_DB\VNC_DB.sqlproj", "{0CF50996-B6C3-4C05-8D22-E7367625B1DB}"
EndProject
Project("{FAE04EC0-301F-11D3-BF4B-00C04F79EFBC}") = "VNC.CodeAnalysis", "..\VNC.CodeAnalysis\VNC.CodeAnalysis.csproj", "{9D21B031-3BFE-44B1-A622-D500230F90A7}"
EndProject
Project("{2150E333-8FDC-42A3-9474-1A3956D46DE8}") = "Solution Items", "Solution Items", "{D7188171-B81B-40A1-8B55-0F7C77E774D3}"
	ProjectSection(SolutionItems) = preProject
		..\..\..\temp\CodeCommandConsole_Config.xml = ..\..\..\temp\CodeCommandConsole_Config.xml
	EndProjectSection
EndProject
Project("{FAE04EC0-301F-11D3-BF4B-00C04F79EFBC}") = "VNC.XamlHelper", "..\VNC.XamlHelper\VNC.XamlHelper.csproj", "{D7A74541-04C0-4172-8F17-C30C06290274}"
EndProject
Global
	GlobalSection(SolutionConfigurationPlatforms) = preSolution
		Debug|Any CPU = Debug|Any CPU
		Debug|x86 = Debug|x86
		Release|Any CPU = Release|Any CPU
		Release|x86 = Release|x86
	EndGlobalSection
	GlobalSection(ProjectConfigurationPlatforms) = postSolution
		{AEB76DE9-F7D5-4ECB-9719-D608D14E2845}.Debug|Any CPU.ActiveCfg = Debug|Any CPU
		{AEB76DE9-F7D5-4ECB-9719-D608D14E2845}.Debug|Any CPU.Build.0 = Debug|Any CPU
		{AEB76DE9-F7D5-4ECB-9719-D608D14E2845}.Debug|x86.ActiveCfg = Debug|Any CPU
		{AEB76DE9-F7D5-4ECB-9719-D608D14E2845}.Debug|x86.Build.0 = Debug|Any CPU
		{AEB76DE9-F7D5-4ECB-9719-D608D14E2845}.Release|Any CPU.ActiveCfg = Release|Any CPU
		{AEB76DE9-F7D5-4ECB-9719-D608D14E2845}.Release|Any CPU.Build.0 = Release|Any CPU
		{AEB76DE9-F7D5-4ECB-9719-D608D14E2845}.Release|x86.ActiveCfg = Release|Any CPU
		{AEB76DE9-F7D5-4ECB-9719-D608D14E2845}.Release|x86.Build.0 = Release|Any CPU
		{0CF50996-B6C3-4C05-8D22-E7367625B1DB}.Debug|Any CPU.ActiveCfg = Debug|Any CPU
		{0CF50996-B6C3-4C05-8D22-E7367625B1DB}.Debug|Any CPU.Build.0 = Debug|Any CPU
		{0CF50996-B6C3-4C05-8D22-E7367625B1DB}.Debug|Any CPU.Deploy.0 = Debug|Any CPU
		{0CF50996-B6C3-4C05-8D22-E7367625B1DB}.Debug|x86.ActiveCfg = Debug|Any CPU
		{0CF50996-B6C3-4C05-8D22-E7367625B1DB}.Debug|x86.Build.0 = Debug|Any CPU
		{0CF50996-B6C3-4C05-8D22-E7367625B1DB}.Debug|x86.Deploy.0 = Debug|Any CPU
		{0CF50996-B6C3-4C05-8D22-E7367625B1DB}.Release|Any CPU.ActiveCfg = Release|Any CPU
		{0CF50996-B6C3-4C05-8D22-E7367625B1DB}.Release|Any CPU.Build.0 = Release|Any CPU
		{0CF50996-B6C3-4C05-8D22-E7367625B1DB}.Release|Any CPU.Deploy.0 = Release|Any CPU
		{0CF50996-B6C3-4C05-8D22-E7367625B1DB}.Release|x86.ActiveCfg = Release|Any CPU
		{0CF50996-B6C3-4C05-8D22-E7367625B1DB}.Release|x86.Build.0 = Release|Any CPU
		{0CF50996-B6C3-4C05-8D22-E7367625B1DB}.Release|x86.Deploy.0 = Release|Any CPU
		{9D21B031-3BFE-44B1-A622-D500230F90A7}.Debug|Any CPU.ActiveCfg = Debug|Any CPU
		{9D21B031-3BFE-44B1-A622-D500230F90A7}.Debug|Any CPU.Build.0 = Debug|Any CPU
		{9D21B031-3BFE-44B1-A622-D500230F90A7}.Debug|x86.ActiveCfg = Debug|Any CPU
		{9D21B031-3BFE-44B1-A622-D500230F90A7}.Debug|x86.Build.0 = Debug|Any CPU
		{9D21B031-3BFE-44B1-A622-D500230F90A7}.Release|Any CPU.ActiveCfg = Release|Any CPU
		{9D21B031-3BFE-44B1-A622-D500230F90A7}.Release|Any CPU.Build.0 = Release|Any CPU
		{9D21B031-3BFE-44B1-A622-D500230F90A7}.Release|x86.ActiveCfg = Release|Any CPU
		{9D21B031-3BFE-44B1-A622-D500230F90A7}.Release|x86.Build.0 = Release|Any CPU
		{D7A74541-04C0-4172-8F17-C30C06290274}.Debug|Any CPU.ActiveCfg = Debug|Any CPU
		{D7A74541-04C0-4172-8F17-C30C06290274}.Debug|Any CPU.Build.0 = Debug|Any CPU
		{D7A74541-04C0-4172-8F17-C30C06290274}.Debug|x86.ActiveCfg = Debug|Any CPU
		{D7A74541-04C0-4172-8F17-C30C06290274}.Debug|x86.Build.0 = Debug|Any CPU
		{D7A74541-04C0-4172-8F17-C30C06290274}.Release|Any CPU.ActiveCfg = Release|Any CPU
		{D7A74541-04C0-4172-8F17-C30C06290274}.Release|Any CPU.Build.0 = Release|Any CPU
		{D7A74541-04C0-4172-8F17-C30C06290274}.Release|x86.ActiveCfg = Release|Any CPU
		{D7A74541-04C0-4172-8F17-C30C06290274}.Release|x86.Build.0 = Release|Any CPU
	EndGlobalSection
	GlobalSection(SolutionProperties) = preSolution
		HideSolutionNode = FALSE
	EndGlobalSection
	GlobalSection(ExtensibilityGlobals) = postSolution
		SolutionGuid = {D55C885A-EFF6-45F3-AFA3-90D249C5F196}
	EndGlobalSection
EndGlobal
