
Microsoft Visual Studio Solution File, Format Version 12.00
# Visual Studio 15
VisualStudioVersion = 15.0.27703.2042
MinimumVisualStudioVersion = 10.0.40219.1
Project("{FAE04EC0-301F-11D3-BF4B-00C04F79EFBC}") = "WebApplication2", "WebApplication2\WebApplication2.csproj", "{63279023-CE6E-415A-9EC1-B3FE70E0E9CB}"
EndProject
Global
	GlobalSection(SolutionConfigurationPlatforms) = preSolution
		Debug|Any CPU = Debug|Any CPU
		Release|Any CPU = Release|Any CPU
	EndGlobalSection
	GlobalSection(ProjectConfigurationPlatforms) = postSolution
		{63279023-CE6E-415A-9EC1-B3FE70E0E9CB}.Debug|Any CPU.ActiveCfg = Debug|Any CPU
		{63279023-CE6E-415A-9EC1-B3FE70E0E9CB}.Debug|Any CPU.Build.0 = Debug|Any CPU
		{63279023-CE6E-415A-9EC1-B3FE70E0E9CB}.Release|Any CPU.ActiveCfg = Release|Any CPU
		{63279023-CE6E-415A-9EC1-B3FE70E0E9CB}.Release|Any CPU.Build.0 = Release|Any CPU
	EndGlobalSection
	GlobalSection(SolutionProperties) = preSolution
		HideSolutionNode = FALSE
	EndGlobalSection
	GlobalSection(ExtensibilityGlobals) = postSolution
		SolutionGuid = {DA8AF362-6D4A-4182-A08E-D02011B62F07}
	EndGlobalSection
EndGlobal
