
Microsoft Visual Studio Solution File, Format Version 12.00
# Visual Studio 15
VisualStudioVersion = 15.0.27428.2005
MinimumVisualStudioVersion = 10.0.40219.1
Project("{FAE04EC0-301F-11D3-BF4B-00C04F79EFBC}") = "PrismDemo", "PrismDemo\PrismDemo.csproj", "{EE9A40B0-AE8E-4E5F-9F8C-9FA1B866D6E1}"
EndProject
Project("{FAE04EC0-301F-11D3-BF4B-00C04F79EFBC}") = "Infrastructure", "Infrastructure\Infrastructure.csproj", "{55B3CC3E-3DFC-4FEA-A93F-F13667074D74}"
EndProject
Project("{2150E333-8FDC-42A3-9474-1A3956D46DE8}") = "Business", "Business", "{60F77F67-0175-4192-9F58-971336FF7305}"
EndProject
Project("{2150E333-8FDC-42A3-9474-1A3956D46DE8}") = "Modules", "Modules", "{E8CA3A9A-F6FA-45F2-B145-A3B901D7679C}"
EndProject
Project("{FAE04EC0-301F-11D3-BF4B-00C04F79EFBC}") = "PrismDemoDryLoc", "PrismDemoDryLoc\PrismDemoDryLoc.csproj", "{6F7DE2F2-0542-4FF8-BDC7-0D238FC7AFAF}"
EndProject
Project("{FAE04EC0-301F-11D3-BF4B-00C04F79EFBC}") = "ModuleA", "Modules\ModuleA\ModuleA.csproj", "{3D9A8549-A7A8-4DF9-829E-AEAE7ECACACA}"
EndProject
Project("{FAE04EC0-301F-11D3-BF4B-00C04F79EFBC}") = "PrismDemoRegisterModule", "PrismDemoRegisterModule\PrismDemoRegisterModule.csproj", "{70A2BD5D-B5E6-43DA-BBC1-32BDF2C33233}"
EndProject
Project("{FAE04EC0-301F-11D3-BF4B-00C04F79EFBC}") = "ModuleB", "Modules\ModuleB\ModuleB.csproj", "{D0984924-8F65-476E-A466-5E7972916D13}"
EndProject
Project("{FAE04EC0-301F-11D3-BF4B-00C04F79EFBC}") = "ModuleC", "Modules\ModuleC\ModuleC.csproj", "{2F8F5E75-7278-4DDC-AD49-5CEF4E14CA8C}"
EndProject
Project("{FAE04EC0-301F-11D3-BF4B-00C04F79EFBC}") = "ModuleD", "Modules\ModuleD\ModuleD.csproj", "{F3891DCE-A41F-4ECB-A9E3-C46352DDDBD6}"
EndProject
Project("{2150E333-8FDC-42A3-9474-1A3956D46DE8}") = "PrismDemo_Views", "PrismDemo_Views", "{09EC4981-42E4-4D44-88D7-081B0A9CA839}"
EndProject
Project("{FAE04EC0-301F-11D3-BF4B-00C04F79EFBC}") = "ModuleM", "Modules\ModuleM\ModuleM.csproj", "{9BF41B1B-558B-496A-9CE2-6D34199F6297}"
EndProject
Project("{2150E333-8FDC-42A3-9474-1A3956D46DE8}") = "PrismDemo_Communication", "PrismDemo_Communication", "{B8604062-BE4D-43F0-B875-08BCCA7213D2}"
EndProject
Project("{FAE04EC0-301F-11D3-BF4B-00C04F79EFBC}") = "People", "Modules\People\People.csproj", "{3C63D2A4-6280-47C5-B9B5-D42F7F2A6CD9}"
EndProject
Project("{FAE04EC0-301F-11D3-BF4B-00C04F79EFBC}") = "StatusBar", "Modules\StatusBar\StatusBar.csproj", "{4634726F-AD0A-4BC2-90DC-D45CBAAE7BCA}"
EndProject
Project("{FAE04EC0-301F-11D3-BF4B-00C04F79EFBC}") = "Toolbar", "Modules\Toolbar\Toolbar.csproj", "{A8003C7C-BDB7-4CE8-A934-0755EA19E9E1}"
EndProject
Project("{2150E333-8FDC-42A3-9474-1A3956D46DE8}") = "PrismDemo_Navigation", "PrismDemo_Navigation", "{0E139CCD-F226-4976-B9A1-E577F314AABD}"
EndProject
Project("{FAE04EC0-301F-11D3-BF4B-00C04F79EFBC}") = "ModuleSBN", "Modules\ModuleAS\ModuleSBN.csproj", "{B9B7C304-B100-4CB1-A489-E87E8B3D34D1}"
EndProject
Project("{2150E333-8FDC-42A3-9474-1A3956D46DE8}") = "Services", "Services", "{1DB69BA2-EA7E-4D2E-B157-E2F2A8B1E2E1}"
EndProject
Project("{FAE04EC0-301F-11D3-BF4B-00C04F79EFBC}") = "Services.PersonService", "Services\PersonService\Services.PersonService.csproj", "{A4214904-9716-44EC-A0CC-33DE4CEF7FD8}"
EndProject
Project("{FAE04EC0-301F-11D3-BF4B-00C04F79EFBC}") = "Services", "Modules\Services\Services.csproj", "{E06E56BC-45A7-4F1E-8E85-65F523E410D6}"
EndProject
Project("{FAE04EC0-301F-11D3-BF4B-00C04F79EFBC}") = "ModuleA1", "Modules\ModuleA1\ModuleA1.csproj", "{0B79451F-23FC-4143-885E-E264539626C8}"
EndProject
Project("{FAE04EC0-301F-11D3-BF4B-00C04F79EFBC}") = "ModuleB1", "Modules\ModuleB1\ModuleB1.csproj", "{5072F261-1419-4936-B62F-BF75316DB84B}"
EndProject
Project("{FAE04EC0-301F-11D3-BF4B-00C04F79EFBC}") = "PrismBlankApp1", "PrismBlankApp1\PrismBlankApp1.csproj", "{0AB76E86-65DC-458D-B142-AC2F887B5CAC}"
EndProject
Project("{FAE04EC0-301F-11D3-BF4B-00C04F79EFBC}") = "PrismDemo", "PrismDemo_Communication\PrismDemo.csproj", "{7D5A3495-1172-4B86-83C7-A43687809B4E}"
EndProject
Project("{FAE04EC0-301F-11D3-BF4B-00C04F79EFBC}") = "Business", "Business\Business.csproj", "{AE529EDE-3D2F-4A49-B0A1-81BC838008CB}"
EndProject
Project("{FAE04EC0-301F-11D3-BF4B-00C04F79EFBC}") = "PrismDemoStateBased", "PrismDemo_Navigation_StateBased\PrismDemoStateBased.csproj", "{22F5E157-9686-4B32-AA5E-7F8769C5D9B2}"
EndProject
Project("{FAE04EC0-301F-11D3-BF4B-00C04F79EFBC}") = "PrismDemoViewBased", "PrismDemo_Navigation_ViewBased\PrismDemoViewBased.csproj", "{68B2237F-250E-4703-A201-49054E33FF8E}"
EndProject
Project("{FAE04EC0-301F-11D3-BF4B-00C04F79EFBC}") = "PrismModuleTemplate", "PrismModuleTemplate\PrismModuleTemplate.csproj", "{EC20C487-70B7-44FD-8120-B45181AA4655}"
EndProject
Project("{2150E333-8FDC-42A3-9474-1A3956D46DE8}") = "PrismDemo_MultipleShells", "PrismDemo_MultipleShells", "{FB093E41-31D5-450C-ADEA-AF64C38878CF}"
EndProject
Project("{FAE04EC0-301F-11D3-BF4B-00C04F79EFBC}") = "PrismDemo", "PrismDemo_MultipleShells\PrismDemo.csproj", "{A2FEB580-000F-4B4D-9F8E-B448FBECE935}"
EndProject
Project("{FAE04EC0-301F-11D3-BF4B-00C04F79EFBC}") = "ModuleR", "Modules\ModuleR\ModuleR.csproj", "{DAD31717-29CC-4AC5-9DC3-BAD56B24D0C6}"
EndProject
Project("{FAE04EC0-301F-11D3-BF4B-00C04F79EFBC}") = "ModuleRMS", "Modules\ModuleRMS\ModuleRMS.csproj", "{76115621-78AF-429B-AF57-9778B87AFE85}"
EndProject
Project("{2150E333-8FDC-42A3-9474-1A3956D46DE8}") = "PrismDemo_ProblemsSolutions", "PrismDemo_ProblemsSolutions", "{608C002E-74DD-4EB3-807F-DB900BAA1C80}"
EndProject
Project("{2150E333-8FDC-42A3-9474-1A3956D46DE8}") = "PrismDemo_TabControl", "PrismDemo_TabControl", "{FB2BDD1D-46F4-408D-B71E-6BB4D321E890}"
EndProject
Project("{2150E333-8FDC-42A3-9474-1A3956D46DE8}") = "PrismDemo_UserRoles", "PrismDemo_UserRoles", "{404A6F28-BBF7-47FE-98A3-7D04F568B991}"
EndProject
Project("{FAE04EC0-301F-11D3-BF4B-00C04F79EFBC}") = "PrismDemo", "PrismDemo_ProblemsSolutions\PrismDemo.csproj", "{BED61C24-17BF-4EF7-B296-A75357B6CEE5}"
EndProject
Project("{FAE04EC0-301F-11D3-BF4B-00C04F79EFBC}") = "PrismDemo", "PrismDemo_Views\PrismDemo.csproj", "{2365054D-5A19-47B0-B682-14B3CEB4D849}"
EndProject
Project("{FAE04EC0-301F-11D3-BF4B-00C04F79EFBC}") = "ModuleRibbon", "Modules\ModuleRibbon\ModuleRibbon.csproj", "{CA1A50E4-3B3E-4E2A-B326-BC353590B1D9}"
EndProject
Project("{FAE04EC0-301F-11D3-BF4B-00C04F79EFBC}") = "PrismDemo.Core", "PrismDemo.Core\PrismDemo.Core.csproj", "{C4C64BDC-4ACA-499B-A05B-449293B40485}"
EndProject
Global
	GlobalSection(SolutionConfigurationPlatforms) = preSolution
		Debug|Any CPU = Debug|Any CPU
		Release|Any CPU = Release|Any CPU
	EndGlobalSection
	GlobalSection(ProjectConfigurationPlatforms) = postSolution
		{EE9A40B0-AE8E-4E5F-9F8C-9FA1B866D6E1}.Debug|Any CPU.ActiveCfg = Debug|Any CPU
		{EE9A40B0-AE8E-4E5F-9F8C-9FA1B866D6E1}.Debug|Any CPU.Build.0 = Debug|Any CPU
		{EE9A40B0-AE8E-4E5F-9F8C-9FA1B866D6E1}.Release|Any CPU.ActiveCfg = Release|Any CPU
		{EE9A40B0-AE8E-4E5F-9F8C-9FA1B866D6E1}.Release|Any CPU.Build.0 = Release|Any CPU
		{55B3CC3E-3DFC-4FEA-A93F-F13667074D74}.Debug|Any CPU.ActiveCfg = Debug|Any CPU
		{55B3CC3E-3DFC-4FEA-A93F-F13667074D74}.Debug|Any CPU.Build.0 = Debug|Any CPU
		{55B3CC3E-3DFC-4FEA-A93F-F13667074D74}.Release|Any CPU.ActiveCfg = Release|Any CPU
		{55B3CC3E-3DFC-4FEA-A93F-F13667074D74}.Release|Any CPU.Build.0 = Release|Any CPU
		{6F7DE2F2-0542-4FF8-BDC7-0D238FC7AFAF}.Debug|Any CPU.ActiveCfg = Debug|Any CPU
		{6F7DE2F2-0542-4FF8-BDC7-0D238FC7AFAF}.Debug|Any CPU.Build.0 = Debug|Any CPU
		{6F7DE2F2-0542-4FF8-BDC7-0D238FC7AFAF}.Release|Any CPU.ActiveCfg = Release|Any CPU
		{6F7DE2F2-0542-4FF8-BDC7-0D238FC7AFAF}.Release|Any CPU.Build.0 = Release|Any CPU
		{3D9A8549-A7A8-4DF9-829E-AEAE7ECACACA}.Debug|Any CPU.ActiveCfg = Debug|Any CPU
		{3D9A8549-A7A8-4DF9-829E-AEAE7ECACACA}.Debug|Any CPU.Build.0 = Debug|Any CPU
		{3D9A8549-A7A8-4DF9-829E-AEAE7ECACACA}.Release|Any CPU.ActiveCfg = Release|Any CPU
		{3D9A8549-A7A8-4DF9-829E-AEAE7ECACACA}.Release|Any CPU.Build.0 = Release|Any CPU
		{70A2BD5D-B5E6-43DA-BBC1-32BDF2C33233}.Debug|Any CPU.ActiveCfg = Debug|Any CPU
		{70A2BD5D-B5E6-43DA-BBC1-32BDF2C33233}.Debug|Any CPU.Build.0 = Debug|Any CPU
		{70A2BD5D-B5E6-43DA-BBC1-32BDF2C33233}.Release|Any CPU.ActiveCfg = Release|Any CPU
		{70A2BD5D-B5E6-43DA-BBC1-32BDF2C33233}.Release|Any CPU.Build.0 = Release|Any CPU
		{D0984924-8F65-476E-A466-5E7972916D13}.Debug|Any CPU.ActiveCfg = Debug|Any CPU
		{D0984924-8F65-476E-A466-5E7972916D13}.Debug|Any CPU.Build.0 = Debug|Any CPU
		{D0984924-8F65-476E-A466-5E7972916D13}.Release|Any CPU.ActiveCfg = Release|Any CPU
		{D0984924-8F65-476E-A466-5E7972916D13}.Release|Any CPU.Build.0 = Release|Any CPU
		{2F8F5E75-7278-4DDC-AD49-5CEF4E14CA8C}.Debug|Any CPU.ActiveCfg = Debug|Any CPU
		{2F8F5E75-7278-4DDC-AD49-5CEF4E14CA8C}.Debug|Any CPU.Build.0 = Debug|Any CPU
		{2F8F5E75-7278-4DDC-AD49-5CEF4E14CA8C}.Release|Any CPU.ActiveCfg = Release|Any CPU
		{2F8F5E75-7278-4DDC-AD49-5CEF4E14CA8C}.Release|Any CPU.Build.0 = Release|Any CPU
		{F3891DCE-A41F-4ECB-A9E3-C46352DDDBD6}.Debug|Any CPU.ActiveCfg = Debug|Any CPU
		{F3891DCE-A41F-4ECB-A9E3-C46352DDDBD6}.Debug|Any CPU.Build.0 = Debug|Any CPU
		{F3891DCE-A41F-4ECB-A9E3-C46352DDDBD6}.Release|Any CPU.ActiveCfg = Release|Any CPU
		{F3891DCE-A41F-4ECB-A9E3-C46352DDDBD6}.Release|Any CPU.Build.0 = Release|Any CPU
		{9BF41B1B-558B-496A-9CE2-6D34199F6297}.Debug|Any CPU.ActiveCfg = Debug|Any CPU
		{9BF41B1B-558B-496A-9CE2-6D34199F6297}.Debug|Any CPU.Build.0 = Debug|Any CPU
		{9BF41B1B-558B-496A-9CE2-6D34199F6297}.Release|Any CPU.ActiveCfg = Release|Any CPU
		{9BF41B1B-558B-496A-9CE2-6D34199F6297}.Release|Any CPU.Build.0 = Release|Any CPU
		{3C63D2A4-6280-47C5-B9B5-D42F7F2A6CD9}.Debug|Any CPU.ActiveCfg = Debug|Any CPU
		{3C63D2A4-6280-47C5-B9B5-D42F7F2A6CD9}.Debug|Any CPU.Build.0 = Debug|Any CPU
		{3C63D2A4-6280-47C5-B9B5-D42F7F2A6CD9}.Release|Any CPU.ActiveCfg = Release|Any CPU
		{3C63D2A4-6280-47C5-B9B5-D42F7F2A6CD9}.Release|Any CPU.Build.0 = Release|Any CPU
		{4634726F-AD0A-4BC2-90DC-D45CBAAE7BCA}.Debug|Any CPU.ActiveCfg = Debug|Any CPU
		{4634726F-AD0A-4BC2-90DC-D45CBAAE7BCA}.Debug|Any CPU.Build.0 = Debug|Any CPU
		{4634726F-AD0A-4BC2-90DC-D45CBAAE7BCA}.Release|Any CPU.ActiveCfg = Release|Any CPU
		{4634726F-AD0A-4BC2-90DC-D45CBAAE7BCA}.Release|Any CPU.Build.0 = Release|Any CPU
		{A8003C7C-BDB7-4CE8-A934-0755EA19E9E1}.Debug|Any CPU.ActiveCfg = Debug|Any CPU
		{A8003C7C-BDB7-4CE8-A934-0755EA19E9E1}.Debug|Any CPU.Build.0 = Debug|Any CPU
		{A8003C7C-BDB7-4CE8-A934-0755EA19E9E1}.Release|Any CPU.ActiveCfg = Release|Any CPU
		{A8003C7C-BDB7-4CE8-A934-0755EA19E9E1}.Release|Any CPU.Build.0 = Release|Any CPU
		{B9B7C304-B100-4CB1-A489-E87E8B3D34D1}.Debug|Any CPU.ActiveCfg = Debug|Any CPU
		{B9B7C304-B100-4CB1-A489-E87E8B3D34D1}.Debug|Any CPU.Build.0 = Debug|Any CPU
		{B9B7C304-B100-4CB1-A489-E87E8B3D34D1}.Release|Any CPU.ActiveCfg = Release|Any CPU
		{B9B7C304-B100-4CB1-A489-E87E8B3D34D1}.Release|Any CPU.Build.0 = Release|Any CPU
		{A4214904-9716-44EC-A0CC-33DE4CEF7FD8}.Debug|Any CPU.ActiveCfg = Debug|Any CPU
		{A4214904-9716-44EC-A0CC-33DE4CEF7FD8}.Debug|Any CPU.Build.0 = Debug|Any CPU
		{A4214904-9716-44EC-A0CC-33DE4CEF7FD8}.Release|Any CPU.ActiveCfg = Release|Any CPU
		{A4214904-9716-44EC-A0CC-33DE4CEF7FD8}.Release|Any CPU.Build.0 = Release|Any CPU
		{E06E56BC-45A7-4F1E-8E85-65F523E410D6}.Debug|Any CPU.ActiveCfg = Debug|Any CPU
		{E06E56BC-45A7-4F1E-8E85-65F523E410D6}.Debug|Any CPU.Build.0 = Debug|Any CPU
		{E06E56BC-45A7-4F1E-8E85-65F523E410D6}.Release|Any CPU.ActiveCfg = Release|Any CPU
		{E06E56BC-45A7-4F1E-8E85-65F523E410D6}.Release|Any CPU.Build.0 = Release|Any CPU
		{0B79451F-23FC-4143-885E-E264539626C8}.Debug|Any CPU.ActiveCfg = Debug|Any CPU
		{0B79451F-23FC-4143-885E-E264539626C8}.Debug|Any CPU.Build.0 = Debug|Any CPU
		{0B79451F-23FC-4143-885E-E264539626C8}.Release|Any CPU.ActiveCfg = Release|Any CPU
		{0B79451F-23FC-4143-885E-E264539626C8}.Release|Any CPU.Build.0 = Release|Any CPU
		{5072F261-1419-4936-B62F-BF75316DB84B}.Debug|Any CPU.ActiveCfg = Debug|Any CPU
		{5072F261-1419-4936-B62F-BF75316DB84B}.Debug|Any CPU.Build.0 = Debug|Any CPU
		{5072F261-1419-4936-B62F-BF75316DB84B}.Release|Any CPU.ActiveCfg = Release|Any CPU
		{5072F261-1419-4936-B62F-BF75316DB84B}.Release|Any CPU.Build.0 = Release|Any CPU
		{0AB76E86-65DC-458D-B142-AC2F887B5CAC}.Debug|Any CPU.ActiveCfg = Debug|Any CPU
		{0AB76E86-65DC-458D-B142-AC2F887B5CAC}.Debug|Any CPU.Build.0 = Debug|Any CPU
		{0AB76E86-65DC-458D-B142-AC2F887B5CAC}.Release|Any CPU.ActiveCfg = Release|Any CPU
		{0AB76E86-65DC-458D-B142-AC2F887B5CAC}.Release|Any CPU.Build.0 = Release|Any CPU
		{7D5A3495-1172-4B86-83C7-A43687809B4E}.Debug|Any CPU.ActiveCfg = Debug|Any CPU
		{7D5A3495-1172-4B86-83C7-A43687809B4E}.Debug|Any CPU.Build.0 = Debug|Any CPU
		{7D5A3495-1172-4B86-83C7-A43687809B4E}.Release|Any CPU.ActiveCfg = Release|Any CPU
		{7D5A3495-1172-4B86-83C7-A43687809B4E}.Release|Any CPU.Build.0 = Release|Any CPU
		{AE529EDE-3D2F-4A49-B0A1-81BC838008CB}.Debug|Any CPU.ActiveCfg = Debug|Any CPU
		{AE529EDE-3D2F-4A49-B0A1-81BC838008CB}.Debug|Any CPU.Build.0 = Debug|Any CPU
		{AE529EDE-3D2F-4A49-B0A1-81BC838008CB}.Release|Any CPU.ActiveCfg = Release|Any CPU
		{AE529EDE-3D2F-4A49-B0A1-81BC838008CB}.Release|Any CPU.Build.0 = Release|Any CPU
		{22F5E157-9686-4B32-AA5E-7F8769C5D9B2}.Debug|Any CPU.ActiveCfg = Debug|Any CPU
		{22F5E157-9686-4B32-AA5E-7F8769C5D9B2}.Debug|Any CPU.Build.0 = Debug|Any CPU
		{22F5E157-9686-4B32-AA5E-7F8769C5D9B2}.Release|Any CPU.ActiveCfg = Release|Any CPU
		{22F5E157-9686-4B32-AA5E-7F8769C5D9B2}.Release|Any CPU.Build.0 = Release|Any CPU
		{68B2237F-250E-4703-A201-49054E33FF8E}.Debug|Any CPU.ActiveCfg = Debug|Any CPU
		{68B2237F-250E-4703-A201-49054E33FF8E}.Debug|Any CPU.Build.0 = Debug|Any CPU
		{68B2237F-250E-4703-A201-49054E33FF8E}.Release|Any CPU.ActiveCfg = Release|Any CPU
		{68B2237F-250E-4703-A201-49054E33FF8E}.Release|Any CPU.Build.0 = Release|Any CPU
		{EC20C487-70B7-44FD-8120-B45181AA4655}.Debug|Any CPU.ActiveCfg = Debug|Any CPU
		{EC20C487-70B7-44FD-8120-B45181AA4655}.Debug|Any CPU.Build.0 = Debug|Any CPU
		{EC20C487-70B7-44FD-8120-B45181AA4655}.Release|Any CPU.ActiveCfg = Release|Any CPU
		{EC20C487-70B7-44FD-8120-B45181AA4655}.Release|Any CPU.Build.0 = Release|Any CPU
		{A2FEB580-000F-4B4D-9F8E-B448FBECE935}.Debug|Any CPU.ActiveCfg = Debug|Any CPU
		{A2FEB580-000F-4B4D-9F8E-B448FBECE935}.Debug|Any CPU.Build.0 = Debug|Any CPU
		{A2FEB580-000F-4B4D-9F8E-B448FBECE935}.Release|Any CPU.ActiveCfg = Release|Any CPU
		{A2FEB580-000F-4B4D-9F8E-B448FBECE935}.Release|Any CPU.Build.0 = Release|Any CPU
		{DAD31717-29CC-4AC5-9DC3-BAD56B24D0C6}.Debug|Any CPU.ActiveCfg = Debug|Any CPU
		{DAD31717-29CC-4AC5-9DC3-BAD56B24D0C6}.Debug|Any CPU.Build.0 = Debug|Any CPU
		{DAD31717-29CC-4AC5-9DC3-BAD56B24D0C6}.Release|Any CPU.ActiveCfg = Release|Any CPU
		{DAD31717-29CC-4AC5-9DC3-BAD56B24D0C6}.Release|Any CPU.Build.0 = Release|Any CPU
		{76115621-78AF-429B-AF57-9778B87AFE85}.Debug|Any CPU.ActiveCfg = Debug|Any CPU
		{76115621-78AF-429B-AF57-9778B87AFE85}.Debug|Any CPU.Build.0 = Debug|Any CPU
		{76115621-78AF-429B-AF57-9778B87AFE85}.Release|Any CPU.ActiveCfg = Release|Any CPU
		{76115621-78AF-429B-AF57-9778B87AFE85}.Release|Any CPU.Build.0 = Release|Any CPU
		{BED61C24-17BF-4EF7-B296-A75357B6CEE5}.Debug|Any CPU.ActiveCfg = Debug|Any CPU
		{BED61C24-17BF-4EF7-B296-A75357B6CEE5}.Debug|Any CPU.Build.0 = Debug|Any CPU
		{BED61C24-17BF-4EF7-B296-A75357B6CEE5}.Release|Any CPU.ActiveCfg = Release|Any CPU
		{BED61C24-17BF-4EF7-B296-A75357B6CEE5}.Release|Any CPU.Build.0 = Release|Any CPU
		{2365054D-5A19-47B0-B682-14B3CEB4D849}.Debug|Any CPU.ActiveCfg = Debug|Any CPU
		{2365054D-5A19-47B0-B682-14B3CEB4D849}.Debug|Any CPU.Build.0 = Debug|Any CPU
		{2365054D-5A19-47B0-B682-14B3CEB4D849}.Release|Any CPU.ActiveCfg = Release|Any CPU
		{2365054D-5A19-47B0-B682-14B3CEB4D849}.Release|Any CPU.Build.0 = Release|Any CPU
		{CA1A50E4-3B3E-4E2A-B326-BC353590B1D9}.Debug|Any CPU.ActiveCfg = Debug|Any CPU
		{CA1A50E4-3B3E-4E2A-B326-BC353590B1D9}.Debug|Any CPU.Build.0 = Debug|Any CPU
		{CA1A50E4-3B3E-4E2A-B326-BC353590B1D9}.Release|Any CPU.ActiveCfg = Release|Any CPU
		{CA1A50E4-3B3E-4E2A-B326-BC353590B1D9}.Release|Any CPU.Build.0 = Release|Any CPU
		{C4C64BDC-4ACA-499B-A05B-449293B40485}.Debug|Any CPU.ActiveCfg = Debug|Any CPU
		{C4C64BDC-4ACA-499B-A05B-449293B40485}.Debug|Any CPU.Build.0 = Debug|Any CPU
		{C4C64BDC-4ACA-499B-A05B-449293B40485}.Release|Any CPU.ActiveCfg = Release|Any CPU
		{C4C64BDC-4ACA-499B-A05B-449293B40485}.Release|Any CPU.Build.0 = Release|Any CPU
	EndGlobalSection
	GlobalSection(SolutionProperties) = preSolution
		HideSolutionNode = FALSE
	EndGlobalSection
	GlobalSection(NestedProjects) = preSolution
		{3D9A8549-A7A8-4DF9-829E-AEAE7ECACACA} = {E8CA3A9A-F6FA-45F2-B145-A3B901D7679C}
		{D0984924-8F65-476E-A466-5E7972916D13} = {E8CA3A9A-F6FA-45F2-B145-A3B901D7679C}
		{2F8F5E75-7278-4DDC-AD49-5CEF4E14CA8C} = {E8CA3A9A-F6FA-45F2-B145-A3B901D7679C}
		{F3891DCE-A41F-4ECB-A9E3-C46352DDDBD6} = {E8CA3A9A-F6FA-45F2-B145-A3B901D7679C}
		{9BF41B1B-558B-496A-9CE2-6D34199F6297} = {E8CA3A9A-F6FA-45F2-B145-A3B901D7679C}
		{3C63D2A4-6280-47C5-B9B5-D42F7F2A6CD9} = {E8CA3A9A-F6FA-45F2-B145-A3B901D7679C}
		{4634726F-AD0A-4BC2-90DC-D45CBAAE7BCA} = {E8CA3A9A-F6FA-45F2-B145-A3B901D7679C}
		{A8003C7C-BDB7-4CE8-A934-0755EA19E9E1} = {E8CA3A9A-F6FA-45F2-B145-A3B901D7679C}
		{B9B7C304-B100-4CB1-A489-E87E8B3D34D1} = {E8CA3A9A-F6FA-45F2-B145-A3B901D7679C}
		{A4214904-9716-44EC-A0CC-33DE4CEF7FD8} = {1DB69BA2-EA7E-4D2E-B157-E2F2A8B1E2E1}
		{E06E56BC-45A7-4F1E-8E85-65F523E410D6} = {E8CA3A9A-F6FA-45F2-B145-A3B901D7679C}
		{0B79451F-23FC-4143-885E-E264539626C8} = {E8CA3A9A-F6FA-45F2-B145-A3B901D7679C}
		{5072F261-1419-4936-B62F-BF75316DB84B} = {E8CA3A9A-F6FA-45F2-B145-A3B901D7679C}
		{7D5A3495-1172-4B86-83C7-A43687809B4E} = {B8604062-BE4D-43F0-B875-08BCCA7213D2}
		{AE529EDE-3D2F-4A49-B0A1-81BC838008CB} = {60F77F67-0175-4192-9F58-971336FF7305}
		{22F5E157-9686-4B32-AA5E-7F8769C5D9B2} = {0E139CCD-F226-4976-B9A1-E577F314AABD}
		{68B2237F-250E-4703-A201-49054E33FF8E} = {0E139CCD-F226-4976-B9A1-E577F314AABD}
		{EC20C487-70B7-44FD-8120-B45181AA4655} = {E8CA3A9A-F6FA-45F2-B145-A3B901D7679C}
		{A2FEB580-000F-4B4D-9F8E-B448FBECE935} = {FB093E41-31D5-450C-ADEA-AF64C38878CF}
		{DAD31717-29CC-4AC5-9DC3-BAD56B24D0C6} = {E8CA3A9A-F6FA-45F2-B145-A3B901D7679C}
		{76115621-78AF-429B-AF57-9778B87AFE85} = {E8CA3A9A-F6FA-45F2-B145-A3B901D7679C}
		{BED61C24-17BF-4EF7-B296-A75357B6CEE5} = {608C002E-74DD-4EB3-807F-DB900BAA1C80}
		{2365054D-5A19-47B0-B682-14B3CEB4D849} = {09EC4981-42E4-4D44-88D7-081B0A9CA839}
		{CA1A50E4-3B3E-4E2A-B326-BC353590B1D9} = {E8CA3A9A-F6FA-45F2-B145-A3B901D7679C}
		{C4C64BDC-4ACA-499B-A05B-449293B40485} = {608C002E-74DD-4EB3-807F-DB900BAA1C80}
	EndGlobalSection
	GlobalSection(ExtensibilityGlobals) = postSolution
		SolutionGuid = {07AFC52B-BE13-4AF3-BDEE-FF9C77611397}
	EndGlobalSection
EndGlobal
