
Microsoft Visual Studio Solution File, Format Version 12.00
# Visual Studio 15
VisualStudioVersion = 15.0.28010.2003
MinimumVisualStudioVersion = 10.0.40219.1
Project("{FAE04EC0-301F-11D3-BF4B-00C04F79EFBC}") = "VNCExploreConsole", "VNCExploreConsole\VNCExploreConsole.csproj", "{DBC7E04D-C789-45BD-92AD-2ABFEAA374DC}"
EndProject
Project("{2150E333-8FDC-42A3-9474-1A3956D46DE8}") = "Infrastructure", "Infrastructure", "{73CD8801-9BEF-4549-A30F-F45A8C190F6E}"
EndProject
Project("{FAE04EC0-301F-11D3-BF4B-00C04F79EFBC}") = "Infrastructure", "Infrastructure\Infrastructure.csproj", "{4B1B862B-AA00-48A1-B806-424689173863}"
EndProject
Project("{2150E333-8FDC-42A3-9474-1A3956D46DE8}") = "Data", "Data", "{B8E9A6FD-8E6F-4EB3-BED7-589C3E53F06D}"
EndProject
Project("{2150E333-8FDC-42A3-9474-1A3956D46DE8}") = "Domain", "Domain", "{2186C702-7914-4B36-B49D-9C0ED5F502E1}"
EndProject
Project("{2150E333-8FDC-42A3-9474-1A3956D46DE8}") = "Modules", "Modules", "{B6E0F8EE-8461-43D8-8CF8-DCDC466986D6}"
EndProject
Project("{2150E333-8FDC-42A3-9474-1A3956D46DE8}") = "Repositories", "Repositories", "{8C269ABA-8CD4-4803-8DB5-770E5F30214D}"
EndProject
Project("{2150E333-8FDC-42A3-9474-1A3956D46DE8}") = "Services", "Services", "{CC669D7A-765F-4B8C-A5A9-B653CD4A09F7}"
EndProject
Project("{FAE04EC0-301F-11D3-BF4B-00C04F79EFBC}") = "PeopleViewer.SharedObjects", "Domain\PeopleViewer.SharedObjects\PeopleViewer.SharedObjects.csproj", "{B557CD54-35F3-4003-A6EE-CF1F3EDFA76E}"
EndProject
Project("{FAE04EC0-301F-11D3-BF4B-00C04F79EFBC}") = "ModuleA", "Modules\ModuleA\ModuleA.csproj", "{3D9A8549-A7A8-4DF9-829E-AEAE7ECACACA}"
EndProject
Project("{FAE04EC0-301F-11D3-BF4B-00C04F79EFBC}") = "PeopleViewerDI", "Modules\PeopleViewerDI\PeopleViewerDI.csproj", "{3104F414-EC1F-415B-BC49-C72ABDC0E529}"
EndProject
Project("{FAE04EC0-301F-11D3-BF4B-00C04F79EFBC}") = "PeopleViewerLooseCoupling", "Modules\PeopleViewerLooseCoupling\PeopleViewerLooseCoupling.csproj", "{7759CD68-76B5-48FB-8427-086C54968A29}"
EndProject
Project("{FAE04EC0-301F-11D3-BF4B-00C04F79EFBC}") = "PeopleViewerTightCoupling", "Modules\PeopleViewerTightCoupling\PeopleViewerTightCoupling.csproj", "{BD4A192E-C418-4FB6-8499-1FBD5BD7C4BA}"
EndProject
Project("{FAE04EC0-301F-11D3-BF4B-00C04F79EFBC}") = "PersonRepository.CachingDecorator", "Repositories\PersonRepository.CachingDecorator\PersonRepository.CachingDecorator.csproj", "{898C1EA9-324B-48CE-917B-053C842EA0A0}"
EndProject
Project("{FAE04EC0-301F-11D3-BF4B-00C04F79EFBC}") = "PersonRepository.CSV", "Repositories\PersonRepository.CSV\PersonRepository.CSV.csproj", "{22D242EB-8113-49E3-8CC9-03A41E3B185E}"
EndProject
Project("{FAE04EC0-301F-11D3-BF4B-00C04F79EFBC}") = "PersonRepository.Interface", "Repositories\PersonRepository.Interface\PersonRepository.Interface.csproj", "{7740BF98-CCC7-4A90-8147-C982AEF8C47A}"
EndProject
Project("{FAE04EC0-301F-11D3-BF4B-00C04F79EFBC}") = "PersonRepository.Service", "Repositories\PersonRepository.Service\PersonRepository.Service.csproj", "{8EBA64E3-198D-4456-B9BF-D7EF9BD2CBCE}"
EndProject
Project("{FAE04EC0-301F-11D3-BF4B-00C04F79EFBC}") = "PersonRepository.SQL", "Repositories\PersonRepository.SQL\PersonRepository.SQL.csproj", "{003702D8-E922-4539-80D4-15AAB22FF29D}"
EndProject
Project("{FAE04EC0-301F-11D3-BF4B-00C04F79EFBC}") = "People.Service", "Services\People.Service\People.Service.csproj", "{5FE8AD75-B070-4A7F-9587-C40EE51BDD44}"
EndProject
Project("{2150E333-8FDC-42A3-9474-1A3956D46DE8}") = "Views", "Views", "{28AEA818-4FB5-49D1-B19B-0A9B0C85D5AC}"
EndProject
Project("{2150E333-8FDC-42A3-9474-1A3956D46DE8}") = "Presentations", "Presentations", "{0BE69FBD-4901-4397-9AE5-949FDEB31D8B}"
EndProject
Project("{FAE04EC0-301F-11D3-BF4B-00C04F79EFBC}") = "PeopleViewer.Presentation", "Presentations\PeopleViewer.Presentation\PeopleViewer.Presentation.csproj", "{25A262B7-9146-4EE3-8D2F-321172A03BD2}"
EndProject
Project("{FAE04EC0-301F-11D3-BF4B-00C04F79EFBC}") = "PeopleViewer", "Views\PeopleViewer\PeopleViewer.csproj", "{08719960-A23E-4481-A512-F2097957F096}"
EndProject
Project("{FAE04EC0-301F-11D3-BF4B-00C04F79EFBC}") = "ModuleB", "Modules\ModuleB\ModuleB.csproj", "{D0984924-8F65-476E-A466-5E7972916D13}"
EndProject
Project("{FAE04EC0-301F-11D3-BF4B-00C04F79EFBC}") = "ModuleC", "Modules\ModuleC\ModuleC.csproj", "{2F8F5E75-7278-4DDC-AD49-5CEF4E14CA8C}"
EndProject
Project("{FAE04EC0-301F-11D3-BF4B-00C04F79EFBC}") = "ModuleD", "Modules\ModuleD\ModuleD.csproj", "{F3891DCE-A41F-4ECB-A9E3-C46352DDDBD6}"
EndProject
Project("{FAE04EC0-301F-11D3-BF4B-00C04F79EFBC}") = "SimpleView", "Modules\SimpleView\SimpleView.csproj", "{9BF41B1B-558B-496A-9CE2-6D34199F6297}"
EndProject
Project("{FAE04EC0-301F-11D3-BF4B-00C04F79EFBC}") = "MVVMViewModel1st", "Modules\MVVMModel1st\MVVMViewModel1st.csproj", "{FEA74CF7-4543-4DB6-86AE-6608E923DAF0}"
EndProject
Project("{FAE04EC0-301F-11D3-BF4B-00C04F79EFBC}") = "MVVMView1st", "Modules\MVVMView1st\MVVMView1st.csproj", "{A2404EC3-1F6B-4D4F-8E24-9119D8CBDE20}"
EndProject
Global
	GlobalSection(SolutionConfigurationPlatforms) = preSolution
		Debug|Any CPU = Debug|Any CPU
		Release|Any CPU = Release|Any CPU
	EndGlobalSection
	GlobalSection(ProjectConfigurationPlatforms) = postSolution
		{DBC7E04D-C789-45BD-92AD-2ABFEAA374DC}.Debug|Any CPU.ActiveCfg = Debug|Any CPU
		{DBC7E04D-C789-45BD-92AD-2ABFEAA374DC}.Debug|Any CPU.Build.0 = Debug|Any CPU
		{DBC7E04D-C789-45BD-92AD-2ABFEAA374DC}.Release|Any CPU.ActiveCfg = Release|Any CPU
		{DBC7E04D-C789-45BD-92AD-2ABFEAA374DC}.Release|Any CPU.Build.0 = Release|Any CPU
		{4B1B862B-AA00-48A1-B806-424689173863}.Debug|Any CPU.ActiveCfg = Debug|Any CPU
		{4B1B862B-AA00-48A1-B806-424689173863}.Debug|Any CPU.Build.0 = Debug|Any CPU
		{4B1B862B-AA00-48A1-B806-424689173863}.Release|Any CPU.ActiveCfg = Release|Any CPU
		{4B1B862B-AA00-48A1-B806-424689173863}.Release|Any CPU.Build.0 = Release|Any CPU
		{B557CD54-35F3-4003-A6EE-CF1F3EDFA76E}.Debug|Any CPU.ActiveCfg = Debug|Any CPU
		{B557CD54-35F3-4003-A6EE-CF1F3EDFA76E}.Debug|Any CPU.Build.0 = Debug|Any CPU
		{B557CD54-35F3-4003-A6EE-CF1F3EDFA76E}.Release|Any CPU.ActiveCfg = Release|Any CPU
		{B557CD54-35F3-4003-A6EE-CF1F3EDFA76E}.Release|Any CPU.Build.0 = Release|Any CPU
		{3D9A8549-A7A8-4DF9-829E-AEAE7ECACACA}.Debug|Any CPU.ActiveCfg = Debug|Any CPU
		{3D9A8549-A7A8-4DF9-829E-AEAE7ECACACA}.Debug|Any CPU.Build.0 = Debug|Any CPU
		{3D9A8549-A7A8-4DF9-829E-AEAE7ECACACA}.Release|Any CPU.ActiveCfg = Release|Any CPU
		{3D9A8549-A7A8-4DF9-829E-AEAE7ECACACA}.Release|Any CPU.Build.0 = Release|Any CPU
		{3104F414-EC1F-415B-BC49-C72ABDC0E529}.Debug|Any CPU.ActiveCfg = Debug|Any CPU
		{3104F414-EC1F-415B-BC49-C72ABDC0E529}.Debug|Any CPU.Build.0 = Debug|Any CPU
		{3104F414-EC1F-415B-BC49-C72ABDC0E529}.Release|Any CPU.ActiveCfg = Release|Any CPU
		{3104F414-EC1F-415B-BC49-C72ABDC0E529}.Release|Any CPU.Build.0 = Release|Any CPU
		{7759CD68-76B5-48FB-8427-086C54968A29}.Debug|Any CPU.ActiveCfg = Debug|Any CPU
		{7759CD68-76B5-48FB-8427-086C54968A29}.Debug|Any CPU.Build.0 = Debug|Any CPU
		{7759CD68-76B5-48FB-8427-086C54968A29}.Release|Any CPU.ActiveCfg = Release|Any CPU
		{7759CD68-76B5-48FB-8427-086C54968A29}.Release|Any CPU.Build.0 = Release|Any CPU
		{BD4A192E-C418-4FB6-8499-1FBD5BD7C4BA}.Debug|Any CPU.ActiveCfg = Debug|Any CPU
		{BD4A192E-C418-4FB6-8499-1FBD5BD7C4BA}.Debug|Any CPU.Build.0 = Debug|Any CPU
		{BD4A192E-C418-4FB6-8499-1FBD5BD7C4BA}.Release|Any CPU.ActiveCfg = Release|Any CPU
		{BD4A192E-C418-4FB6-8499-1FBD5BD7C4BA}.Release|Any CPU.Build.0 = Release|Any CPU
		{898C1EA9-324B-48CE-917B-053C842EA0A0}.Debug|Any CPU.ActiveCfg = Debug|Any CPU
		{898C1EA9-324B-48CE-917B-053C842EA0A0}.Debug|Any CPU.Build.0 = Debug|Any CPU
		{898C1EA9-324B-48CE-917B-053C842EA0A0}.Release|Any CPU.ActiveCfg = Release|Any CPU
		{898C1EA9-324B-48CE-917B-053C842EA0A0}.Release|Any CPU.Build.0 = Release|Any CPU
		{22D242EB-8113-49E3-8CC9-03A41E3B185E}.Debug|Any CPU.ActiveCfg = Debug|Any CPU
		{22D242EB-8113-49E3-8CC9-03A41E3B185E}.Debug|Any CPU.Build.0 = Debug|Any CPU
		{22D242EB-8113-49E3-8CC9-03A41E3B185E}.Release|Any CPU.ActiveCfg = Release|Any CPU
		{22D242EB-8113-49E3-8CC9-03A41E3B185E}.Release|Any CPU.Build.0 = Release|Any CPU
		{7740BF98-CCC7-4A90-8147-C982AEF8C47A}.Debug|Any CPU.ActiveCfg = Debug|Any CPU
		{7740BF98-CCC7-4A90-8147-C982AEF8C47A}.Debug|Any CPU.Build.0 = Debug|Any CPU
		{7740BF98-CCC7-4A90-8147-C982AEF8C47A}.Release|Any CPU.ActiveCfg = Release|Any CPU
		{7740BF98-CCC7-4A90-8147-C982AEF8C47A}.Release|Any CPU.Build.0 = Release|Any CPU
		{8EBA64E3-198D-4456-B9BF-D7EF9BD2CBCE}.Debug|Any CPU.ActiveCfg = Debug|Any CPU
		{8EBA64E3-198D-4456-B9BF-D7EF9BD2CBCE}.Debug|Any CPU.Build.0 = Debug|Any CPU
		{8EBA64E3-198D-4456-B9BF-D7EF9BD2CBCE}.Release|Any CPU.ActiveCfg = Release|Any CPU
		{8EBA64E3-198D-4456-B9BF-D7EF9BD2CBCE}.Release|Any CPU.Build.0 = Release|Any CPU
		{003702D8-E922-4539-80D4-15AAB22FF29D}.Debug|Any CPU.ActiveCfg = Debug|Any CPU
		{003702D8-E922-4539-80D4-15AAB22FF29D}.Debug|Any CPU.Build.0 = Debug|Any CPU
		{003702D8-E922-4539-80D4-15AAB22FF29D}.Release|Any CPU.ActiveCfg = Release|Any CPU
		{003702D8-E922-4539-80D4-15AAB22FF29D}.Release|Any CPU.Build.0 = Release|Any CPU
		{5FE8AD75-B070-4A7F-9587-C40EE51BDD44}.Debug|Any CPU.ActiveCfg = Debug|Any CPU
		{5FE8AD75-B070-4A7F-9587-C40EE51BDD44}.Debug|Any CPU.Build.0 = Debug|Any CPU
		{5FE8AD75-B070-4A7F-9587-C40EE51BDD44}.Release|Any CPU.ActiveCfg = Release|Any CPU
		{5FE8AD75-B070-4A7F-9587-C40EE51BDD44}.Release|Any CPU.Build.0 = Release|Any CPU
		{25A262B7-9146-4EE3-8D2F-321172A03BD2}.Debug|Any CPU.ActiveCfg = Debug|Any CPU
		{25A262B7-9146-4EE3-8D2F-321172A03BD2}.Debug|Any CPU.Build.0 = Debug|Any CPU
		{25A262B7-9146-4EE3-8D2F-321172A03BD2}.Release|Any CPU.ActiveCfg = Release|Any CPU
		{25A262B7-9146-4EE3-8D2F-321172A03BD2}.Release|Any CPU.Build.0 = Release|Any CPU
		{08719960-A23E-4481-A512-F2097957F096}.Debug|Any CPU.ActiveCfg = Debug|Any CPU
		{08719960-A23E-4481-A512-F2097957F096}.Debug|Any CPU.Build.0 = Debug|Any CPU
		{08719960-A23E-4481-A512-F2097957F096}.Release|Any CPU.ActiveCfg = Release|Any CPU
		{08719960-A23E-4481-A512-F2097957F096}.Release|Any CPU.Build.0 = Release|Any CPU
		{D0984924-8F65-476E-A466-5E7972916D13}.Debug|Any CPU.ActiveCfg = Debug|Any CPU
		{D0984924-8F65-476E-A466-5E7972916D13}.Debug|Any CPU.Build.0 = Debug|Any CPU
		{D0984924-8F65-476E-A466-5E7972916D13}.Release|Any CPU.ActiveCfg = Release|Any CPU
		{D0984924-8F65-476E-A466-5E7972916D13}.Release|Any CPU.Build.0 = Release|Any CPU
		{2F8F5E75-7278-4DDC-AD49-5CEF4E14CA8C}.Debug|Any CPU.ActiveCfg = Debug|Any CPU
		{2F8F5E75-7278-4DDC-AD49-5CEF4E14CA8C}.Debug|Any CPU.Build.0 = Debug|Any CPU
		{2F8F5E75-7278-4DDC-AD49-5CEF4E14CA8C}.Release|Any CPU.ActiveCfg = Release|Any CPU
		{2F8F5E75-7278-4DDC-AD49-5CEF4E14CA8C}.Release|Any CPU.Build.0 = Release|Any CPU
		{F3891DCE-A41F-4ECB-A9E3-C46352DDDBD6}.Debug|Any CPU.ActiveCfg = Debug|Any CPU
		{F3891DCE-A41F-4ECB-A9E3-C46352DDDBD6}.Debug|Any CPU.Build.0 = Debug|Any CPU
		{F3891DCE-A41F-4ECB-A9E3-C46352DDDBD6}.Release|Any CPU.ActiveCfg = Release|Any CPU
		{F3891DCE-A41F-4ECB-A9E3-C46352DDDBD6}.Release|Any CPU.Build.0 = Release|Any CPU
		{9BF41B1B-558B-496A-9CE2-6D34199F6297}.Debug|Any CPU.ActiveCfg = Debug|Any CPU
		{9BF41B1B-558B-496A-9CE2-6D34199F6297}.Debug|Any CPU.Build.0 = Debug|Any CPU
		{9BF41B1B-558B-496A-9CE2-6D34199F6297}.Release|Any CPU.ActiveCfg = Release|Any CPU
		{9BF41B1B-558B-496A-9CE2-6D34199F6297}.Release|Any CPU.Build.0 = Release|Any CPU
		{FEA74CF7-4543-4DB6-86AE-6608E923DAF0}.Debug|Any CPU.ActiveCfg = Debug|Any CPU
		{FEA74CF7-4543-4DB6-86AE-6608E923DAF0}.Debug|Any CPU.Build.0 = Debug|Any CPU
		{FEA74CF7-4543-4DB6-86AE-6608E923DAF0}.Release|Any CPU.ActiveCfg = Release|Any CPU
		{FEA74CF7-4543-4DB6-86AE-6608E923DAF0}.Release|Any CPU.Build.0 = Release|Any CPU
		{A2404EC3-1F6B-4D4F-8E24-9119D8CBDE20}.Debug|Any CPU.ActiveCfg = Debug|Any CPU
		{A2404EC3-1F6B-4D4F-8E24-9119D8CBDE20}.Debug|Any CPU.Build.0 = Debug|Any CPU
		{A2404EC3-1F6B-4D4F-8E24-9119D8CBDE20}.Release|Any CPU.ActiveCfg = Release|Any CPU
		{A2404EC3-1F6B-4D4F-8E24-9119D8CBDE20}.Release|Any CPU.Build.0 = Release|Any CPU
	EndGlobalSection
	GlobalSection(SolutionProperties) = preSolution
		HideSolutionNode = FALSE
	EndGlobalSection
	GlobalSection(NestedProjects) = preSolution
		{4B1B862B-AA00-48A1-B806-424689173863} = {73CD8801-9BEF-4549-A30F-F45A8C190F6E}
		{B557CD54-35F3-4003-A6EE-CF1F3EDFA76E} = {2186C702-7914-4B36-B49D-9C0ED5F502E1}
		{3D9A8549-A7A8-4DF9-829E-AEAE7ECACACA} = {B6E0F8EE-8461-43D8-8CF8-DCDC466986D6}
		{3104F414-EC1F-415B-BC49-C72ABDC0E529} = {B6E0F8EE-8461-43D8-8CF8-DCDC466986D6}
		{7759CD68-76B5-48FB-8427-086C54968A29} = {B6E0F8EE-8461-43D8-8CF8-DCDC466986D6}
		{BD4A192E-C418-4FB6-8499-1FBD5BD7C4BA} = {B6E0F8EE-8461-43D8-8CF8-DCDC466986D6}
		{898C1EA9-324B-48CE-917B-053C842EA0A0} = {8C269ABA-8CD4-4803-8DB5-770E5F30214D}
		{22D242EB-8113-49E3-8CC9-03A41E3B185E} = {8C269ABA-8CD4-4803-8DB5-770E5F30214D}
		{7740BF98-CCC7-4A90-8147-C982AEF8C47A} = {8C269ABA-8CD4-4803-8DB5-770E5F30214D}
		{8EBA64E3-198D-4456-B9BF-D7EF9BD2CBCE} = {8C269ABA-8CD4-4803-8DB5-770E5F30214D}
		{003702D8-E922-4539-80D4-15AAB22FF29D} = {8C269ABA-8CD4-4803-8DB5-770E5F30214D}
		{5FE8AD75-B070-4A7F-9587-C40EE51BDD44} = {CC669D7A-765F-4B8C-A5A9-B653CD4A09F7}
		{25A262B7-9146-4EE3-8D2F-321172A03BD2} = {0BE69FBD-4901-4397-9AE5-949FDEB31D8B}
		{08719960-A23E-4481-A512-F2097957F096} = {28AEA818-4FB5-49D1-B19B-0A9B0C85D5AC}
		{D0984924-8F65-476E-A466-5E7972916D13} = {B6E0F8EE-8461-43D8-8CF8-DCDC466986D6}
		{2F8F5E75-7278-4DDC-AD49-5CEF4E14CA8C} = {B6E0F8EE-8461-43D8-8CF8-DCDC466986D6}
		{F3891DCE-A41F-4ECB-A9E3-C46352DDDBD6} = {B6E0F8EE-8461-43D8-8CF8-DCDC466986D6}
		{9BF41B1B-558B-496A-9CE2-6D34199F6297} = {B6E0F8EE-8461-43D8-8CF8-DCDC466986D6}
		{FEA74CF7-4543-4DB6-86AE-6608E923DAF0} = {B6E0F8EE-8461-43D8-8CF8-DCDC466986D6}
		{A2404EC3-1F6B-4D4F-8E24-9119D8CBDE20} = {B6E0F8EE-8461-43D8-8CF8-DCDC466986D6}
	EndGlobalSection
	GlobalSection(ExtensibilityGlobals) = postSolution
		SolutionGuid = {DF0CF43D-129E-432C-925D-5B8A88020FF4}
	EndGlobalSection
EndGlobal
