
Microsoft Visual Studio Solution File, Format Version 12.00
# Visual Studio 15
VisualStudioVersion = 15.0.27428.2005
MinimumVisualStudioVersion = 10.0.40219.1
Project("{FAE04EC0-301F-11D3-BF4B-00C04F79EFBC}") = "ExploreReDimPerformance", "ExploreReDimPerformance.csproj", "{184AF13F-81DD-4519-9568-66F3208F1508}"
EndProject
Project("{F184B08F-C81C-45F6-A57F-5ABD9991F28F}") = "ExploreReDimPerformanceVB", "ExploreReDimPerformanceVB\ExploreReDimPerformanceVB.vbproj", "{86260F2F-9D61-4339-BE4A-A82EB738F042}"
EndProject
Global
	GlobalSection(SolutionConfigurationPlatforms) = preSolution
		Debug|Any CPU = Debug|Any CPU
		Release|Any CPU = Release|Any CPU
	EndGlobalSection
	GlobalSection(ProjectConfigurationPlatforms) = postSolution
		{184AF13F-81DD-4519-9568-66F3208F1508}.Debug|Any CPU.ActiveCfg = Debug|Any CPU
		{184AF13F-81DD-4519-9568-66F3208F1508}.Debug|Any CPU.Build.0 = Debug|Any CPU
		{184AF13F-81DD-4519-9568-66F3208F1508}.Release|Any CPU.ActiveCfg = Release|Any CPU
		{184AF13F-81DD-4519-9568-66F3208F1508}.Release|Any CPU.Build.0 = Release|Any CPU
		{86260F2F-9D61-4339-BE4A-A82EB738F042}.Debug|Any CPU.ActiveCfg = Debug|Any CPU
		{86260F2F-9D61-4339-BE4A-A82EB738F042}.Debug|Any CPU.Build.0 = Debug|Any CPU
		{86260F2F-9D61-4339-BE4A-A82EB738F042}.Release|Any CPU.ActiveCfg = Release|Any CPU
		{86260F2F-9D61-4339-BE4A-A82EB738F042}.Release|Any CPU.Build.0 = Release|Any CPU
	EndGlobalSection
	GlobalSection(SolutionProperties) = preSolution
		HideSolutionNode = FALSE
	EndGlobalSection
	GlobalSection(ExtensibilityGlobals) = postSolution
		SolutionGuid = {8138220E-6677-4E7E-85D7-DF8CB9FFA8D8}
	EndGlobalSection
EndGlobal
