
Microsoft Visual Studio Solution File, Format Version 12.00
# Visual Studio 15
VisualStudioVersion = 15.0.27703.2042
MinimumVisualStudioVersion = 10.0.40219.1
Project("{FAE04EC0-301F-11D3-BF4B-00C04F79EFBC}") = "SQLNotifications", "SQLNotifications\SQLNotifications.csproj", "{EC568F25-890D-4F0E-B8D9-23CDEF375F1E}"
EndProject
Global
	GlobalSection(SolutionConfigurationPlatforms) = preSolution
		Debug|Any CPU = Debug|Any CPU
		Release|Any CPU = Release|Any CPU
	EndGlobalSection
	GlobalSection(ProjectConfigurationPlatforms) = postSolution
		{EC568F25-890D-4F0E-B8D9-23CDEF375F1E}.Debug|Any CPU.ActiveCfg = Debug|Any CPU
		{EC568F25-890D-4F0E-B8D9-23CDEF375F1E}.Debug|Any CPU.Build.0 = Debug|Any CPU
		{EC568F25-890D-4F0E-B8D9-23CDEF375F1E}.Release|Any CPU.ActiveCfg = Release|Any CPU
		{EC568F25-890D-4F0E-B8D9-23CDEF375F1E}.Release|Any CPU.Build.0 = Release|Any CPU
	EndGlobalSection
	GlobalSection(SolutionProperties) = preSolution
		HideSolutionNode = FALSE
	EndGlobalSection
	GlobalSection(ExtensibilityGlobals) = postSolution
		SolutionGuid = {6C9311FD-E1E5-40B7-8666-3F686DC4D198}
	EndGlobalSection
EndGlobal
