
Microsoft Visual Studio Solution File, Format Version 12.00
# Visual Studio 15
VisualStudioVersion = 15.0.26730.8
MinimumVisualStudioVersion = 10.0.40219.1
Project("{FAE04EC0-301F-11D3-BF4B-00C04F79EFBC}") = "SupportTools_Excel", "SupportTools_Excel\SupportTools_Excel.csproj", "{90EEA2C1-ACE6-4CBE-91AC-6FE8D69B5BC3}"
EndProject
Project("{2150E333-8FDC-42A3-9474-1A3956D46DE8}") = "Solution Items", "Solution Items", "{7328AC01-BF52-4420-ACCF-BFB42EA1449C}"
	ProjectSection(SolutionItems) = preProject
		..\SupportTools_Config.xml = ..\SupportTools_Config.xml
		..\..\..\..\..\temp\SupportTools_Config.xml = ..\..\..\..\..\temp\SupportTools_Config.xml
	EndProjectSection
EndProject
Project("{FAE04EC0-301F-11D3-BF4B-00C04F79EFBC}") = "VNC.AddinHelper", "..\AddinHelper\AddinHelper\VNC.AddinHelper.csproj", "{DCD47414-B5DF-490A-A72B-CD66C68C9973}"
EndProject
Global
	GlobalSection(SolutionConfigurationPlatforms) = preSolution
		A097921NYP|Any CPU = A097921NYP|Any CPU
		All|Any CPU = All|Any CPU
		Debug|Any CPU = Debug|Any CPU
		iDev|Any CPU = iDev|Any CPU
		Release|Any CPU = Release|Any CPU
		TRONW8|Any CPU = TRONW8|Any CPU
	EndGlobalSection
	GlobalSection(ProjectConfigurationPlatforms) = postSolution
		{90EEA2C1-ACE6-4CBE-91AC-6FE8D69B5BC3}.A097921NYP|Any CPU.ActiveCfg = All|Any CPU
		{90EEA2C1-ACE6-4CBE-91AC-6FE8D69B5BC3}.A097921NYP|Any CPU.Build.0 = All|Any CPU
		{90EEA2C1-ACE6-4CBE-91AC-6FE8D69B5BC3}.All|Any CPU.ActiveCfg = All|Any CPU
		{90EEA2C1-ACE6-4CBE-91AC-6FE8D69B5BC3}.All|Any CPU.Build.0 = All|Any CPU
		{90EEA2C1-ACE6-4CBE-91AC-6FE8D69B5BC3}.Debug|Any CPU.ActiveCfg = Debug|Any CPU
		{90EEA2C1-ACE6-4CBE-91AC-6FE8D69B5BC3}.Debug|Any CPU.Build.0 = Debug|Any CPU
		{90EEA2C1-ACE6-4CBE-91AC-6FE8D69B5BC3}.iDev|Any CPU.ActiveCfg = Release|Any CPU
		{90EEA2C1-ACE6-4CBE-91AC-6FE8D69B5BC3}.iDev|Any CPU.Build.0 = Release|Any CPU
		{90EEA2C1-ACE6-4CBE-91AC-6FE8D69B5BC3}.Release|Any CPU.ActiveCfg = Release|Any CPU
		{90EEA2C1-ACE6-4CBE-91AC-6FE8D69B5BC3}.Release|Any CPU.Build.0 = Release|Any CPU
		{90EEA2C1-ACE6-4CBE-91AC-6FE8D69B5BC3}.TRONW8|Any CPU.ActiveCfg = Release|Any CPU
		{90EEA2C1-ACE6-4CBE-91AC-6FE8D69B5BC3}.TRONW8|Any CPU.Build.0 = Release|Any CPU
		{DCD47414-B5DF-490A-A72B-CD66C68C9973}.A097921NYP|Any CPU.ActiveCfg = All|Any CPU
		{DCD47414-B5DF-490A-A72B-CD66C68C9973}.A097921NYP|Any CPU.Build.0 = All|Any CPU
		{DCD47414-B5DF-490A-A72B-CD66C68C9973}.All|Any CPU.ActiveCfg = All|Any CPU
		{DCD47414-B5DF-490A-A72B-CD66C68C9973}.All|Any CPU.Build.0 = All|Any CPU
		{DCD47414-B5DF-490A-A72B-CD66C68C9973}.Debug|Any CPU.ActiveCfg = Debug|Any CPU
		{DCD47414-B5DF-490A-A72B-CD66C68C9973}.Debug|Any CPU.Build.0 = Debug|Any CPU
		{DCD47414-B5DF-490A-A72B-CD66C68C9973}.iDev|Any CPU.ActiveCfg = All|Any CPU
		{DCD47414-B5DF-490A-A72B-CD66C68C9973}.iDev|Any CPU.Build.0 = All|Any CPU
		{DCD47414-B5DF-490A-A72B-CD66C68C9973}.Release|Any CPU.ActiveCfg = Release|Any CPU
		{DCD47414-B5DF-490A-A72B-CD66C68C9973}.Release|Any CPU.Build.0 = Release|Any CPU
		{DCD47414-B5DF-490A-A72B-CD66C68C9973}.TRONW8|Any CPU.ActiveCfg = All|Any CPU
		{DCD47414-B5DF-490A-A72B-CD66C68C9973}.TRONW8|Any CPU.Build.0 = All|Any CPU
	EndGlobalSection
	GlobalSection(SolutionProperties) = preSolution
		HideSolutionNode = FALSE
	EndGlobalSection
	GlobalSection(ExtensibilityGlobals) = postSolution
		SolutionGuid = {AEA2EFEA-B2AD-4B26-8A98-3EB10703C746}
	EndGlobalSection
	GlobalSection(TeamFoundationVersionControl) = preSolution
		SccNumberOfProjects = 3
		SccEnterpriseProvider = {4CA58AB2-18FA-4F8D-95D4-32DDF27D184C}
		SccTeamFoundationServer = https://vncdev.visualstudio.com/
		SccLocalPath0 = .
		SccProjectUniqueName1 = SupportTools_Excel\\SupportTools_Excel.csproj
		SccProjectName1 = SupportTools_Excel
		SccLocalPath1 = SupportTools_Excel
		SccProjectUniqueName2 = ..\\AddinHelper\\AddinHelper\\VNC.AddinHelper.csproj
		SccProjectName2 = ../AddinHelper/AddinHelper
		SccLocalPath2 = ..\\AddinHelper\\AddinHelper
	EndGlobalSection
EndGlobal
