
Microsoft Visual Studio Solution File, Format Version 12.00
# Visual Studio 2012
Project("{FAE04EC0-301F-11D3-BF4B-00C04F79EFBC}") = "EyeOnLife", "EyeOnLife\EyeOnLife.csproj", "{33F0F530-DDBF-41ED-9DD6-84CAEBF89999}"
EndProject
Project("{FAE04EC0-301F-11D3-BF4B-00C04F79EFBC}") = "XamlExtentionMethods", "XamlExtentionMethods\XamlExtentionMethods.csproj", "{244FF29C-2ABD-4B1F-974C-94A7037BA2A0}"
EndProject
Project("{FAE04EC0-301F-11D3-BF4B-00C04F79EFBC}") = "XamlTransitions", "XamlTransitions\XamlTransitions.csproj", "{ACD5DC11-EC6C-4A13-819B-A481869BB320}"
EndProject
Project("{00D1A9C2-B5F0-4AF3-8072-F6C62B433612}") = "SQLMonitorDB", "..\..\Databases\SQLMonitorDB\SQLMonitorDB.sqlproj", "{433FBACE-46A8-470E-A61A-DF33D65B59E3}"
EndProject
Project("{FAE04EC0-301F-11D3-BF4B-00C04F79EFBC}") = "WpfHelper", "WpfHelper\WpfHelper.csproj", "{E69189D8-6331-4775-9C69-65B93E95C6EB}"
EndProject
Project("{FAE04EC0-301F-11D3-BF4B-00C04F79EFBC}") = "ADHelper", "ADHelper\ADHelper.csproj", "{23820666-C581-49D0-9445-24451E26A4E5}"
EndProject
Project("{FAE04EC0-301F-11D3-BF4B-00C04F79EFBC}") = "WpfTestHarness", "WpfTestHarness\WpfTestHarness.csproj", "{8EC4E7EB-AACF-468D-B4B1-8BA4EF3134AF}"
EndProject
Project("{FAE04EC0-301F-11D3-BF4B-00C04F79EFBC}") = "SQLInformation", "SQLInformation\SQLInformation.csproj", "{BF4598B1-6450-4042-97A3-AB3ACAFE8D84}"
EndProject
Project("{FAE04EC0-301F-11D3-BF4B-00C04F79EFBC}") = "SQLInformationAgent", "SQLInformationAgent\SQLInformationAgent.csproj", "{B6791773-0D36-4CD6-B154-AEE976C3ABCA}"
EndProject
Global
	GlobalSection(TeamFoundationVersionControl) = preSolution
		SccNumberOfProjects = 10
		SccEnterpriseProvider = {4CA58AB2-18FA-4F8D-95D4-32DDF27D184C}
		SccTeamFoundationServer = http://lptfs.life.pacificlife.net:8080/tfs/defaultcollection
		SccLocalPath0 = .
		SccProjectUniqueName1 = XamlExtentionMethods\\XamlExtentionMethods.csproj
		SccProjectName1 = XamlExtentionMethods
		SccLocalPath1 = XamlExtentionMethods
		SccProjectUniqueName2 = XamlTransitions\\XamlTransitions.csproj
		SccProjectName2 = XamlTransitions
		SccLocalPath2 = XamlTransitions
		SccProjectUniqueName3 = EyeOnLife\\EyeOnLife.csproj
		SccProjectName3 = EyeOnLife
		SccLocalPath3 = EyeOnLife
		SccProjectUniqueName4 = ..\\..\\Databases\\SQLMonitorDB\\SQLMonitorDB.sqlproj
		SccProjectName4 = ../../Databases/SQLMonitorDB
		SccLocalPath4 = ..\\..\\Databases\\SQLMonitorDB
		SccProjectUniqueName5 = WpfTestHarness\\WpfTestHarness.csproj
		SccProjectName5 = WpfTestHarness
		SccLocalPath5 = WpfTestHarness
		SccProjectUniqueName6 = ADHelper\\ADHelper.csproj
		SccProjectName6 = ADHelper
		SccLocalPath6 = ADHelper
		SccProjectUniqueName7 = WpfHelper\\WpfHelper.csproj
		SccProjectName7 = WpfHelper
		SccLocalPath7 = WpfHelper
		SccProjectUniqueName8 = SQLInformation\\SQLInformation.csproj
		SccProjectName8 = SQLInformation
		SccLocalPath8 = SQLInformation
		SccProjectUniqueName9 = SQLInformationAgent\\SQLInformationAgent.csproj
		SccProjectName9 = SQLInformationAgent
		SccLocalPath9 = SQLInformationAgent
	EndGlobalSection
	GlobalSection(SolutionConfigurationPlatforms) = preSolution
		A097912X0P|Any CPU = A097912X0P|Any CPU
		A097912X0P|Mixed Platforms = A097912X0P|Mixed Platforms
		A097912X0P|x86 = A097912X0P|x86
		A097921NYP|Any CPU = A097921NYP|Any CPU
		A097921NYP|Mixed Platforms = A097921NYP|Mixed Platforms
		A097921NYP|x86 = A097921NYP|x86
		Debug|Any CPU = Debug|Any CPU
		Debug|Mixed Platforms = Debug|Mixed Platforms
		Debug|x86 = Debug|x86
		iDev|Any CPU = iDev|Any CPU
		iDev|Mixed Platforms = iDev|Mixed Platforms
		iDev|x86 = iDev|x86
		LPSQLMGMT01Lv|Any CPU = LPSQLMGMT01Lv|Any CPU
		LPSQLMGMT01Lv|Mixed Platforms = LPSQLMGMT01Lv|Mixed Platforms
		LPSQLMGMT01Lv|x86 = LPSQLMGMT01Lv|x86
		MATRIX|Any CPU = MATRIX|Any CPU
		MATRIX|Mixed Platforms = MATRIX|Mixed Platforms
		MATRIX|x86 = MATRIX|x86
		MATRIXW8|Any CPU = MATRIXW8|Any CPU
		MATRIXW8|Mixed Platforms = MATRIXW8|Mixed Platforms
		MATRIXW8|x86 = MATRIXW8|x86
		PARTHENON|Any CPU = PARTHENON|Any CPU
		PARTHENON|Mixed Platforms = PARTHENON|Mixed Platforms
		PARTHENON|x86 = PARTHENON|x86
		Release|Any CPU = Release|Any CPU
		Release|Mixed Platforms = Release|Mixed Platforms
		Release|x86 = Release|x86
		TRON|Any CPU = TRON|Any CPU
		TRON|Mixed Platforms = TRON|Mixed Platforms
		TRON|x86 = TRON|x86
		TRONW8|Any CPU = TRONW8|Any CPU
		TRONW8|Mixed Platforms = TRONW8|Mixed Platforms
		TRONW8|x86 = TRONW8|x86
	EndGlobalSection
	GlobalSection(ProjectConfigurationPlatforms) = postSolution
		{33F0F530-DDBF-41ED-9DD6-84CAEBF89999}.A097912X0P|Any CPU.ActiveCfg = A097921NYP|Any CPU
		{33F0F530-DDBF-41ED-9DD6-84CAEBF89999}.A097912X0P|Any CPU.Build.0 = A097921NYP|Any CPU
		{33F0F530-DDBF-41ED-9DD6-84CAEBF89999}.A097912X0P|Mixed Platforms.ActiveCfg = A097921NYP|Any CPU
		{33F0F530-DDBF-41ED-9DD6-84CAEBF89999}.A097912X0P|Mixed Platforms.Build.0 = A097921NYP|Any CPU
		{33F0F530-DDBF-41ED-9DD6-84CAEBF89999}.A097912X0P|x86.ActiveCfg = A097921NYP|Any CPU
		{33F0F530-DDBF-41ED-9DD6-84CAEBF89999}.A097921NYP|Any CPU.ActiveCfg = A097921NYP|Any CPU
		{33F0F530-DDBF-41ED-9DD6-84CAEBF89999}.A097921NYP|Any CPU.Build.0 = A097921NYP|Any CPU
		{33F0F530-DDBF-41ED-9DD6-84CAEBF89999}.A097921NYP|Mixed Platforms.ActiveCfg = A097921NYP|Any CPU
		{33F0F530-DDBF-41ED-9DD6-84CAEBF89999}.A097921NYP|Mixed Platforms.Build.0 = A097921NYP|Any CPU
		{33F0F530-DDBF-41ED-9DD6-84CAEBF89999}.A097921NYP|x86.ActiveCfg = A097921NYP|Any CPU
		{33F0F530-DDBF-41ED-9DD6-84CAEBF89999}.Debug|Any CPU.ActiveCfg = Debug|Any CPU
		{33F0F530-DDBF-41ED-9DD6-84CAEBF89999}.Debug|Any CPU.Build.0 = Debug|Any CPU
		{33F0F530-DDBF-41ED-9DD6-84CAEBF89999}.Debug|Mixed Platforms.ActiveCfg = Debug|Any CPU
		{33F0F530-DDBF-41ED-9DD6-84CAEBF89999}.Debug|Mixed Platforms.Build.0 = Debug|Any CPU
		{33F0F530-DDBF-41ED-9DD6-84CAEBF89999}.Debug|x86.ActiveCfg = Debug|Any CPU
		{33F0F530-DDBF-41ED-9DD6-84CAEBF89999}.iDev|Any CPU.ActiveCfg = A097921NYP|Any CPU
		{33F0F530-DDBF-41ED-9DD6-84CAEBF89999}.iDev|Any CPU.Build.0 = A097921NYP|Any CPU
		{33F0F530-DDBF-41ED-9DD6-84CAEBF89999}.iDev|Mixed Platforms.ActiveCfg = TRONW8|Any CPU
		{33F0F530-DDBF-41ED-9DD6-84CAEBF89999}.iDev|Mixed Platforms.Build.0 = TRONW8|Any CPU
		{33F0F530-DDBF-41ED-9DD6-84CAEBF89999}.iDev|x86.ActiveCfg = TRONW8|Any CPU
		{33F0F530-DDBF-41ED-9DD6-84CAEBF89999}.LPSQLMGMT01Lv|Any CPU.ActiveCfg = LPSQLMGMT01Lv|Any CPU
		{33F0F530-DDBF-41ED-9DD6-84CAEBF89999}.LPSQLMGMT01Lv|Any CPU.Build.0 = LPSQLMGMT01Lv|Any CPU
		{33F0F530-DDBF-41ED-9DD6-84CAEBF89999}.LPSQLMGMT01Lv|Mixed Platforms.ActiveCfg = LPSQLMGMT01Lv|Any CPU
		{33F0F530-DDBF-41ED-9DD6-84CAEBF89999}.LPSQLMGMT01Lv|Mixed Platforms.Build.0 = LPSQLMGMT01Lv|Any CPU
		{33F0F530-DDBF-41ED-9DD6-84CAEBF89999}.LPSQLMGMT01Lv|x86.ActiveCfg = LPSQLMGMT01Lv|Any CPU
		{33F0F530-DDBF-41ED-9DD6-84CAEBF89999}.MATRIX|Any CPU.ActiveCfg = MATRIXW8|Any CPU
		{33F0F530-DDBF-41ED-9DD6-84CAEBF89999}.MATRIX|Any CPU.Build.0 = MATRIXW8|Any CPU
		{33F0F530-DDBF-41ED-9DD6-84CAEBF89999}.MATRIX|Mixed Platforms.ActiveCfg = MATRIXW8|Any CPU
		{33F0F530-DDBF-41ED-9DD6-84CAEBF89999}.MATRIX|Mixed Platforms.Build.0 = MATRIXW8|Any CPU
		{33F0F530-DDBF-41ED-9DD6-84CAEBF89999}.MATRIX|x86.ActiveCfg = MATRIXW8|Any CPU
		{33F0F530-DDBF-41ED-9DD6-84CAEBF89999}.MATRIXW8|Any CPU.ActiveCfg = MATRIXW8|Any CPU
		{33F0F530-DDBF-41ED-9DD6-84CAEBF89999}.MATRIXW8|Any CPU.Build.0 = MATRIXW8|Any CPU
		{33F0F530-DDBF-41ED-9DD6-84CAEBF89999}.MATRIXW8|Mixed Platforms.ActiveCfg = MATRIXW8|Any CPU
		{33F0F530-DDBF-41ED-9DD6-84CAEBF89999}.MATRIXW8|Mixed Platforms.Build.0 = MATRIXW8|Any CPU
		{33F0F530-DDBF-41ED-9DD6-84CAEBF89999}.MATRIXW8|x86.ActiveCfg = MATRIXW8|Any CPU
		{33F0F530-DDBF-41ED-9DD6-84CAEBF89999}.PARTHENON|Any CPU.ActiveCfg = PARTHENON|Any CPU
		{33F0F530-DDBF-41ED-9DD6-84CAEBF89999}.PARTHENON|Any CPU.Build.0 = PARTHENON|Any CPU
		{33F0F530-DDBF-41ED-9DD6-84CAEBF89999}.PARTHENON|Mixed Platforms.ActiveCfg = PARTHENON|Any CPU
		{33F0F530-DDBF-41ED-9DD6-84CAEBF89999}.PARTHENON|Mixed Platforms.Build.0 = PARTHENON|Any CPU
		{33F0F530-DDBF-41ED-9DD6-84CAEBF89999}.PARTHENON|x86.ActiveCfg = PARTHENON|Any CPU
		{33F0F530-DDBF-41ED-9DD6-84CAEBF89999}.Release|Any CPU.ActiveCfg = Release|Any CPU
		{33F0F530-DDBF-41ED-9DD6-84CAEBF89999}.Release|Any CPU.Build.0 = Release|Any CPU
		{33F0F530-DDBF-41ED-9DD6-84CAEBF89999}.Release|Mixed Platforms.ActiveCfg = Release|Any CPU
		{33F0F530-DDBF-41ED-9DD6-84CAEBF89999}.Release|Mixed Platforms.Build.0 = Release|Any CPU
		{33F0F530-DDBF-41ED-9DD6-84CAEBF89999}.Release|x86.ActiveCfg = Release|Any CPU
		{33F0F530-DDBF-41ED-9DD6-84CAEBF89999}.TRON|Any CPU.ActiveCfg = TRONW8|Any CPU
		{33F0F530-DDBF-41ED-9DD6-84CAEBF89999}.TRON|Any CPU.Build.0 = TRONW8|Any CPU
		{33F0F530-DDBF-41ED-9DD6-84CAEBF89999}.TRON|Mixed Platforms.ActiveCfg = TRONW8|Any CPU
		{33F0F530-DDBF-41ED-9DD6-84CAEBF89999}.TRON|Mixed Platforms.Build.0 = TRONW8|Any CPU
		{33F0F530-DDBF-41ED-9DD6-84CAEBF89999}.TRON|x86.ActiveCfg = TRONW8|Any CPU
		{33F0F530-DDBF-41ED-9DD6-84CAEBF89999}.TRONW8|Any CPU.ActiveCfg = TRONW8|Any CPU
		{33F0F530-DDBF-41ED-9DD6-84CAEBF89999}.TRONW8|Any CPU.Build.0 = TRONW8|Any CPU
		{33F0F530-DDBF-41ED-9DD6-84CAEBF89999}.TRONW8|Mixed Platforms.ActiveCfg = TRONW8|Any CPU
		{33F0F530-DDBF-41ED-9DD6-84CAEBF89999}.TRONW8|Mixed Platforms.Build.0 = TRONW8|Any CPU
		{33F0F530-DDBF-41ED-9DD6-84CAEBF89999}.TRONW8|x86.ActiveCfg = TRONW8|Any CPU
		{244FF29C-2ABD-4B1F-974C-94A7037BA2A0}.A097912X0P|Any CPU.ActiveCfg = A097921NYP|Any CPU
		{244FF29C-2ABD-4B1F-974C-94A7037BA2A0}.A097912X0P|Any CPU.Build.0 = A097921NYP|Any CPU
		{244FF29C-2ABD-4B1F-974C-94A7037BA2A0}.A097912X0P|Mixed Platforms.ActiveCfg = A097921NYP|Any CPU
		{244FF29C-2ABD-4B1F-974C-94A7037BA2A0}.A097912X0P|Mixed Platforms.Build.0 = A097921NYP|Any CPU
		{244FF29C-2ABD-4B1F-974C-94A7037BA2A0}.A097912X0P|x86.ActiveCfg = A097921NYP|Any CPU
		{244FF29C-2ABD-4B1F-974C-94A7037BA2A0}.A097921NYP|Any CPU.ActiveCfg = A097921NYP|Any CPU
		{244FF29C-2ABD-4B1F-974C-94A7037BA2A0}.A097921NYP|Any CPU.Build.0 = A097921NYP|Any CPU
		{244FF29C-2ABD-4B1F-974C-94A7037BA2A0}.A097921NYP|Mixed Platforms.ActiveCfg = A097921NYP|Any CPU
		{244FF29C-2ABD-4B1F-974C-94A7037BA2A0}.A097921NYP|Mixed Platforms.Build.0 = A097921NYP|Any CPU
		{244FF29C-2ABD-4B1F-974C-94A7037BA2A0}.A097921NYP|x86.ActiveCfg = A097921NYP|Any CPU
		{244FF29C-2ABD-4B1F-974C-94A7037BA2A0}.Debug|Any CPU.ActiveCfg = Debug|Any CPU
		{244FF29C-2ABD-4B1F-974C-94A7037BA2A0}.Debug|Any CPU.Build.0 = Debug|Any CPU
		{244FF29C-2ABD-4B1F-974C-94A7037BA2A0}.Debug|Mixed Platforms.ActiveCfg = Debug|Any CPU
		{244FF29C-2ABD-4B1F-974C-94A7037BA2A0}.Debug|Mixed Platforms.Build.0 = Debug|Any CPU
		{244FF29C-2ABD-4B1F-974C-94A7037BA2A0}.Debug|x86.ActiveCfg = Debug|Any CPU
		{244FF29C-2ABD-4B1F-974C-94A7037BA2A0}.iDev|Any CPU.ActiveCfg = A097921NYP|Any CPU
		{244FF29C-2ABD-4B1F-974C-94A7037BA2A0}.iDev|Any CPU.Build.0 = A097921NYP|Any CPU
		{244FF29C-2ABD-4B1F-974C-94A7037BA2A0}.iDev|Mixed Platforms.ActiveCfg = Release|Any CPU
		{244FF29C-2ABD-4B1F-974C-94A7037BA2A0}.iDev|Mixed Platforms.Build.0 = Release|Any CPU
		{244FF29C-2ABD-4B1F-974C-94A7037BA2A0}.iDev|x86.ActiveCfg = Release|Any CPU
		{244FF29C-2ABD-4B1F-974C-94A7037BA2A0}.LPSQLMGMT01Lv|Any CPU.ActiveCfg = Release|Any CPU
		{244FF29C-2ABD-4B1F-974C-94A7037BA2A0}.LPSQLMGMT01Lv|Any CPU.Build.0 = Release|Any CPU
		{244FF29C-2ABD-4B1F-974C-94A7037BA2A0}.LPSQLMGMT01Lv|Mixed Platforms.ActiveCfg = Release|Any CPU
		{244FF29C-2ABD-4B1F-974C-94A7037BA2A0}.LPSQLMGMT01Lv|Mixed Platforms.Build.0 = Release|Any CPU
		{244FF29C-2ABD-4B1F-974C-94A7037BA2A0}.LPSQLMGMT01Lv|x86.ActiveCfg = Release|Any CPU
		{244FF29C-2ABD-4B1F-974C-94A7037BA2A0}.MATRIX|Any CPU.ActiveCfg = A097921NYP|Any CPU
		{244FF29C-2ABD-4B1F-974C-94A7037BA2A0}.MATRIX|Any CPU.Build.0 = A097921NYP|Any CPU
		{244FF29C-2ABD-4B1F-974C-94A7037BA2A0}.MATRIX|Mixed Platforms.ActiveCfg = Release|Any CPU
		{244FF29C-2ABD-4B1F-974C-94A7037BA2A0}.MATRIX|Mixed Platforms.Build.0 = Release|Any CPU
		{244FF29C-2ABD-4B1F-974C-94A7037BA2A0}.MATRIX|x86.ActiveCfg = Release|Any CPU
		{244FF29C-2ABD-4B1F-974C-94A7037BA2A0}.MATRIXW8|Any CPU.ActiveCfg = A097921NYP|Any CPU
		{244FF29C-2ABD-4B1F-974C-94A7037BA2A0}.MATRIXW8|Any CPU.Build.0 = A097921NYP|Any CPU
		{244FF29C-2ABD-4B1F-974C-94A7037BA2A0}.MATRIXW8|Mixed Platforms.ActiveCfg = Release|Any CPU
		{244FF29C-2ABD-4B1F-974C-94A7037BA2A0}.MATRIXW8|Mixed Platforms.Build.0 = Release|Any CPU
		{244FF29C-2ABD-4B1F-974C-94A7037BA2A0}.MATRIXW8|x86.ActiveCfg = Release|Any CPU
		{244FF29C-2ABD-4B1F-974C-94A7037BA2A0}.PARTHENON|Any CPU.ActiveCfg = A097921NYP|Any CPU
		{244FF29C-2ABD-4B1F-974C-94A7037BA2A0}.PARTHENON|Any CPU.Build.0 = A097921NYP|Any CPU
		{244FF29C-2ABD-4B1F-974C-94A7037BA2A0}.PARTHENON|Mixed Platforms.ActiveCfg = Release|Any CPU
		{244FF29C-2ABD-4B1F-974C-94A7037BA2A0}.PARTHENON|Mixed Platforms.Build.0 = Release|Any CPU
		{244FF29C-2ABD-4B1F-974C-94A7037BA2A0}.PARTHENON|x86.ActiveCfg = Release|Any CPU
		{244FF29C-2ABD-4B1F-974C-94A7037BA2A0}.Release|Any CPU.ActiveCfg = Release|Any CPU
		{244FF29C-2ABD-4B1F-974C-94A7037BA2A0}.Release|Any CPU.Build.0 = Release|Any CPU
		{244FF29C-2ABD-4B1F-974C-94A7037BA2A0}.Release|Mixed Platforms.ActiveCfg = Release|Any CPU
		{244FF29C-2ABD-4B1F-974C-94A7037BA2A0}.Release|Mixed Platforms.Build.0 = Release|Any CPU
		{244FF29C-2ABD-4B1F-974C-94A7037BA2A0}.Release|x86.ActiveCfg = Release|Any CPU
		{244FF29C-2ABD-4B1F-974C-94A7037BA2A0}.TRON|Any CPU.ActiveCfg = A097921NYP|Any CPU
		{244FF29C-2ABD-4B1F-974C-94A7037BA2A0}.TRON|Any CPU.Build.0 = A097921NYP|Any CPU
		{244FF29C-2ABD-4B1F-974C-94A7037BA2A0}.TRON|Mixed Platforms.ActiveCfg = Release|Any CPU
		{244FF29C-2ABD-4B1F-974C-94A7037BA2A0}.TRON|Mixed Platforms.Build.0 = Release|Any CPU
		{244FF29C-2ABD-4B1F-974C-94A7037BA2A0}.TRON|x86.ActiveCfg = Release|Any CPU
		{244FF29C-2ABD-4B1F-974C-94A7037BA2A0}.TRONW8|Any CPU.ActiveCfg = A097921NYP|Any CPU
		{244FF29C-2ABD-4B1F-974C-94A7037BA2A0}.TRONW8|Any CPU.Build.0 = A097921NYP|Any CPU
		{244FF29C-2ABD-4B1F-974C-94A7037BA2A0}.TRONW8|Mixed Platforms.ActiveCfg = Release|Any CPU
		{244FF29C-2ABD-4B1F-974C-94A7037BA2A0}.TRONW8|Mixed Platforms.Build.0 = Release|Any CPU
		{244FF29C-2ABD-4B1F-974C-94A7037BA2A0}.TRONW8|x86.ActiveCfg = Release|Any CPU
		{ACD5DC11-EC6C-4A13-819B-A481869BB320}.A097912X0P|Any CPU.ActiveCfg = A097921NYP|Any CPU
		{ACD5DC11-EC6C-4A13-819B-A481869BB320}.A097912X0P|Any CPU.Build.0 = A097921NYP|Any CPU
		{ACD5DC11-EC6C-4A13-819B-A481869BB320}.A097912X0P|Mixed Platforms.ActiveCfg = A097921NYP|Any CPU
		{ACD5DC11-EC6C-4A13-819B-A481869BB320}.A097912X0P|Mixed Platforms.Build.0 = A097921NYP|Any CPU
		{ACD5DC11-EC6C-4A13-819B-A481869BB320}.A097912X0P|x86.ActiveCfg = A097921NYP|Any CPU
		{ACD5DC11-EC6C-4A13-819B-A481869BB320}.A097921NYP|Any CPU.ActiveCfg = A097921NYP|Any CPU
		{ACD5DC11-EC6C-4A13-819B-A481869BB320}.A097921NYP|Any CPU.Build.0 = A097921NYP|Any CPU
		{ACD5DC11-EC6C-4A13-819B-A481869BB320}.A097921NYP|Mixed Platforms.ActiveCfg = A097921NYP|Any CPU
		{ACD5DC11-EC6C-4A13-819B-A481869BB320}.A097921NYP|Mixed Platforms.Build.0 = A097921NYP|Any CPU
		{ACD5DC11-EC6C-4A13-819B-A481869BB320}.A097921NYP|x86.ActiveCfg = A097921NYP|Any CPU
		{ACD5DC11-EC6C-4A13-819B-A481869BB320}.Debug|Any CPU.ActiveCfg = Debug|Any CPU
		{ACD5DC11-EC6C-4A13-819B-A481869BB320}.Debug|Any CPU.Build.0 = Debug|Any CPU
		{ACD5DC11-EC6C-4A13-819B-A481869BB320}.Debug|Mixed Platforms.ActiveCfg = Debug|Any CPU
		{ACD5DC11-EC6C-4A13-819B-A481869BB320}.Debug|Mixed Platforms.Build.0 = Debug|Any CPU
		{ACD5DC11-EC6C-4A13-819B-A481869BB320}.Debug|x86.ActiveCfg = Debug|Any CPU
		{ACD5DC11-EC6C-4A13-819B-A481869BB320}.iDev|Any CPU.ActiveCfg = A097921NYP|Any CPU
		{ACD5DC11-EC6C-4A13-819B-A481869BB320}.iDev|Any CPU.Build.0 = A097921NYP|Any CPU
		{ACD5DC11-EC6C-4A13-819B-A481869BB320}.iDev|Mixed Platforms.ActiveCfg = Release|Any CPU
		{ACD5DC11-EC6C-4A13-819B-A481869BB320}.iDev|Mixed Platforms.Build.0 = Release|Any CPU
		{ACD5DC11-EC6C-4A13-819B-A481869BB320}.iDev|x86.ActiveCfg = Release|Any CPU
		{ACD5DC11-EC6C-4A13-819B-A481869BB320}.LPSQLMGMT01Lv|Any CPU.ActiveCfg = TRONW8|Any CPU
		{ACD5DC11-EC6C-4A13-819B-A481869BB320}.LPSQLMGMT01Lv|Any CPU.Build.0 = TRONW8|Any CPU
		{ACD5DC11-EC6C-4A13-819B-A481869BB320}.LPSQLMGMT01Lv|Mixed Platforms.ActiveCfg = Release|Any CPU
		{ACD5DC11-EC6C-4A13-819B-A481869BB320}.LPSQLMGMT01Lv|Mixed Platforms.Build.0 = Release|Any CPU
		{ACD5DC11-EC6C-4A13-819B-A481869BB320}.LPSQLMGMT01Lv|x86.ActiveCfg = Release|Any CPU
		{ACD5DC11-EC6C-4A13-819B-A481869BB320}.MATRIX|Any CPU.ActiveCfg = MATRIXW8|Any CPU
		{ACD5DC11-EC6C-4A13-819B-A481869BB320}.MATRIX|Any CPU.Build.0 = MATRIXW8|Any CPU
		{ACD5DC11-EC6C-4A13-819B-A481869BB320}.MATRIX|Mixed Platforms.ActiveCfg = MATRIXW8|Any CPU
		{ACD5DC11-EC6C-4A13-819B-A481869BB320}.MATRIX|Mixed Platforms.Build.0 = MATRIXW8|Any CPU
		{ACD5DC11-EC6C-4A13-819B-A481869BB320}.MATRIX|x86.ActiveCfg = MATRIXW8|Any CPU
		{ACD5DC11-EC6C-4A13-819B-A481869BB320}.MATRIXW8|Any CPU.ActiveCfg = MATRIXW8|Any CPU
		{ACD5DC11-EC6C-4A13-819B-A481869BB320}.MATRIXW8|Any CPU.Build.0 = MATRIXW8|Any CPU
		{ACD5DC11-EC6C-4A13-819B-A481869BB320}.MATRIXW8|Mixed Platforms.ActiveCfg = MATRIXW8|Any CPU
		{ACD5DC11-EC6C-4A13-819B-A481869BB320}.MATRIXW8|Mixed Platforms.Build.0 = MATRIXW8|Any CPU
		{ACD5DC11-EC6C-4A13-819B-A481869BB320}.MATRIXW8|x86.ActiveCfg = MATRIXW8|Any CPU
		{ACD5DC11-EC6C-4A13-819B-A481869BB320}.PARTHENON|Any CPU.ActiveCfg = PARTHENON|Any CPU
		{ACD5DC11-EC6C-4A13-819B-A481869BB320}.PARTHENON|Any CPU.Build.0 = PARTHENON|Any CPU
		{ACD5DC11-EC6C-4A13-819B-A481869BB320}.PARTHENON|Mixed Platforms.ActiveCfg = PARTHENON|Any CPU
		{ACD5DC11-EC6C-4A13-819B-A481869BB320}.PARTHENON|Mixed Platforms.Build.0 = PARTHENON|Any CPU
		{ACD5DC11-EC6C-4A13-819B-A481869BB320}.PARTHENON|x86.ActiveCfg = PARTHENON|Any CPU
		{ACD5DC11-EC6C-4A13-819B-A481869BB320}.Release|Any CPU.ActiveCfg = Release|Any CPU
		{ACD5DC11-EC6C-4A13-819B-A481869BB320}.Release|Any CPU.Build.0 = Release|Any CPU
		{ACD5DC11-EC6C-4A13-819B-A481869BB320}.Release|Mixed Platforms.ActiveCfg = Release|Any CPU
		{ACD5DC11-EC6C-4A13-819B-A481869BB320}.Release|Mixed Platforms.Build.0 = Release|Any CPU
		{ACD5DC11-EC6C-4A13-819B-A481869BB320}.Release|x86.ActiveCfg = Release|Any CPU
		{ACD5DC11-EC6C-4A13-819B-A481869BB320}.TRON|Any CPU.ActiveCfg = TRONW8|Any CPU
		{ACD5DC11-EC6C-4A13-819B-A481869BB320}.TRON|Any CPU.Build.0 = TRONW8|Any CPU
		{ACD5DC11-EC6C-4A13-819B-A481869BB320}.TRON|Mixed Platforms.ActiveCfg = TRONW8|Any CPU
		{ACD5DC11-EC6C-4A13-819B-A481869BB320}.TRON|Mixed Platforms.Build.0 = TRONW8|Any CPU
		{ACD5DC11-EC6C-4A13-819B-A481869BB320}.TRON|x86.ActiveCfg = TRONW8|Any CPU
		{ACD5DC11-EC6C-4A13-819B-A481869BB320}.TRONW8|Any CPU.ActiveCfg = TRONW8|Any CPU
		{ACD5DC11-EC6C-4A13-819B-A481869BB320}.TRONW8|Any CPU.Build.0 = TRONW8|Any CPU
		{ACD5DC11-EC6C-4A13-819B-A481869BB320}.TRONW8|Mixed Platforms.ActiveCfg = TRONW8|Any CPU
		{ACD5DC11-EC6C-4A13-819B-A481869BB320}.TRONW8|Mixed Platforms.Build.0 = TRONW8|Any CPU
		{ACD5DC11-EC6C-4A13-819B-A481869BB320}.TRONW8|x86.ActiveCfg = TRONW8|Any CPU
		{433FBACE-46A8-470E-A61A-DF33D65B59E3}.A097912X0P|Any CPU.ActiveCfg = A097912X0P|Any CPU
		{433FBACE-46A8-470E-A61A-DF33D65B59E3}.A097912X0P|Any CPU.Build.0 = A097912X0P|Any CPU
		{433FBACE-46A8-470E-A61A-DF33D65B59E3}.A097912X0P|Any CPU.Deploy.0 = A097912X0P|Any CPU
		{433FBACE-46A8-470E-A61A-DF33D65B59E3}.A097912X0P|Mixed Platforms.ActiveCfg = A097912X0P|Any CPU
		{433FBACE-46A8-470E-A61A-DF33D65B59E3}.A097912X0P|Mixed Platforms.Build.0 = A097912X0P|Any CPU
		{433FBACE-46A8-470E-A61A-DF33D65B59E3}.A097912X0P|Mixed Platforms.Deploy.0 = A097912X0P|Any CPU
		{433FBACE-46A8-470E-A61A-DF33D65B59E3}.A097912X0P|x86.ActiveCfg = A097912X0P|Any CPU
		{433FBACE-46A8-470E-A61A-DF33D65B59E3}.A097921NYP|Any CPU.ActiveCfg = A097921NYP|Any CPU
		{433FBACE-46A8-470E-A61A-DF33D65B59E3}.A097921NYP|Any CPU.Build.0 = A097921NYP|Any CPU
		{433FBACE-46A8-470E-A61A-DF33D65B59E3}.A097921NYP|Any CPU.Deploy.0 = A097921NYP|Any CPU
		{433FBACE-46A8-470E-A61A-DF33D65B59E3}.A097921NYP|Mixed Platforms.ActiveCfg = A097921NYP|Any CPU
		{433FBACE-46A8-470E-A61A-DF33D65B59E3}.A097921NYP|Mixed Platforms.Build.0 = A097921NYP|Any CPU
		{433FBACE-46A8-470E-A61A-DF33D65B59E3}.A097921NYP|Mixed Platforms.Deploy.0 = A097921NYP|Any CPU
		{433FBACE-46A8-470E-A61A-DF33D65B59E3}.A097921NYP|x86.ActiveCfg = A097921NYP|Any CPU
		{433FBACE-46A8-470E-A61A-DF33D65B59E3}.Debug|Any CPU.ActiveCfg = Debug|Any CPU
		{433FBACE-46A8-470E-A61A-DF33D65B59E3}.Debug|Any CPU.Build.0 = Debug|Any CPU
		{433FBACE-46A8-470E-A61A-DF33D65B59E3}.Debug|Mixed Platforms.ActiveCfg = Debug|Any CPU
		{433FBACE-46A8-470E-A61A-DF33D65B59E3}.Debug|Mixed Platforms.Build.0 = Debug|Any CPU
		{433FBACE-46A8-470E-A61A-DF33D65B59E3}.Debug|Mixed Platforms.Deploy.0 = Debug|Any CPU
		{433FBACE-46A8-470E-A61A-DF33D65B59E3}.Debug|x86.ActiveCfg = Debug|Any CPU
		{433FBACE-46A8-470E-A61A-DF33D65B59E3}.iDev|Any CPU.ActiveCfg = iDev|Any CPU
		{433FBACE-46A8-470E-A61A-DF33D65B59E3}.iDev|Any CPU.Build.0 = iDev|Any CPU
		{433FBACE-46A8-470E-A61A-DF33D65B59E3}.iDev|Any CPU.Deploy.0 = iDev|Any CPU
		{433FBACE-46A8-470E-A61A-DF33D65B59E3}.iDev|Mixed Platforms.ActiveCfg = iDev|Any CPU
		{433FBACE-46A8-470E-A61A-DF33D65B59E3}.iDev|Mixed Platforms.Build.0 = iDev|Any CPU
		{433FBACE-46A8-470E-A61A-DF33D65B59E3}.iDev|Mixed Platforms.Deploy.0 = iDev|Any CPU
		{433FBACE-46A8-470E-A61A-DF33D65B59E3}.iDev|x86.ActiveCfg = iDev|Any CPU
		{433FBACE-46A8-470E-A61A-DF33D65B59E3}.LPSQLMGMT01Lv|Any CPU.ActiveCfg = LPSQLMGMT01Lv|Any CPU
		{433FBACE-46A8-470E-A61A-DF33D65B59E3}.LPSQLMGMT01Lv|Any CPU.Build.0 = LPSQLMGMT01Lv|Any CPU
		{433FBACE-46A8-470E-A61A-DF33D65B59E3}.LPSQLMGMT01Lv|Any CPU.Deploy.0 = LPSQLMGMT01Lv|Any CPU
		{433FBACE-46A8-470E-A61A-DF33D65B59E3}.LPSQLMGMT01Lv|Mixed Platforms.ActiveCfg = LPSQLMGMT01Lv|Any CPU
		{433FBACE-46A8-470E-A61A-DF33D65B59E3}.LPSQLMGMT01Lv|Mixed Platforms.Build.0 = LPSQLMGMT01Lv|Any CPU
		{433FBACE-46A8-470E-A61A-DF33D65B59E3}.LPSQLMGMT01Lv|Mixed Platforms.Deploy.0 = LPSQLMGMT01Lv|Any CPU
		{433FBACE-46A8-470E-A61A-DF33D65B59E3}.LPSQLMGMT01Lv|x86.ActiveCfg = LPSQLMGMT01Lv|Any CPU
		{433FBACE-46A8-470E-A61A-DF33D65B59E3}.MATRIX|Any CPU.ActiveCfg = MATRIX|Any CPU
		{433FBACE-46A8-470E-A61A-DF33D65B59E3}.MATRIX|Any CPU.Build.0 = MATRIX|Any CPU
		{433FBACE-46A8-470E-A61A-DF33D65B59E3}.MATRIX|Any CPU.Deploy.0 = MATRIX|Any CPU
		{433FBACE-46A8-470E-A61A-DF33D65B59E3}.MATRIX|Mixed Platforms.ActiveCfg = MATRIX|Any CPU
		{433FBACE-46A8-470E-A61A-DF33D65B59E3}.MATRIX|Mixed Platforms.Build.0 = MATRIX|Any CPU
		{433FBACE-46A8-470E-A61A-DF33D65B59E3}.MATRIX|Mixed Platforms.Deploy.0 = MATRIX|Any CPU
		{433FBACE-46A8-470E-A61A-DF33D65B59E3}.MATRIX|x86.ActiveCfg = MATRIX|Any CPU
		{433FBACE-46A8-470E-A61A-DF33D65B59E3}.MATRIXW8|Any CPU.ActiveCfg = MATRIXW8|Any CPU
		{433FBACE-46A8-470E-A61A-DF33D65B59E3}.MATRIXW8|Any CPU.Build.0 = MATRIXW8|Any CPU
		{433FBACE-46A8-470E-A61A-DF33D65B59E3}.MATRIXW8|Any CPU.Deploy.0 = MATRIXW8|Any CPU
		{433FBACE-46A8-470E-A61A-DF33D65B59E3}.MATRIXW8|Mixed Platforms.ActiveCfg = MATRIXW8|Any CPU
		{433FBACE-46A8-470E-A61A-DF33D65B59E3}.MATRIXW8|Mixed Platforms.Build.0 = MATRIXW8|Any CPU
		{433FBACE-46A8-470E-A61A-DF33D65B59E3}.MATRIXW8|Mixed Platforms.Deploy.0 = MATRIXW8|Any CPU
		{433FBACE-46A8-470E-A61A-DF33D65B59E3}.MATRIXW8|x86.ActiveCfg = MATRIXW8|Any CPU
		{433FBACE-46A8-470E-A61A-DF33D65B59E3}.PARTHENON|Any CPU.ActiveCfg = PARTHENON|Any CPU
		{433FBACE-46A8-470E-A61A-DF33D65B59E3}.PARTHENON|Any CPU.Build.0 = PARTHENON|Any CPU
		{433FBACE-46A8-470E-A61A-DF33D65B59E3}.PARTHENON|Any CPU.Deploy.0 = PARTHENON|Any CPU
		{433FBACE-46A8-470E-A61A-DF33D65B59E3}.PARTHENON|Mixed Platforms.ActiveCfg = PARTHENON|Any CPU
		{433FBACE-46A8-470E-A61A-DF33D65B59E3}.PARTHENON|Mixed Platforms.Build.0 = PARTHENON|Any CPU
		{433FBACE-46A8-470E-A61A-DF33D65B59E3}.PARTHENON|Mixed Platforms.Deploy.0 = PARTHENON|Any CPU
		{433FBACE-46A8-470E-A61A-DF33D65B59E3}.PARTHENON|x86.ActiveCfg = PARTHENON|Any CPU
		{433FBACE-46A8-470E-A61A-DF33D65B59E3}.Release|Any CPU.ActiveCfg = Release|Any CPU
		{433FBACE-46A8-470E-A61A-DF33D65B59E3}.Release|Any CPU.Build.0 = Release|Any CPU
		{433FBACE-46A8-470E-A61A-DF33D65B59E3}.Release|Any CPU.Deploy.0 = Release|Any CPU
		{433FBACE-46A8-470E-A61A-DF33D65B59E3}.Release|Mixed Platforms.ActiveCfg = Release|Any CPU
		{433FBACE-46A8-470E-A61A-DF33D65B59E3}.Release|Mixed Platforms.Build.0 = Release|Any CPU
		{433FBACE-46A8-470E-A61A-DF33D65B59E3}.Release|Mixed Platforms.Deploy.0 = Release|Any CPU
		{433FBACE-46A8-470E-A61A-DF33D65B59E3}.Release|x86.ActiveCfg = Release|Any CPU
		{433FBACE-46A8-470E-A61A-DF33D65B59E3}.TRON|Any CPU.ActiveCfg = TRON|Any CPU
		{433FBACE-46A8-470E-A61A-DF33D65B59E3}.TRON|Any CPU.Build.0 = TRON|Any CPU
		{433FBACE-46A8-470E-A61A-DF33D65B59E3}.TRON|Any CPU.Deploy.0 = TRON|Any CPU
		{433FBACE-46A8-470E-A61A-DF33D65B59E3}.TRON|Mixed Platforms.ActiveCfg = TRON|Any CPU
		{433FBACE-46A8-470E-A61A-DF33D65B59E3}.TRON|Mixed Platforms.Build.0 = TRON|Any CPU
		{433FBACE-46A8-470E-A61A-DF33D65B59E3}.TRON|Mixed Platforms.Deploy.0 = TRON|Any CPU
		{433FBACE-46A8-470E-A61A-DF33D65B59E3}.TRON|x86.ActiveCfg = TRON|Any CPU
		{433FBACE-46A8-470E-A61A-DF33D65B59E3}.TRONW8|Any CPU.ActiveCfg = TRONW8|Any CPU
		{433FBACE-46A8-470E-A61A-DF33D65B59E3}.TRONW8|Any CPU.Build.0 = TRONW8|Any CPU
		{433FBACE-46A8-470E-A61A-DF33D65B59E3}.TRONW8|Any CPU.Deploy.0 = TRONW8|Any CPU
		{433FBACE-46A8-470E-A61A-DF33D65B59E3}.TRONW8|Mixed Platforms.ActiveCfg = TRONW8|Any CPU
		{433FBACE-46A8-470E-A61A-DF33D65B59E3}.TRONW8|Mixed Platforms.Build.0 = TRONW8|Any CPU
		{433FBACE-46A8-470E-A61A-DF33D65B59E3}.TRONW8|Mixed Platforms.Deploy.0 = TRONW8|Any CPU
		{433FBACE-46A8-470E-A61A-DF33D65B59E3}.TRONW8|x86.ActiveCfg = TRONW8|Any CPU
		{E69189D8-6331-4775-9C69-65B93E95C6EB}.A097912X0P|Any CPU.ActiveCfg = Release|Any CPU
		{E69189D8-6331-4775-9C69-65B93E95C6EB}.A097912X0P|Any CPU.Build.0 = Release|Any CPU
		{E69189D8-6331-4775-9C69-65B93E95C6EB}.A097912X0P|Mixed Platforms.ActiveCfg = Debug|Any CPU
		{E69189D8-6331-4775-9C69-65B93E95C6EB}.A097912X0P|Mixed Platforms.Build.0 = Debug|Any CPU
		{E69189D8-6331-4775-9C69-65B93E95C6EB}.A097912X0P|x86.ActiveCfg = Debug|Any CPU
		{E69189D8-6331-4775-9C69-65B93E95C6EB}.A097921NYP|Any CPU.ActiveCfg = Release|Any CPU
		{E69189D8-6331-4775-9C69-65B93E95C6EB}.A097921NYP|Any CPU.Build.0 = Release|Any CPU
		{E69189D8-6331-4775-9C69-65B93E95C6EB}.A097921NYP|Mixed Platforms.ActiveCfg = Debug|Any CPU
		{E69189D8-6331-4775-9C69-65B93E95C6EB}.A097921NYP|Mixed Platforms.Build.0 = Debug|Any CPU
		{E69189D8-6331-4775-9C69-65B93E95C6EB}.A097921NYP|x86.ActiveCfg = Debug|Any CPU
		{E69189D8-6331-4775-9C69-65B93E95C6EB}.Debug|Any CPU.ActiveCfg = Debug|Any CPU
		{E69189D8-6331-4775-9C69-65B93E95C6EB}.Debug|Any CPU.Build.0 = Debug|Any CPU
		{E69189D8-6331-4775-9C69-65B93E95C6EB}.Debug|Mixed Platforms.ActiveCfg = Debug|Any CPU
		{E69189D8-6331-4775-9C69-65B93E95C6EB}.Debug|Mixed Platforms.Build.0 = Debug|Any CPU
		{E69189D8-6331-4775-9C69-65B93E95C6EB}.Debug|x86.ActiveCfg = Debug|Any CPU
		{E69189D8-6331-4775-9C69-65B93E95C6EB}.iDev|Any CPU.ActiveCfg = Release|Any CPU
		{E69189D8-6331-4775-9C69-65B93E95C6EB}.iDev|Any CPU.Build.0 = Release|Any CPU
		{E69189D8-6331-4775-9C69-65B93E95C6EB}.iDev|Mixed Platforms.ActiveCfg = Debug|Any CPU
		{E69189D8-6331-4775-9C69-65B93E95C6EB}.iDev|Mixed Platforms.Build.0 = Debug|Any CPU
		{E69189D8-6331-4775-9C69-65B93E95C6EB}.iDev|x86.ActiveCfg = Debug|Any CPU
		{E69189D8-6331-4775-9C69-65B93E95C6EB}.LPSQLMGMT01Lv|Any CPU.ActiveCfg = Release|Any CPU
		{E69189D8-6331-4775-9C69-65B93E95C6EB}.LPSQLMGMT01Lv|Any CPU.Build.0 = Release|Any CPU
		{E69189D8-6331-4775-9C69-65B93E95C6EB}.LPSQLMGMT01Lv|Mixed Platforms.ActiveCfg = Debug|Any CPU
		{E69189D8-6331-4775-9C69-65B93E95C6EB}.LPSQLMGMT01Lv|Mixed Platforms.Build.0 = Debug|Any CPU
		{E69189D8-6331-4775-9C69-65B93E95C6EB}.LPSQLMGMT01Lv|x86.ActiveCfg = Debug|Any CPU
		{E69189D8-6331-4775-9C69-65B93E95C6EB}.MATRIX|Any CPU.ActiveCfg = Release|Any CPU
		{E69189D8-6331-4775-9C69-65B93E95C6EB}.MATRIX|Any CPU.Build.0 = Release|Any CPU
		{E69189D8-6331-4775-9C69-65B93E95C6EB}.MATRIX|Mixed Platforms.ActiveCfg = Debug|Any CPU
		{E69189D8-6331-4775-9C69-65B93E95C6EB}.MATRIX|Mixed Platforms.Build.0 = Debug|Any CPU
		{E69189D8-6331-4775-9C69-65B93E95C6EB}.MATRIX|x86.ActiveCfg = Debug|Any CPU
		{E69189D8-6331-4775-9C69-65B93E95C6EB}.MATRIXW8|Any CPU.ActiveCfg = Release|Any CPU
		{E69189D8-6331-4775-9C69-65B93E95C6EB}.MATRIXW8|Any CPU.Build.0 = Release|Any CPU
		{E69189D8-6331-4775-9C69-65B93E95C6EB}.MATRIXW8|Mixed Platforms.ActiveCfg = Debug|Any CPU
		{E69189D8-6331-4775-9C69-65B93E95C6EB}.MATRIXW8|Mixed Platforms.Build.0 = Debug|Any CPU
		{E69189D8-6331-4775-9C69-65B93E95C6EB}.MATRIXW8|x86.ActiveCfg = Debug|Any CPU
		{E69189D8-6331-4775-9C69-65B93E95C6EB}.PARTHENON|Any CPU.ActiveCfg = Release|Any CPU
		{E69189D8-6331-4775-9C69-65B93E95C6EB}.PARTHENON|Any CPU.Build.0 = Release|Any CPU
		{E69189D8-6331-4775-9C69-65B93E95C6EB}.PARTHENON|Mixed Platforms.ActiveCfg = Debug|Any CPU
		{E69189D8-6331-4775-9C69-65B93E95C6EB}.PARTHENON|Mixed Platforms.Build.0 = Debug|Any CPU
		{E69189D8-6331-4775-9C69-65B93E95C6EB}.PARTHENON|x86.ActiveCfg = Debug|Any CPU
		{E69189D8-6331-4775-9C69-65B93E95C6EB}.Release|Any CPU.ActiveCfg = Release|Any CPU
		{E69189D8-6331-4775-9C69-65B93E95C6EB}.Release|Any CPU.Build.0 = Release|Any CPU
		{E69189D8-6331-4775-9C69-65B93E95C6EB}.Release|Mixed Platforms.ActiveCfg = Release|Any CPU
		{E69189D8-6331-4775-9C69-65B93E95C6EB}.Release|Mixed Platforms.Build.0 = Release|Any CPU
		{E69189D8-6331-4775-9C69-65B93E95C6EB}.Release|x86.ActiveCfg = Release|Any CPU
		{E69189D8-6331-4775-9C69-65B93E95C6EB}.TRON|Any CPU.ActiveCfg = Release|Any CPU
		{E69189D8-6331-4775-9C69-65B93E95C6EB}.TRON|Any CPU.Build.0 = Release|Any CPU
		{E69189D8-6331-4775-9C69-65B93E95C6EB}.TRON|Mixed Platforms.ActiveCfg = Debug|Any CPU
		{E69189D8-6331-4775-9C69-65B93E95C6EB}.TRON|Mixed Platforms.Build.0 = Debug|Any CPU
		{E69189D8-6331-4775-9C69-65B93E95C6EB}.TRON|x86.ActiveCfg = Debug|Any CPU
		{E69189D8-6331-4775-9C69-65B93E95C6EB}.TRONW8|Any CPU.ActiveCfg = Release|Any CPU
		{E69189D8-6331-4775-9C69-65B93E95C6EB}.TRONW8|Any CPU.Build.0 = Release|Any CPU
		{E69189D8-6331-4775-9C69-65B93E95C6EB}.TRONW8|Mixed Platforms.ActiveCfg = Debug|Any CPU
		{E69189D8-6331-4775-9C69-65B93E95C6EB}.TRONW8|Mixed Platforms.Build.0 = Debug|Any CPU
		{E69189D8-6331-4775-9C69-65B93E95C6EB}.TRONW8|x86.ActiveCfg = Debug|Any CPU
		{23820666-C581-49D0-9445-24451E26A4E5}.A097912X0P|Any CPU.ActiveCfg = Release|Any CPU
		{23820666-C581-49D0-9445-24451E26A4E5}.A097912X0P|Any CPU.Build.0 = Release|Any CPU
		{23820666-C581-49D0-9445-24451E26A4E5}.A097912X0P|Mixed Platforms.ActiveCfg = Release|Any CPU
		{23820666-C581-49D0-9445-24451E26A4E5}.A097912X0P|Mixed Platforms.Build.0 = Release|Any CPU
		{23820666-C581-49D0-9445-24451E26A4E5}.A097912X0P|x86.ActiveCfg = Release|Any CPU
		{23820666-C581-49D0-9445-24451E26A4E5}.A097921NYP|Any CPU.ActiveCfg = Release|Any CPU
		{23820666-C581-49D0-9445-24451E26A4E5}.A097921NYP|Any CPU.Build.0 = Release|Any CPU
		{23820666-C581-49D0-9445-24451E26A4E5}.A097921NYP|Mixed Platforms.ActiveCfg = Release|Any CPU
		{23820666-C581-49D0-9445-24451E26A4E5}.A097921NYP|Mixed Platforms.Build.0 = Release|Any CPU
		{23820666-C581-49D0-9445-24451E26A4E5}.A097921NYP|x86.ActiveCfg = Release|Any CPU
		{23820666-C581-49D0-9445-24451E26A4E5}.Debug|Any CPU.ActiveCfg = Debug|Any CPU
		{23820666-C581-49D0-9445-24451E26A4E5}.Debug|Any CPU.Build.0 = Debug|Any CPU
		{23820666-C581-49D0-9445-24451E26A4E5}.Debug|Mixed Platforms.ActiveCfg = Debug|Any CPU
		{23820666-C581-49D0-9445-24451E26A4E5}.Debug|Mixed Platforms.Build.0 = Debug|Any CPU
		{23820666-C581-49D0-9445-24451E26A4E5}.Debug|x86.ActiveCfg = Debug|Any CPU
		{23820666-C581-49D0-9445-24451E26A4E5}.iDev|Any CPU.ActiveCfg = Release|Any CPU
		{23820666-C581-49D0-9445-24451E26A4E5}.iDev|Any CPU.Build.0 = Release|Any CPU
		{23820666-C581-49D0-9445-24451E26A4E5}.iDev|Mixed Platforms.ActiveCfg = Release|Any CPU
		{23820666-C581-49D0-9445-24451E26A4E5}.iDev|Mixed Platforms.Build.0 = Release|Any CPU
		{23820666-C581-49D0-9445-24451E26A4E5}.iDev|x86.ActiveCfg = Release|Any CPU
		{23820666-C581-49D0-9445-24451E26A4E5}.LPSQLMGMT01Lv|Any CPU.ActiveCfg = Release|Any CPU
		{23820666-C581-49D0-9445-24451E26A4E5}.LPSQLMGMT01Lv|Any CPU.Build.0 = Release|Any CPU
		{23820666-C581-49D0-9445-24451E26A4E5}.LPSQLMGMT01Lv|Mixed Platforms.ActiveCfg = Release|Any CPU
		{23820666-C581-49D0-9445-24451E26A4E5}.LPSQLMGMT01Lv|Mixed Platforms.Build.0 = Release|Any CPU
		{23820666-C581-49D0-9445-24451E26A4E5}.LPSQLMGMT01Lv|x86.ActiveCfg = Release|Any CPU
		{23820666-C581-49D0-9445-24451E26A4E5}.MATRIX|Any CPU.ActiveCfg = Release|Any CPU
		{23820666-C581-49D0-9445-24451E26A4E5}.MATRIX|Any CPU.Build.0 = Release|Any CPU
		{23820666-C581-49D0-9445-24451E26A4E5}.MATRIX|Mixed Platforms.ActiveCfg = Release|Any CPU
		{23820666-C581-49D0-9445-24451E26A4E5}.MATRIX|Mixed Platforms.Build.0 = Release|Any CPU
		{23820666-C581-49D0-9445-24451E26A4E5}.MATRIX|x86.ActiveCfg = Release|Any CPU
		{23820666-C581-49D0-9445-24451E26A4E5}.MATRIXW8|Any CPU.ActiveCfg = Release|Any CPU
		{23820666-C581-49D0-9445-24451E26A4E5}.MATRIXW8|Any CPU.Build.0 = Release|Any CPU
		{23820666-C581-49D0-9445-24451E26A4E5}.MATRIXW8|Mixed Platforms.ActiveCfg = Release|Any CPU
		{23820666-C581-49D0-9445-24451E26A4E5}.MATRIXW8|Mixed Platforms.Build.0 = Release|Any CPU
		{23820666-C581-49D0-9445-24451E26A4E5}.MATRIXW8|x86.ActiveCfg = Release|Any CPU
		{23820666-C581-49D0-9445-24451E26A4E5}.PARTHENON|Any CPU.ActiveCfg = Release|Any CPU
		{23820666-C581-49D0-9445-24451E26A4E5}.PARTHENON|Any CPU.Build.0 = Release|Any CPU
		{23820666-C581-49D0-9445-24451E26A4E5}.PARTHENON|Mixed Platforms.ActiveCfg = Release|Any CPU
		{23820666-C581-49D0-9445-24451E26A4E5}.PARTHENON|Mixed Platforms.Build.0 = Release|Any CPU
		{23820666-C581-49D0-9445-24451E26A4E5}.PARTHENON|x86.ActiveCfg = Release|Any CPU
		{23820666-C581-49D0-9445-24451E26A4E5}.Release|Any CPU.ActiveCfg = Release|Any CPU
		{23820666-C581-49D0-9445-24451E26A4E5}.Release|Any CPU.Build.0 = Release|Any CPU
		{23820666-C581-49D0-9445-24451E26A4E5}.Release|Mixed Platforms.ActiveCfg = Release|Any CPU
		{23820666-C581-49D0-9445-24451E26A4E5}.Release|Mixed Platforms.Build.0 = Release|Any CPU
		{23820666-C581-49D0-9445-24451E26A4E5}.Release|x86.ActiveCfg = Release|Any CPU
		{23820666-C581-49D0-9445-24451E26A4E5}.TRON|Any CPU.ActiveCfg = Release|Any CPU
		{23820666-C581-49D0-9445-24451E26A4E5}.TRON|Any CPU.Build.0 = Release|Any CPU
		{23820666-C581-49D0-9445-24451E26A4E5}.TRON|Mixed Platforms.ActiveCfg = Release|Any CPU
		{23820666-C581-49D0-9445-24451E26A4E5}.TRON|Mixed Platforms.Build.0 = Release|Any CPU
		{23820666-C581-49D0-9445-24451E26A4E5}.TRON|x86.ActiveCfg = Release|Any CPU
		{23820666-C581-49D0-9445-24451E26A4E5}.TRONW8|Any CPU.ActiveCfg = Release|Any CPU
		{23820666-C581-49D0-9445-24451E26A4E5}.TRONW8|Any CPU.Build.0 = Release|Any CPU
		{23820666-C581-49D0-9445-24451E26A4E5}.TRONW8|Mixed Platforms.ActiveCfg = Release|Any CPU
		{23820666-C581-49D0-9445-24451E26A4E5}.TRONW8|Mixed Platforms.Build.0 = Release|Any CPU
		{23820666-C581-49D0-9445-24451E26A4E5}.TRONW8|x86.ActiveCfg = Release|Any CPU
		{8EC4E7EB-AACF-468D-B4B1-8BA4EF3134AF}.A097912X0P|Any CPU.ActiveCfg = Release|x86
		{8EC4E7EB-AACF-468D-B4B1-8BA4EF3134AF}.A097912X0P|Mixed Platforms.ActiveCfg = Release|x86
		{8EC4E7EB-AACF-468D-B4B1-8BA4EF3134AF}.A097912X0P|Mixed Platforms.Build.0 = Release|x86
		{8EC4E7EB-AACF-468D-B4B1-8BA4EF3134AF}.A097912X0P|x86.ActiveCfg = Release|x86
		{8EC4E7EB-AACF-468D-B4B1-8BA4EF3134AF}.A097912X0P|x86.Build.0 = Release|x86
		{8EC4E7EB-AACF-468D-B4B1-8BA4EF3134AF}.A097921NYP|Any CPU.ActiveCfg = Release|x86
		{8EC4E7EB-AACF-468D-B4B1-8BA4EF3134AF}.A097921NYP|Mixed Platforms.ActiveCfg = Release|x86
		{8EC4E7EB-AACF-468D-B4B1-8BA4EF3134AF}.A097921NYP|Mixed Platforms.Build.0 = Release|x86
		{8EC4E7EB-AACF-468D-B4B1-8BA4EF3134AF}.A097921NYP|x86.ActiveCfg = Release|x86
		{8EC4E7EB-AACF-468D-B4B1-8BA4EF3134AF}.A097921NYP|x86.Build.0 = Release|x86
		{8EC4E7EB-AACF-468D-B4B1-8BA4EF3134AF}.Debug|Any CPU.ActiveCfg = Debug|x86
		{8EC4E7EB-AACF-468D-B4B1-8BA4EF3134AF}.Debug|Mixed Platforms.ActiveCfg = Debug|x86
		{8EC4E7EB-AACF-468D-B4B1-8BA4EF3134AF}.Debug|Mixed Platforms.Build.0 = Debug|x86
		{8EC4E7EB-AACF-468D-B4B1-8BA4EF3134AF}.Debug|x86.ActiveCfg = Debug|x86
		{8EC4E7EB-AACF-468D-B4B1-8BA4EF3134AF}.Debug|x86.Build.0 = Debug|x86
		{8EC4E7EB-AACF-468D-B4B1-8BA4EF3134AF}.iDev|Any CPU.ActiveCfg = Release|x86
		{8EC4E7EB-AACF-468D-B4B1-8BA4EF3134AF}.iDev|Mixed Platforms.ActiveCfg = Release|x86
		{8EC4E7EB-AACF-468D-B4B1-8BA4EF3134AF}.iDev|Mixed Platforms.Build.0 = Release|x86
		{8EC4E7EB-AACF-468D-B4B1-8BA4EF3134AF}.iDev|x86.ActiveCfg = Release|x86
		{8EC4E7EB-AACF-468D-B4B1-8BA4EF3134AF}.iDev|x86.Build.0 = Release|x86
		{8EC4E7EB-AACF-468D-B4B1-8BA4EF3134AF}.LPSQLMGMT01Lv|Any CPU.ActiveCfg = Release|x86
		{8EC4E7EB-AACF-468D-B4B1-8BA4EF3134AF}.LPSQLMGMT01Lv|Mixed Platforms.ActiveCfg = Release|x86
		{8EC4E7EB-AACF-468D-B4B1-8BA4EF3134AF}.LPSQLMGMT01Lv|Mixed Platforms.Build.0 = Release|x86
		{8EC4E7EB-AACF-468D-B4B1-8BA4EF3134AF}.LPSQLMGMT01Lv|x86.ActiveCfg = Release|x86
		{8EC4E7EB-AACF-468D-B4B1-8BA4EF3134AF}.LPSQLMGMT01Lv|x86.Build.0 = Release|x86
		{8EC4E7EB-AACF-468D-B4B1-8BA4EF3134AF}.MATRIX|Any CPU.ActiveCfg = Release|x86
		{8EC4E7EB-AACF-468D-B4B1-8BA4EF3134AF}.MATRIX|Mixed Platforms.ActiveCfg = Release|x86
		{8EC4E7EB-AACF-468D-B4B1-8BA4EF3134AF}.MATRIX|Mixed Platforms.Build.0 = Release|x86
		{8EC4E7EB-AACF-468D-B4B1-8BA4EF3134AF}.MATRIX|x86.ActiveCfg = Release|x86
		{8EC4E7EB-AACF-468D-B4B1-8BA4EF3134AF}.MATRIX|x86.Build.0 = Release|x86
		{8EC4E7EB-AACF-468D-B4B1-8BA4EF3134AF}.MATRIXW8|Any CPU.ActiveCfg = Release|x86
		{8EC4E7EB-AACF-468D-B4B1-8BA4EF3134AF}.MATRIXW8|Mixed Platforms.ActiveCfg = Release|x86
		{8EC4E7EB-AACF-468D-B4B1-8BA4EF3134AF}.MATRIXW8|Mixed Platforms.Build.0 = Release|x86
		{8EC4E7EB-AACF-468D-B4B1-8BA4EF3134AF}.MATRIXW8|x86.ActiveCfg = Release|x86
		{8EC4E7EB-AACF-468D-B4B1-8BA4EF3134AF}.MATRIXW8|x86.Build.0 = Release|x86
		{8EC4E7EB-AACF-468D-B4B1-8BA4EF3134AF}.PARTHENON|Any CPU.ActiveCfg = Release|x86
		{8EC4E7EB-AACF-468D-B4B1-8BA4EF3134AF}.PARTHENON|Mixed Platforms.ActiveCfg = Release|x86
		{8EC4E7EB-AACF-468D-B4B1-8BA4EF3134AF}.PARTHENON|Mixed Platforms.Build.0 = Release|x86
		{8EC4E7EB-AACF-468D-B4B1-8BA4EF3134AF}.PARTHENON|x86.ActiveCfg = Release|x86
		{8EC4E7EB-AACF-468D-B4B1-8BA4EF3134AF}.PARTHENON|x86.Build.0 = Release|x86
		{8EC4E7EB-AACF-468D-B4B1-8BA4EF3134AF}.Release|Any CPU.ActiveCfg = Release|x86
		{8EC4E7EB-AACF-468D-B4B1-8BA4EF3134AF}.Release|Mixed Platforms.ActiveCfg = Release|x86
		{8EC4E7EB-AACF-468D-B4B1-8BA4EF3134AF}.Release|Mixed Platforms.Build.0 = Release|x86
		{8EC4E7EB-AACF-468D-B4B1-8BA4EF3134AF}.Release|x86.ActiveCfg = Release|x86
		{8EC4E7EB-AACF-468D-B4B1-8BA4EF3134AF}.Release|x86.Build.0 = Release|x86
		{8EC4E7EB-AACF-468D-B4B1-8BA4EF3134AF}.TRON|Any CPU.ActiveCfg = Release|x86
		{8EC4E7EB-AACF-468D-B4B1-8BA4EF3134AF}.TRON|Mixed Platforms.ActiveCfg = Release|x86
		{8EC4E7EB-AACF-468D-B4B1-8BA4EF3134AF}.TRON|Mixed Platforms.Build.0 = Release|x86
		{8EC4E7EB-AACF-468D-B4B1-8BA4EF3134AF}.TRON|x86.ActiveCfg = Release|x86
		{8EC4E7EB-AACF-468D-B4B1-8BA4EF3134AF}.TRON|x86.Build.0 = Release|x86
		{8EC4E7EB-AACF-468D-B4B1-8BA4EF3134AF}.TRONW8|Any CPU.ActiveCfg = Release|x86
		{8EC4E7EB-AACF-468D-B4B1-8BA4EF3134AF}.TRONW8|Mixed Platforms.ActiveCfg = Release|x86
		{8EC4E7EB-AACF-468D-B4B1-8BA4EF3134AF}.TRONW8|Mixed Platforms.Build.0 = Release|x86
		{8EC4E7EB-AACF-468D-B4B1-8BA4EF3134AF}.TRONW8|x86.ActiveCfg = Release|x86
		{8EC4E7EB-AACF-468D-B4B1-8BA4EF3134AF}.TRONW8|x86.Build.0 = Release|x86
		{BF4598B1-6450-4042-97A3-AB3ACAFE8D84}.A097912X0P|Any CPU.ActiveCfg = A097921NYP|Any CPU
		{BF4598B1-6450-4042-97A3-AB3ACAFE8D84}.A097912X0P|Any CPU.Build.0 = A097921NYP|Any CPU
		{BF4598B1-6450-4042-97A3-AB3ACAFE8D84}.A097912X0P|Mixed Platforms.ActiveCfg = A097921NYP|Any CPU
		{BF4598B1-6450-4042-97A3-AB3ACAFE8D84}.A097912X0P|Mixed Platforms.Build.0 = A097921NYP|Any CPU
		{BF4598B1-6450-4042-97A3-AB3ACAFE8D84}.A097912X0P|x86.ActiveCfg = A097921NYP|Any CPU
		{BF4598B1-6450-4042-97A3-AB3ACAFE8D84}.A097921NYP|Any CPU.ActiveCfg = A097921NYP|Any CPU
		{BF4598B1-6450-4042-97A3-AB3ACAFE8D84}.A097921NYP|Any CPU.Build.0 = A097921NYP|Any CPU
		{BF4598B1-6450-4042-97A3-AB3ACAFE8D84}.A097921NYP|Mixed Platforms.ActiveCfg = A097921NYP|Any CPU
		{BF4598B1-6450-4042-97A3-AB3ACAFE8D84}.A097921NYP|Mixed Platforms.Build.0 = A097921NYP|Any CPU
		{BF4598B1-6450-4042-97A3-AB3ACAFE8D84}.A097921NYP|x86.ActiveCfg = A097921NYP|Any CPU
		{BF4598B1-6450-4042-97A3-AB3ACAFE8D84}.Debug|Any CPU.ActiveCfg = Debug|Any CPU
		{BF4598B1-6450-4042-97A3-AB3ACAFE8D84}.Debug|Any CPU.Build.0 = Debug|Any CPU
		{BF4598B1-6450-4042-97A3-AB3ACAFE8D84}.Debug|Mixed Platforms.ActiveCfg = Debug|Any CPU
		{BF4598B1-6450-4042-97A3-AB3ACAFE8D84}.Debug|Mixed Platforms.Build.0 = Debug|Any CPU
		{BF4598B1-6450-4042-97A3-AB3ACAFE8D84}.Debug|x86.ActiveCfg = Debug|Any CPU
		{BF4598B1-6450-4042-97A3-AB3ACAFE8D84}.iDev|Any CPU.ActiveCfg = iDev|Any CPU
		{BF4598B1-6450-4042-97A3-AB3ACAFE8D84}.iDev|Any CPU.Build.0 = iDev|Any CPU
		{BF4598B1-6450-4042-97A3-AB3ACAFE8D84}.iDev|Mixed Platforms.ActiveCfg = iDev|Any CPU
		{BF4598B1-6450-4042-97A3-AB3ACAFE8D84}.iDev|Mixed Platforms.Build.0 = iDev|Any CPU
		{BF4598B1-6450-4042-97A3-AB3ACAFE8D84}.iDev|x86.ActiveCfg = iDev|Any CPU
		{BF4598B1-6450-4042-97A3-AB3ACAFE8D84}.LPSQLMGMT01Lv|Any CPU.ActiveCfg = iDev|Any CPU
		{BF4598B1-6450-4042-97A3-AB3ACAFE8D84}.LPSQLMGMT01Lv|Any CPU.Build.0 = iDev|Any CPU
		{BF4598B1-6450-4042-97A3-AB3ACAFE8D84}.LPSQLMGMT01Lv|Mixed Platforms.ActiveCfg = iDev|Any CPU
		{BF4598B1-6450-4042-97A3-AB3ACAFE8D84}.LPSQLMGMT01Lv|Mixed Platforms.Build.0 = iDev|Any CPU
		{BF4598B1-6450-4042-97A3-AB3ACAFE8D84}.LPSQLMGMT01Lv|x86.ActiveCfg = iDev|Any CPU
		{BF4598B1-6450-4042-97A3-AB3ACAFE8D84}.MATRIX|Any CPU.ActiveCfg = iDev|Any CPU
		{BF4598B1-6450-4042-97A3-AB3ACAFE8D84}.MATRIX|Any CPU.Build.0 = iDev|Any CPU
		{BF4598B1-6450-4042-97A3-AB3ACAFE8D84}.MATRIX|Mixed Platforms.ActiveCfg = iDev|Any CPU
		{BF4598B1-6450-4042-97A3-AB3ACAFE8D84}.MATRIX|Mixed Platforms.Build.0 = iDev|Any CPU
		{BF4598B1-6450-4042-97A3-AB3ACAFE8D84}.MATRIX|x86.ActiveCfg = iDev|Any CPU
		{BF4598B1-6450-4042-97A3-AB3ACAFE8D84}.MATRIXW8|Any CPU.ActiveCfg = iDev|Any CPU
		{BF4598B1-6450-4042-97A3-AB3ACAFE8D84}.MATRIXW8|Any CPU.Build.0 = iDev|Any CPU
		{BF4598B1-6450-4042-97A3-AB3ACAFE8D84}.MATRIXW8|Mixed Platforms.ActiveCfg = iDev|Any CPU
		{BF4598B1-6450-4042-97A3-AB3ACAFE8D84}.MATRIXW8|Mixed Platforms.Build.0 = iDev|Any CPU
		{BF4598B1-6450-4042-97A3-AB3ACAFE8D84}.MATRIXW8|x86.ActiveCfg = iDev|Any CPU
		{BF4598B1-6450-4042-97A3-AB3ACAFE8D84}.PARTHENON|Any CPU.ActiveCfg = iDev|Any CPU
		{BF4598B1-6450-4042-97A3-AB3ACAFE8D84}.PARTHENON|Any CPU.Build.0 = iDev|Any CPU
		{BF4598B1-6450-4042-97A3-AB3ACAFE8D84}.PARTHENON|Mixed Platforms.ActiveCfg = iDev|Any CPU
		{BF4598B1-6450-4042-97A3-AB3ACAFE8D84}.PARTHENON|Mixed Platforms.Build.0 = iDev|Any CPU
		{BF4598B1-6450-4042-97A3-AB3ACAFE8D84}.PARTHENON|x86.ActiveCfg = iDev|Any CPU
		{BF4598B1-6450-4042-97A3-AB3ACAFE8D84}.Release|Any CPU.ActiveCfg = Release|Any CPU
		{BF4598B1-6450-4042-97A3-AB3ACAFE8D84}.Release|Any CPU.Build.0 = Release|Any CPU
		{BF4598B1-6450-4042-97A3-AB3ACAFE8D84}.Release|Mixed Platforms.ActiveCfg = Release|Any CPU
		{BF4598B1-6450-4042-97A3-AB3ACAFE8D84}.Release|Mixed Platforms.Build.0 = Release|Any CPU
		{BF4598B1-6450-4042-97A3-AB3ACAFE8D84}.Release|x86.ActiveCfg = Release|Any CPU
		{BF4598B1-6450-4042-97A3-AB3ACAFE8D84}.TRON|Any CPU.ActiveCfg = iDev|Any CPU
		{BF4598B1-6450-4042-97A3-AB3ACAFE8D84}.TRON|Any CPU.Build.0 = iDev|Any CPU
		{BF4598B1-6450-4042-97A3-AB3ACAFE8D84}.TRON|Mixed Platforms.ActiveCfg = iDev|Any CPU
		{BF4598B1-6450-4042-97A3-AB3ACAFE8D84}.TRON|Mixed Platforms.Build.0 = iDev|Any CPU
		{BF4598B1-6450-4042-97A3-AB3ACAFE8D84}.TRON|x86.ActiveCfg = iDev|Any CPU
		{BF4598B1-6450-4042-97A3-AB3ACAFE8D84}.TRONW8|Any CPU.ActiveCfg = iDev|Any CPU
		{BF4598B1-6450-4042-97A3-AB3ACAFE8D84}.TRONW8|Any CPU.Build.0 = iDev|Any CPU
		{BF4598B1-6450-4042-97A3-AB3ACAFE8D84}.TRONW8|Mixed Platforms.ActiveCfg = iDev|Any CPU
		{BF4598B1-6450-4042-97A3-AB3ACAFE8D84}.TRONW8|Mixed Platforms.Build.0 = iDev|Any CPU
		{BF4598B1-6450-4042-97A3-AB3ACAFE8D84}.TRONW8|x86.ActiveCfg = iDev|Any CPU
		{B6791773-0D36-4CD6-B154-AEE976C3ABCA}.A097912X0P|Any CPU.ActiveCfg = A097921NYP|Any CPU
		{B6791773-0D36-4CD6-B154-AEE976C3ABCA}.A097912X0P|Any CPU.Build.0 = A097921NYP|Any CPU
		{B6791773-0D36-4CD6-B154-AEE976C3ABCA}.A097912X0P|Mixed Platforms.ActiveCfg = A097921NYP|Any CPU
		{B6791773-0D36-4CD6-B154-AEE976C3ABCA}.A097912X0P|Mixed Platforms.Build.0 = A097921NYP|Any CPU
		{B6791773-0D36-4CD6-B154-AEE976C3ABCA}.A097912X0P|x86.ActiveCfg = A097921NYP|Any CPU
		{B6791773-0D36-4CD6-B154-AEE976C3ABCA}.A097921NYP|Any CPU.ActiveCfg = A097921NYP|Any CPU
		{B6791773-0D36-4CD6-B154-AEE976C3ABCA}.A097921NYP|Any CPU.Build.0 = A097921NYP|Any CPU
		{B6791773-0D36-4CD6-B154-AEE976C3ABCA}.A097921NYP|Mixed Platforms.ActiveCfg = A097921NYP|Any CPU
		{B6791773-0D36-4CD6-B154-AEE976C3ABCA}.A097921NYP|Mixed Platforms.Build.0 = A097921NYP|Any CPU
		{B6791773-0D36-4CD6-B154-AEE976C3ABCA}.A097921NYP|x86.ActiveCfg = A097921NYP|Any CPU
		{B6791773-0D36-4CD6-B154-AEE976C3ABCA}.Debug|Any CPU.ActiveCfg = Debug|Any CPU
		{B6791773-0D36-4CD6-B154-AEE976C3ABCA}.Debug|Any CPU.Build.0 = Debug|Any CPU
		{B6791773-0D36-4CD6-B154-AEE976C3ABCA}.Debug|Mixed Platforms.ActiveCfg = Debug|Any CPU
		{B6791773-0D36-4CD6-B154-AEE976C3ABCA}.Debug|Mixed Platforms.Build.0 = Debug|Any CPU
		{B6791773-0D36-4CD6-B154-AEE976C3ABCA}.Debug|x86.ActiveCfg = Debug|Any CPU
		{B6791773-0D36-4CD6-B154-AEE976C3ABCA}.iDev|Any CPU.ActiveCfg = iDev|Any CPU
		{B6791773-0D36-4CD6-B154-AEE976C3ABCA}.iDev|Any CPU.Build.0 = iDev|Any CPU
		{B6791773-0D36-4CD6-B154-AEE976C3ABCA}.iDev|Mixed Platforms.ActiveCfg = iDev|Any CPU
		{B6791773-0D36-4CD6-B154-AEE976C3ABCA}.iDev|Mixed Platforms.Build.0 = iDev|Any CPU
		{B6791773-0D36-4CD6-B154-AEE976C3ABCA}.iDev|x86.ActiveCfg = iDev|Any CPU
		{B6791773-0D36-4CD6-B154-AEE976C3ABCA}.LPSQLMGMT01Lv|Any CPU.ActiveCfg = iDev|Any CPU
		{B6791773-0D36-4CD6-B154-AEE976C3ABCA}.LPSQLMGMT01Lv|Any CPU.Build.0 = iDev|Any CPU
		{B6791773-0D36-4CD6-B154-AEE976C3ABCA}.LPSQLMGMT01Lv|Mixed Platforms.ActiveCfg = iDev|Any CPU
		{B6791773-0D36-4CD6-B154-AEE976C3ABCA}.LPSQLMGMT01Lv|Mixed Platforms.Build.0 = iDev|Any CPU
		{B6791773-0D36-4CD6-B154-AEE976C3ABCA}.LPSQLMGMT01Lv|x86.ActiveCfg = iDev|Any CPU
		{B6791773-0D36-4CD6-B154-AEE976C3ABCA}.MATRIX|Any CPU.ActiveCfg = iDev|Any CPU
		{B6791773-0D36-4CD6-B154-AEE976C3ABCA}.MATRIX|Any CPU.Build.0 = iDev|Any CPU
		{B6791773-0D36-4CD6-B154-AEE976C3ABCA}.MATRIX|Mixed Platforms.ActiveCfg = iDev|Any CPU
		{B6791773-0D36-4CD6-B154-AEE976C3ABCA}.MATRIX|Mixed Platforms.Build.0 = iDev|Any CPU
		{B6791773-0D36-4CD6-B154-AEE976C3ABCA}.MATRIX|x86.ActiveCfg = iDev|Any CPU
		{B6791773-0D36-4CD6-B154-AEE976C3ABCA}.MATRIXW8|Any CPU.ActiveCfg = iDev|Any CPU
		{B6791773-0D36-4CD6-B154-AEE976C3ABCA}.MATRIXW8|Any CPU.Build.0 = iDev|Any CPU
		{B6791773-0D36-4CD6-B154-AEE976C3ABCA}.MATRIXW8|Mixed Platforms.ActiveCfg = iDev|Any CPU
		{B6791773-0D36-4CD6-B154-AEE976C3ABCA}.MATRIXW8|Mixed Platforms.Build.0 = iDev|Any CPU
		{B6791773-0D36-4CD6-B154-AEE976C3ABCA}.MATRIXW8|x86.ActiveCfg = iDev|Any CPU
		{B6791773-0D36-4CD6-B154-AEE976C3ABCA}.PARTHENON|Any CPU.ActiveCfg = iDev|Any CPU
		{B6791773-0D36-4CD6-B154-AEE976C3ABCA}.PARTHENON|Any CPU.Build.0 = iDev|Any CPU
		{B6791773-0D36-4CD6-B154-AEE976C3ABCA}.PARTHENON|Mixed Platforms.ActiveCfg = iDev|Any CPU
		{B6791773-0D36-4CD6-B154-AEE976C3ABCA}.PARTHENON|Mixed Platforms.Build.0 = iDev|Any CPU
		{B6791773-0D36-4CD6-B154-AEE976C3ABCA}.PARTHENON|x86.ActiveCfg = iDev|Any CPU
		{B6791773-0D36-4CD6-B154-AEE976C3ABCA}.Release|Any CPU.ActiveCfg = Release|Any CPU
		{B6791773-0D36-4CD6-B154-AEE976C3ABCA}.Release|Any CPU.Build.0 = Release|Any CPU
		{B6791773-0D36-4CD6-B154-AEE976C3ABCA}.Release|Mixed Platforms.ActiveCfg = Release|Any CPU
		{B6791773-0D36-4CD6-B154-AEE976C3ABCA}.Release|Mixed Platforms.Build.0 = Release|Any CPU
		{B6791773-0D36-4CD6-B154-AEE976C3ABCA}.Release|x86.ActiveCfg = Release|Any CPU
		{B6791773-0D36-4CD6-B154-AEE976C3ABCA}.TRON|Any CPU.ActiveCfg = iDev|Any CPU
		{B6791773-0D36-4CD6-B154-AEE976C3ABCA}.TRON|Any CPU.Build.0 = iDev|Any CPU
		{B6791773-0D36-4CD6-B154-AEE976C3ABCA}.TRON|Mixed Platforms.ActiveCfg = iDev|Any CPU
		{B6791773-0D36-4CD6-B154-AEE976C3ABCA}.TRON|Mixed Platforms.Build.0 = iDev|Any CPU
		{B6791773-0D36-4CD6-B154-AEE976C3ABCA}.TRON|x86.ActiveCfg = iDev|Any CPU
		{B6791773-0D36-4CD6-B154-AEE976C3ABCA}.TRONW8|Any CPU.ActiveCfg = iDev|Any CPU
		{B6791773-0D36-4CD6-B154-AEE976C3ABCA}.TRONW8|Any CPU.Build.0 = iDev|Any CPU
		{B6791773-0D36-4CD6-B154-AEE976C3ABCA}.TRONW8|Mixed Platforms.ActiveCfg = iDev|Any CPU
		{B6791773-0D36-4CD6-B154-AEE976C3ABCA}.TRONW8|Mixed Platforms.Build.0 = iDev|Any CPU
		{B6791773-0D36-4CD6-B154-AEE976C3ABCA}.TRONW8|x86.ActiveCfg = iDev|Any CPU
	EndGlobalSection
	GlobalSection(SolutionProperties) = preSolution
		HideSolutionNode = FALSE
	EndGlobalSection
EndGlobal
