
Microsoft Visual Studio Solution File, Format Version 12.00
# Visual Studio 15
VisualStudioVersion = 15.0.28010.2003
MinimumVisualStudioVersion = 10.0.40219.1
Project("{FAE04EC0-301F-11D3-BF4B-00C04F79EFBC}") = "VNCVSMenu", "VNCVSMenu\VNCVSMenu.csproj", "{09DAA6A9-6264-44AE-BBE2-DFC99F138869}"
EndProject
Global
	GlobalSection(SolutionConfigurationPlatforms) = preSolution
		Debug|Any CPU = Debug|Any CPU
		Release|Any CPU = Release|Any CPU
	EndGlobalSection
	GlobalSection(ProjectConfigurationPlatforms) = postSolution
		{09DAA6A9-6264-44AE-BBE2-DFC99F138869}.Debug|Any CPU.ActiveCfg = Debug|Any CPU
		{09DAA6A9-6264-44AE-BBE2-DFC99F138869}.Debug|Any CPU.Build.0 = Debug|Any CPU
		{09DAA6A9-6264-44AE-BBE2-DFC99F138869}.Release|Any CPU.ActiveCfg = Release|Any CPU
		{09DAA6A9-6264-44AE-BBE2-DFC99F138869}.Release|Any CPU.Build.0 = Release|Any CPU
	EndGlobalSection
	GlobalSection(SolutionProperties) = preSolution
		HideSolutionNode = FALSE
	EndGlobalSection
	GlobalSection(ExtensibilityGlobals) = postSolution
		SolutionGuid = {2B2170BF-3E29-4979-A42F-B50F91A0D21F}
	EndGlobalSection
EndGlobal
