
Microsoft Visual Studio Solution File, Format Version 12.00
# Visual Studio 15
VisualStudioVersion = 15.0.27428.2005
MinimumVisualStudioVersion = 10.0.40219.1
Project("{FAE04EC0-301F-11D3-BF4B-00C04F79EFBC}") = "VNC.ActiveDirectory", "VNC.ActiveDirectory.csproj", "{1032CE4C-4274-476A-8AEF-7147241D4B4A}"
EndProject
Global
	GlobalSection(SolutionConfigurationPlatforms) = preSolution
		Debug|Any CPU = Debug|Any CPU
		Release|Any CPU = Release|Any CPU
	EndGlobalSection
	GlobalSection(ProjectConfigurationPlatforms) = postSolution
		{1032CE4C-4274-476A-8AEF-7147241D4B4A}.Debug|Any CPU.ActiveCfg = Debug|Any CPU
		{1032CE4C-4274-476A-8AEF-7147241D4B4A}.Debug|Any CPU.Build.0 = Debug|Any CPU
		{1032CE4C-4274-476A-8AEF-7147241D4B4A}.Release|Any CPU.ActiveCfg = Release|Any CPU
		{1032CE4C-4274-476A-8AEF-7147241D4B4A}.Release|Any CPU.Build.0 = Release|Any CPU
	EndGlobalSection
	GlobalSection(SolutionProperties) = preSolution
		HideSolutionNode = FALSE
	EndGlobalSection
	GlobalSection(ExtensibilityGlobals) = postSolution
		SolutionGuid = {406A8EE0-402C-432C-AC76-DB630B469852}
	EndGlobalSection
EndGlobal
