
Microsoft Visual Studio Solution File, Format Version 11.00
# Visual Studio 2010
Project("{FAE04EC0-301F-11D3-BF4B-00C04F79EFBC}") = "PluralsightPrismDemo", "Src\PluralsightPrismDemo\PluralsightPrismDemo.csproj", "{BEBD0B52-97CC-41AC-8D40-94193D073E23}"
EndProject
Project("{FAE04EC0-301F-11D3-BF4B-00C04F79EFBC}") = "PluralsightPrismDemo.Infrastructure", "Src\PluralsightPrismDemo.Infrastructure\PluralsightPrismDemo.Infrastructure.csproj", "{645BFB82-8CDE-4C38-B116-98E8F33C977F}"
EndProject
Project("{2150E333-8FDC-42A3-9474-1A3956D46DE8}") = "Modules", "Modules", "{08B98C06-3714-4B2C-B577-0F3BACACE5BE}"
EndProject
Project("{FAE04EC0-301F-11D3-BF4B-00C04F79EFBC}") = "ModuleA", "Src\Modules\ModuleA\ModuleA.csproj", "{B9B7C304-B100-4CB1-A489-E87E8B3D34D1}"
EndProject
Project("{FAE04EC0-301F-11D3-BF4B-00C04F79EFBC}") = "ModuleB", "Src\Modules\ModuleB\ModuleB.csproj", "{5072F261-1419-4936-B62F-BF75316DB84B}"
EndProject
Project("{2150E333-8FDC-42A3-9474-1A3956D46DE8}") = "Business", "Business", "{65B42D1B-18BD-466E-95A6-9EE13A89F81E}"
EndProject
Project("{2150E333-8FDC-42A3-9474-1A3956D46DE8}") = "Services", "Services", "{66E8385F-F654-4CDB-83B7-599CEAA41306}"
EndProject
Project("{FAE04EC0-301F-11D3-BF4B-00C04F79EFBC}") = "Business", "Src\Business\Business\Business.csproj", "{92BCAD66-7EEE-40D5-89CB-5472EE34431B}"
EndProject
Project("{FAE04EC0-301F-11D3-BF4B-00C04F79EFBC}") = "Services.PersonService", "Src\Services\Services.PersonService\Services.PersonService.csproj", "{A4214904-9716-44EC-A0CC-33DE4CEF7FD8}"
EndProject
Global
	GlobalSection(SolutionConfigurationPlatforms) = preSolution
		Debug|Any CPU = Debug|Any CPU
		Debug|Mixed Platforms = Debug|Mixed Platforms
		Debug|x86 = Debug|x86
		Release|Any CPU = Release|Any CPU
		Release|Mixed Platforms = Release|Mixed Platforms
		Release|x86 = Release|x86
	EndGlobalSection
	GlobalSection(ProjectConfigurationPlatforms) = postSolution
		{BEBD0B52-97CC-41AC-8D40-94193D073E23}.Debug|Any CPU.ActiveCfg = Debug|x86
		{BEBD0B52-97CC-41AC-8D40-94193D073E23}.Debug|Mixed Platforms.ActiveCfg = Debug|x86
		{BEBD0B52-97CC-41AC-8D40-94193D073E23}.Debug|Mixed Platforms.Build.0 = Debug|x86
		{BEBD0B52-97CC-41AC-8D40-94193D073E23}.Debug|x86.ActiveCfg = Debug|x86
		{BEBD0B52-97CC-41AC-8D40-94193D073E23}.Debug|x86.Build.0 = Debug|x86
		{BEBD0B52-97CC-41AC-8D40-94193D073E23}.Release|Any CPU.ActiveCfg = Release|x86
		{BEBD0B52-97CC-41AC-8D40-94193D073E23}.Release|Mixed Platforms.ActiveCfg = Release|x86
		{BEBD0B52-97CC-41AC-8D40-94193D073E23}.Release|Mixed Platforms.Build.0 = Release|x86
		{BEBD0B52-97CC-41AC-8D40-94193D073E23}.Release|x86.ActiveCfg = Release|x86
		{BEBD0B52-97CC-41AC-8D40-94193D073E23}.Release|x86.Build.0 = Release|x86
		{645BFB82-8CDE-4C38-B116-98E8F33C977F}.Debug|Any CPU.ActiveCfg = Debug|Any CPU
		{645BFB82-8CDE-4C38-B116-98E8F33C977F}.Debug|Any CPU.Build.0 = Debug|Any CPU
		{645BFB82-8CDE-4C38-B116-98E8F33C977F}.Debug|Mixed Platforms.ActiveCfg = Debug|Any CPU
		{645BFB82-8CDE-4C38-B116-98E8F33C977F}.Debug|Mixed Platforms.Build.0 = Debug|Any CPU
		{645BFB82-8CDE-4C38-B116-98E8F33C977F}.Debug|x86.ActiveCfg = Debug|Any CPU
		{645BFB82-8CDE-4C38-B116-98E8F33C977F}.Release|Any CPU.ActiveCfg = Release|Any CPU
		{645BFB82-8CDE-4C38-B116-98E8F33C977F}.Release|Any CPU.Build.0 = Release|Any CPU
		{645BFB82-8CDE-4C38-B116-98E8F33C977F}.Release|Mixed Platforms.ActiveCfg = Release|Any CPU
		{645BFB82-8CDE-4C38-B116-98E8F33C977F}.Release|Mixed Platforms.Build.0 = Release|Any CPU
		{645BFB82-8CDE-4C38-B116-98E8F33C977F}.Release|x86.ActiveCfg = Release|Any CPU
		{B9B7C304-B100-4CB1-A489-E87E8B3D34D1}.Debug|Any CPU.ActiveCfg = Debug|Any CPU
		{B9B7C304-B100-4CB1-A489-E87E8B3D34D1}.Debug|Any CPU.Build.0 = Debug|Any CPU
		{B9B7C304-B100-4CB1-A489-E87E8B3D34D1}.Debug|Mixed Platforms.ActiveCfg = Debug|Any CPU
		{B9B7C304-B100-4CB1-A489-E87E8B3D34D1}.Debug|Mixed Platforms.Build.0 = Debug|Any CPU
		{B9B7C304-B100-4CB1-A489-E87E8B3D34D1}.Debug|x86.ActiveCfg = Debug|Any CPU
		{B9B7C304-B100-4CB1-A489-E87E8B3D34D1}.Release|Any CPU.ActiveCfg = Release|Any CPU
		{B9B7C304-B100-4CB1-A489-E87E8B3D34D1}.Release|Any CPU.Build.0 = Release|Any CPU
		{B9B7C304-B100-4CB1-A489-E87E8B3D34D1}.Release|Mixed Platforms.ActiveCfg = Release|Any CPU
		{B9B7C304-B100-4CB1-A489-E87E8B3D34D1}.Release|Mixed Platforms.Build.0 = Release|Any CPU
		{B9B7C304-B100-4CB1-A489-E87E8B3D34D1}.Release|x86.ActiveCfg = Release|Any CPU
		{5072F261-1419-4936-B62F-BF75316DB84B}.Debug|Any CPU.ActiveCfg = Debug|Any CPU
		{5072F261-1419-4936-B62F-BF75316DB84B}.Debug|Any CPU.Build.0 = Debug|Any CPU
		{5072F261-1419-4936-B62F-BF75316DB84B}.Debug|Mixed Platforms.ActiveCfg = Debug|Any CPU
		{5072F261-1419-4936-B62F-BF75316DB84B}.Debug|Mixed Platforms.Build.0 = Debug|Any CPU
		{5072F261-1419-4936-B62F-BF75316DB84B}.Debug|x86.ActiveCfg = Debug|Any CPU
		{5072F261-1419-4936-B62F-BF75316DB84B}.Release|Any CPU.ActiveCfg = Release|Any CPU
		{5072F261-1419-4936-B62F-BF75316DB84B}.Release|Any CPU.Build.0 = Release|Any CPU
		{5072F261-1419-4936-B62F-BF75316DB84B}.Release|Mixed Platforms.ActiveCfg = Release|Any CPU
		{5072F261-1419-4936-B62F-BF75316DB84B}.Release|Mixed Platforms.Build.0 = Release|Any CPU
		{5072F261-1419-4936-B62F-BF75316DB84B}.Release|x86.ActiveCfg = Release|Any CPU
		{92BCAD66-7EEE-40D5-89CB-5472EE34431B}.Debug|Any CPU.ActiveCfg = Debug|Any CPU
		{92BCAD66-7EEE-40D5-89CB-5472EE34431B}.Debug|Any CPU.Build.0 = Debug|Any CPU
		{92BCAD66-7EEE-40D5-89CB-5472EE34431B}.Debug|Mixed Platforms.ActiveCfg = Debug|Any CPU
		{92BCAD66-7EEE-40D5-89CB-5472EE34431B}.Debug|Mixed Platforms.Build.0 = Debug|Any CPU
		{92BCAD66-7EEE-40D5-89CB-5472EE34431B}.Debug|x86.ActiveCfg = Debug|Any CPU
		{92BCAD66-7EEE-40D5-89CB-5472EE34431B}.Release|Any CPU.ActiveCfg = Release|Any CPU
		{92BCAD66-7EEE-40D5-89CB-5472EE34431B}.Release|Any CPU.Build.0 = Release|Any CPU
		{92BCAD66-7EEE-40D5-89CB-5472EE34431B}.Release|Mixed Platforms.ActiveCfg = Release|Any CPU
		{92BCAD66-7EEE-40D5-89CB-5472EE34431B}.Release|Mixed Platforms.Build.0 = Release|Any CPU
		{92BCAD66-7EEE-40D5-89CB-5472EE34431B}.Release|x86.ActiveCfg = Release|Any CPU
		{A4214904-9716-44EC-A0CC-33DE4CEF7FD8}.Debug|Any CPU.ActiveCfg = Debug|Any CPU
		{A4214904-9716-44EC-A0CC-33DE4CEF7FD8}.Debug|Any CPU.Build.0 = Debug|Any CPU
		{A4214904-9716-44EC-A0CC-33DE4CEF7FD8}.Debug|Mixed Platforms.ActiveCfg = Debug|Any CPU
		{A4214904-9716-44EC-A0CC-33DE4CEF7FD8}.Debug|Mixed Platforms.Build.0 = Debug|Any CPU
		{A4214904-9716-44EC-A0CC-33DE4CEF7FD8}.Debug|x86.ActiveCfg = Debug|Any CPU
		{A4214904-9716-44EC-A0CC-33DE4CEF7FD8}.Release|Any CPU.ActiveCfg = Release|Any CPU
		{A4214904-9716-44EC-A0CC-33DE4CEF7FD8}.Release|Any CPU.Build.0 = Release|Any CPU
		{A4214904-9716-44EC-A0CC-33DE4CEF7FD8}.Release|Mixed Platforms.ActiveCfg = Release|Any CPU
		{A4214904-9716-44EC-A0CC-33DE4CEF7FD8}.Release|Mixed Platforms.Build.0 = Release|Any CPU
		{A4214904-9716-44EC-A0CC-33DE4CEF7FD8}.Release|x86.ActiveCfg = Release|Any CPU
	EndGlobalSection
	GlobalSection(SolutionProperties) = preSolution
		HideSolutionNode = FALSE
	EndGlobalSection
	GlobalSection(NestedProjects) = preSolution
		{B9B7C304-B100-4CB1-A489-E87E8B3D34D1} = {08B98C06-3714-4B2C-B577-0F3BACACE5BE}
		{5072F261-1419-4936-B62F-BF75316DB84B} = {08B98C06-3714-4B2C-B577-0F3BACACE5BE}
		{92BCAD66-7EEE-40D5-89CB-5472EE34431B} = {65B42D1B-18BD-466E-95A6-9EE13A89F81E}
		{A4214904-9716-44EC-A0CC-33DE4CEF7FD8} = {66E8385F-F654-4CDB-83B7-599CEAA41306}
	EndGlobalSection
EndGlobal
