
Microsoft Visual Studio Solution File, Format Version 12.00
# Visual Studio 15
VisualStudioVersion = 15.0.27428.2005
MinimumVisualStudioVersion = 10.0.40219.1
Project("{FAE04EC0-301F-11D3-BF4B-00C04F79EFBC}") = "VNCCodeCommandConsole", "VNCCodeCommandConsole.csproj", "{AEB76DE9-F7D5-4ECB-9719-D608D14E2845}"
EndProject
Global
	GlobalSection(SolutionConfigurationPlatforms) = preSolution
		Debug|Any CPU = Debug|Any CPU
		Release|Any CPU = Release|Any CPU
	EndGlobalSection
	GlobalSection(ProjectConfigurationPlatforms) = postSolution
		{AEB76DE9-F7D5-4ECB-9719-D608D14E2845}.Debug|Any CPU.ActiveCfg = Debug|Any CPU
		{AEB76DE9-F7D5-4ECB-9719-D608D14E2845}.Debug|Any CPU.Build.0 = Debug|Any CPU
		{AEB76DE9-F7D5-4ECB-9719-D608D14E2845}.Release|Any CPU.ActiveCfg = Release|Any CPU
		{AEB76DE9-F7D5-4ECB-9719-D608D14E2845}.Release|Any CPU.Build.0 = Release|Any CPU
	EndGlobalSection
	GlobalSection(SolutionProperties) = preSolution
		HideSolutionNode = FALSE
	EndGlobalSection
	GlobalSection(ExtensibilityGlobals) = postSolution
		SolutionGuid = {8101C0B3-5F66-495E-88DB-825EB618B1B4}
	EndGlobalSection
EndGlobal
