
Microsoft Visual Studio Solution File, Format Version 12.00
# Visual Studio 2012
Project("{FAE04EC0-301F-11D3-BF4B-00C04F79EFBC}") = "DebugHelp", "DebugWindow\DebugHelp.csproj", "{A131DB7C-0E40-44C4-A1F3-8F070AEEDE5E}"
EndProject
Project("{00D1A9C2-B5F0-4AF3-8072-F6C62B433612}") = "SQLMonitorDB", "SQLMonitorDB\SQLMonitorDB.sqlproj", "{433FBACE-46A8-470E-A61A-DF33D65B59E3}"
EndProject
Project("{FAE04EC0-301F-11D3-BF4B-00C04F79EFBC}") = "SQLInformationAgent", "SQLInformationAgent\SQLInformationAgent.csproj", "{B6791773-0D36-4CD6-B154-AEE976C3ABCA}"
EndProject
Project("{FAE04EC0-301F-11D3-BF4B-00C04F79EFBC}") = "SQLInformation", "SQLInformation\SQLInformation.csproj", "{BF4598B1-6450-4042-97A3-AB3ACAFE8D84}"
EndProject
Global
	GlobalSection(TeamFoundationVersionControl) = preSolution
		SccAuxPath0 = http://lptfs.life.pacificlife.net:8080/tfs/defaultcollection
		SccAuxPath1 = http://lptfs.life.pacificlife.net:8080/tfs/defaultcollection
		SccAuxPath2 = http://lptfs.life.pacificlife.net:8080/tfs/defaultcollection
		SccAuxPath3 = http://lptfs.life.pacificlife.net:8080/tfs/defaultcollection
		SccEnterpriseProvider = {4CA58AB2-18FA-4F8D-95D4-32DDF27D184C}
		SccLocalPath0 = SQLMonitorDB
		SccLocalPath1 = SQLInformation
		SccLocalPath2 = DebugWindow
		SccLocalPath3 = SQLInformationAgent
		SccNumberOfProjects = 4
		SccProjectName0 = SQLMonitorDB
		SccProjectName1 = SQLInformation
		SccProjectName2 = DebugWindow
		SccProjectName3 = SQLInformationAgent
		SccProjectUniqueName0 = SQLMonitorDB\\SQLMonitorDB.sqlproj
		SccProjectUniqueName1 = SQLInformation\\SQLInformation.csproj
		SccProjectUniqueName2 = DebugWindow\\DebugHelp.csproj
		SccProjectUniqueName3 = SQLInformationAgent\\SQLInformationAgent.csproj
		SccProvider0 = {4CA58AB2-18FA-4F8D-95D4-32DDF27D184C}
		SccProvider1 = {4CA58AB2-18FA-4F8D-95D4-32DDF27D184C}
		SccProvider2 = {4CA58AB2-18FA-4F8D-95D4-32DDF27D184C}
		SccProvider3 = {4CA58AB2-18FA-4F8D-95D4-32DDF27D184C}
		SccTeamFoundationServer = http://lptfs.life.pacificlife.net:8080/tfs/defaultcollection
	EndGlobalSection
	GlobalSection(SolutionConfigurationPlatforms) = preSolution
		A097912X0P|Any CPU = A097912X0P|Any CPU
		A097921NYP|Any CPU = A097921NYP|Any CPU
		Debug|Any CPU = Debug|Any CPU
		MATRIXW8|Any CPU = MATRIXW8|Any CPU
		MATRIX|Any CPU = MATRIX|Any CPU
		PARTHENON|Any CPU = PARTHENON|Any CPU
		Release|Any CPU = Release|Any CPU
		TRONW8|Any CPU = TRONW8|Any CPU
		TRON|Any CPU = TRON|Any CPU
		iDev|Any CPU = iDev|Any CPU
	EndGlobalSection
	GlobalSection(ProjectConfigurationPlatforms) = postSolution
		{433FBACE-46A8-470E-A61A-DF33D65B59E3}.A097912X0P|Any CPU.ActiveCfg = A097912X0P|Any CPU
		{433FBACE-46A8-470E-A61A-DF33D65B59E3}.A097912X0P|Any CPU.Build.0 = A097912X0P|Any CPU
		{433FBACE-46A8-470E-A61A-DF33D65B59E3}.A097912X0P|Any CPU.Deploy.0 = A097912X0P|Any CPU
		{433FBACE-46A8-470E-A61A-DF33D65B59E3}.A097921NYP|Any CPU.ActiveCfg = A097921NYP|Any CPU
		{433FBACE-46A8-470E-A61A-DF33D65B59E3}.A097921NYP|Any CPU.Build.0 = A097921NYP|Any CPU
		{433FBACE-46A8-470E-A61A-DF33D65B59E3}.A097921NYP|Any CPU.Deploy.0 = A097921NYP|Any CPU
		{433FBACE-46A8-470E-A61A-DF33D65B59E3}.Debug|Any CPU.ActiveCfg = Debug|Any CPU
		{433FBACE-46A8-470E-A61A-DF33D65B59E3}.MATRIXW8|Any CPU.ActiveCfg = MATRIXW8|Any CPU
		{433FBACE-46A8-470E-A61A-DF33D65B59E3}.MATRIXW8|Any CPU.Build.0 = MATRIXW8|Any CPU
		{433FBACE-46A8-470E-A61A-DF33D65B59E3}.MATRIXW8|Any CPU.Deploy.0 = MATRIXW8|Any CPU
		{433FBACE-46A8-470E-A61A-DF33D65B59E3}.MATRIX|Any CPU.ActiveCfg = MATRIX|Any CPU
		{433FBACE-46A8-470E-A61A-DF33D65B59E3}.MATRIX|Any CPU.Build.0 = MATRIX|Any CPU
		{433FBACE-46A8-470E-A61A-DF33D65B59E3}.MATRIX|Any CPU.Deploy.0 = MATRIX|Any CPU
		{433FBACE-46A8-470E-A61A-DF33D65B59E3}.PARTHENON|Any CPU.ActiveCfg = PARTHENON|Any CPU
		{433FBACE-46A8-470E-A61A-DF33D65B59E3}.PARTHENON|Any CPU.Build.0 = PARTHENON|Any CPU
		{433FBACE-46A8-470E-A61A-DF33D65B59E3}.PARTHENON|Any CPU.Deploy.0 = PARTHENON|Any CPU
		{433FBACE-46A8-470E-A61A-DF33D65B59E3}.Release|Any CPU.ActiveCfg = Release|Any CPU
		{433FBACE-46A8-470E-A61A-DF33D65B59E3}.TRONW8|Any CPU.ActiveCfg = TRONW8|Any CPU
		{433FBACE-46A8-470E-A61A-DF33D65B59E3}.TRONW8|Any CPU.Build.0 = TRONW8|Any CPU
		{433FBACE-46A8-470E-A61A-DF33D65B59E3}.TRONW8|Any CPU.Deploy.0 = TRONW8|Any CPU
		{433FBACE-46A8-470E-A61A-DF33D65B59E3}.TRON|Any CPU.ActiveCfg = TRON|Any CPU
		{433FBACE-46A8-470E-A61A-DF33D65B59E3}.TRON|Any CPU.Build.0 = TRON|Any CPU
		{433FBACE-46A8-470E-A61A-DF33D65B59E3}.TRON|Any CPU.Deploy.0 = TRON|Any CPU
		{433FBACE-46A8-470E-A61A-DF33D65B59E3}.iDev|Any CPU.ActiveCfg = iDev|Any CPU
		{433FBACE-46A8-470E-A61A-DF33D65B59E3}.iDev|Any CPU.Build.0 = iDev|Any CPU
		{433FBACE-46A8-470E-A61A-DF33D65B59E3}.iDev|Any CPU.Deploy.0 = iDev|Any CPU
		{A131DB7C-0E40-44C4-A1F3-8F070AEEDE5E}.A097912X0P|Any CPU.ActiveCfg = Release|Any CPU
		{A131DB7C-0E40-44C4-A1F3-8F070AEEDE5E}.A097921NYP|Any CPU.ActiveCfg = A097921NYP|Any CPU
		{A131DB7C-0E40-44C4-A1F3-8F070AEEDE5E}.Debug|Any CPU.ActiveCfg = Debug|Any CPU
		{A131DB7C-0E40-44C4-A1F3-8F070AEEDE5E}.Debug|Any CPU.Build.0 = Debug|Any CPU
		{A131DB7C-0E40-44C4-A1F3-8F070AEEDE5E}.MATRIXW8|Any CPU.ActiveCfg = Release|Any CPU
		{A131DB7C-0E40-44C4-A1F3-8F070AEEDE5E}.MATRIX|Any CPU.ActiveCfg = Release|Any CPU
		{A131DB7C-0E40-44C4-A1F3-8F070AEEDE5E}.PARTHENON|Any CPU.ActiveCfg = Release|Any CPU
		{A131DB7C-0E40-44C4-A1F3-8F070AEEDE5E}.Release|Any CPU.ActiveCfg = Release|Any CPU
		{A131DB7C-0E40-44C4-A1F3-8F070AEEDE5E}.Release|Any CPU.Build.0 = Release|Any CPU
		{A131DB7C-0E40-44C4-A1F3-8F070AEEDE5E}.TRONW8|Any CPU.ActiveCfg = Release|Any CPU
		{A131DB7C-0E40-44C4-A1F3-8F070AEEDE5E}.TRON|Any CPU.ActiveCfg = Release|Any CPU
		{A131DB7C-0E40-44C4-A1F3-8F070AEEDE5E}.iDev|Any CPU.ActiveCfg = iDev|Any CPU
		{B6791773-0D36-4CD6-B154-AEE976C3ABCA}.A097912X0P|Any CPU.ActiveCfg = Release|Any CPU
		{B6791773-0D36-4CD6-B154-AEE976C3ABCA}.A097921NYP|Any CPU.ActiveCfg = A097921NYP|Any CPU
		{B6791773-0D36-4CD6-B154-AEE976C3ABCA}.Debug|Any CPU.ActiveCfg = Debug|Any CPU
		{B6791773-0D36-4CD6-B154-AEE976C3ABCA}.Debug|Any CPU.Build.0 = Debug|Any CPU
		{B6791773-0D36-4CD6-B154-AEE976C3ABCA}.MATRIXW8|Any CPU.ActiveCfg = Release|Any CPU
		{B6791773-0D36-4CD6-B154-AEE976C3ABCA}.MATRIX|Any CPU.ActiveCfg = Release|Any CPU
		{B6791773-0D36-4CD6-B154-AEE976C3ABCA}.PARTHENON|Any CPU.ActiveCfg = Release|Any CPU
		{B6791773-0D36-4CD6-B154-AEE976C3ABCA}.Release|Any CPU.ActiveCfg = Release|Any CPU
		{B6791773-0D36-4CD6-B154-AEE976C3ABCA}.Release|Any CPU.Build.0 = Release|Any CPU
		{B6791773-0D36-4CD6-B154-AEE976C3ABCA}.TRONW8|Any CPU.ActiveCfg = Release|Any CPU
		{B6791773-0D36-4CD6-B154-AEE976C3ABCA}.TRON|Any CPU.ActiveCfg = Release|Any CPU
		{B6791773-0D36-4CD6-B154-AEE976C3ABCA}.iDev|Any CPU.ActiveCfg = iDev|Any CPU
		{BF4598B1-6450-4042-97A3-AB3ACAFE8D84}.A097912X0P|Any CPU.ActiveCfg = Release|Any CPU
		{BF4598B1-6450-4042-97A3-AB3ACAFE8D84}.A097921NYP|Any CPU.ActiveCfg = A097921NYP|Any CPU
		{BF4598B1-6450-4042-97A3-AB3ACAFE8D84}.Debug|Any CPU.ActiveCfg = Debug|Any CPU
		{BF4598B1-6450-4042-97A3-AB3ACAFE8D84}.Debug|Any CPU.Build.0 = Debug|Any CPU
		{BF4598B1-6450-4042-97A3-AB3ACAFE8D84}.MATRIXW8|Any CPU.ActiveCfg = Release|Any CPU
		{BF4598B1-6450-4042-97A3-AB3ACAFE8D84}.MATRIX|Any CPU.ActiveCfg = Release|Any CPU
		{BF4598B1-6450-4042-97A3-AB3ACAFE8D84}.PARTHENON|Any CPU.ActiveCfg = Release|Any CPU
		{BF4598B1-6450-4042-97A3-AB3ACAFE8D84}.Release|Any CPU.ActiveCfg = Release|Any CPU
		{BF4598B1-6450-4042-97A3-AB3ACAFE8D84}.Release|Any CPU.Build.0 = Release|Any CPU
		{BF4598B1-6450-4042-97A3-AB3ACAFE8D84}.TRONW8|Any CPU.ActiveCfg = Release|Any CPU
		{BF4598B1-6450-4042-97A3-AB3ACAFE8D84}.TRON|Any CPU.ActiveCfg = Release|Any CPU
		{BF4598B1-6450-4042-97A3-AB3ACAFE8D84}.iDev|Any CPU.ActiveCfg = iDev|Any CPU
	EndGlobalSection
	GlobalSection(SolutionProperties) = preSolution
		HideSolutionNode = FALSE
	EndGlobalSection
EndGlobal
