
Microsoft Visual Studio Solution File, Format Version 12.00
# Visual Studio 15
VisualStudioVersion = 15.0.27703.2042
MinimumVisualStudioVersion = 10.0.40219.1
Project("{FAE04EC0-301F-11D3-BF4B-00C04F79EFBC}") = "ConsoleSignalRHost", "ConsoleSignalRHost\ConsoleSignalRHost.csproj", "{3097A334-4304-4371-A931-A8DCF0AA7408}"
EndProject
Project("{FAE04EC0-301F-11D3-BF4B-00C04F79EFBC}") = "JavascriptClient", "JavascriptClient\JavascriptClient.csproj", "{6ABAE4B7-62BC-40EE-8CE6-A900DA3C4CA6}"
EndProject
Global
	GlobalSection(SolutionConfigurationPlatforms) = preSolution
		Debug|Any CPU = Debug|Any CPU
		Release|Any CPU = Release|Any CPU
	EndGlobalSection
	GlobalSection(ProjectConfigurationPlatforms) = postSolution
		{3097A334-4304-4371-A931-A8DCF0AA7408}.Debug|Any CPU.ActiveCfg = Debug|Any CPU
		{3097A334-4304-4371-A931-A8DCF0AA7408}.Debug|Any CPU.Build.0 = Debug|Any CPU
		{3097A334-4304-4371-A931-A8DCF0AA7408}.Release|Any CPU.ActiveCfg = Release|Any CPU
		{3097A334-4304-4371-A931-A8DCF0AA7408}.Release|Any CPU.Build.0 = Release|Any CPU
		{6ABAE4B7-62BC-40EE-8CE6-A900DA3C4CA6}.Debug|Any CPU.ActiveCfg = Debug|Any CPU
		{6ABAE4B7-62BC-40EE-8CE6-A900DA3C4CA6}.Debug|Any CPU.Build.0 = Debug|Any CPU
		{6ABAE4B7-62BC-40EE-8CE6-A900DA3C4CA6}.Release|Any CPU.ActiveCfg = Release|Any CPU
		{6ABAE4B7-62BC-40EE-8CE6-A900DA3C4CA6}.Release|Any CPU.Build.0 = Release|Any CPU
	EndGlobalSection
	GlobalSection(SolutionProperties) = preSolution
		HideSolutionNode = FALSE
	EndGlobalSection
	GlobalSection(ExtensibilityGlobals) = postSolution
		SolutionGuid = {FCF83232-A1C5-4CB3-BF95-D56D40CE4EEF}
	EndGlobalSection
EndGlobal
