
Microsoft Visual Studio Solution File, Format Version 12.00
# Visual Studio 15
VisualStudioVersion = 15.0.27004.2010
MinimumVisualStudioVersion = 10.0.40219.1
Project("{FAE04EC0-301F-11D3-BF4B-00C04F79EFBC}") = "AddWithThreads", "AddWithThreads\AddWithThreads.csproj", "{299C5FFD-5792-4930-89F2-97DCE9966147}"
EndProject
Project("{FAE04EC0-301F-11D3-BF4B-00C04F79EFBC}") = "TimerApp", "TimerApp\TimerApp.csproj", "{F9AD40E0-8B17-49A7-AE5E-89E898572CE9}"
EndProject
Project("{FAE04EC0-301F-11D3-BF4B-00C04F79EFBC}") = "ThreadStats", "ThreadStats\ThreadStats.csproj", "{15145F9E-9AA4-44D3-99CF-E878428988F7}"
EndProject
Project("{FAE04EC0-301F-11D3-BF4B-00C04F79EFBC}") = "ThreadPoolApp", "ThreadPoolApp\ThreadPoolApp.csproj", "{0A42EE2C-DC85-4FAF-8271-E414A255F502}"
EndProject
Project("{FAE04EC0-301F-11D3-BF4B-00C04F79EFBC}") = "TaskParallelismApp", "TaskParallelismApp\TaskParallelismApp.csproj", "{EE866BC9-FAA2-4261-AAAC-3CF6EEB73101}"
EndProject
Project("{FAE04EC0-301F-11D3-BF4B-00C04F79EFBC}") = "SyncDelegateReview", "SyncDelegateReview\SyncDelegateReview.csproj", "{AE18FDE5-22AB-42BF-8D9C-64D2EA8D7281}"
EndProject
Project("{FAE04EC0-301F-11D3-BF4B-00C04F79EFBC}") = "SimpleMultiThreadApp", "SimpleMultiThreadApp\SimpleMultiThreadApp.csproj", "{FD863637-8A31-435A-A290-48C215EDFF11}"
EndProject
Project("{FAE04EC0-301F-11D3-BF4B-00C04F79EFBC}") = "PLINQDataProcessingWithCancellation", "PLINQDataProcessingWithCancellation\PLINQDataProcessingWithCancellation.csproj", "{DB6E81E9-8BEE-44EA-96CD-5D7C9E66E4D1}"
EndProject
Project("{FAE04EC0-301F-11D3-BF4B-00C04F79EFBC}") = "MyEBookReader", "MyEBookReader\MyEBookReader.csproj", "{719CB803-AFB7-44CD-894C-8F78290B1E39}"
EndProject
Project("{FAE04EC0-301F-11D3-BF4B-00C04F79EFBC}") = "MultiThreadedPrinting", "MultiThreadedPrinting\MultiThreadedPrinting.csproj", "{3E8F3F52-A10D-4696-AD5C-2AB23F075EDA}"
EndProject
Project("{FAE04EC0-301F-11D3-BF4B-00C04F79EFBC}") = "FunWithCSharpAsync", "FunWithCSharpAsync\FunWithCSharpAsync.csproj", "{ECB5D1C0-9A33-4D2A-A2CD-199D486396FE}"
EndProject
Project("{FAE04EC0-301F-11D3-BF4B-00C04F79EFBC}") = "DataParallelismWithForEach", "DataParallelismWithForEach\DataParallelismWithForEach.csproj", "{8B0E98C8-7B82-4726-906A-D8B34DAFB5B3}"
EndProject
Project("{FAE04EC0-301F-11D3-BF4B-00C04F79EFBC}") = "AsyncDelegate", "AsyncDelegate\AsyncDelegate.csproj", "{5C24A2FF-8CED-478C-A1D8-CC39B13A8186}"
EndProject
Project("{FAE04EC0-301F-11D3-BF4B-00C04F79EFBC}") = "AsyncCallbackDelegate", "AsyncCallbackDelegate\AsyncCallbackDelegate.csproj", "{B130D499-55F9-4399-8B6D-156553AB6BCC}"
EndProject
Project("{FAE04EC0-301F-11D3-BF4B-00C04F79EFBC}") = "AddWithThreadsAsync", "AddWithThreadsAsync\AddWithThreadsAsync.csproj", "{299C5FFD-5792-4930-89F2-97DCE9966148}"
EndProject
Project("{FAE04EC0-301F-11D3-BF4B-00C04F79EFBC}") = "BackgroundThreads", "BackgroundThreads\BackgroundThreads.csproj", "{B8E410D8-7B1F-40AB-A2D1-5926B79C9186}"
EndProject
Global
	GlobalSection(SolutionConfigurationPlatforms) = preSolution
		Debug|Any CPU = Debug|Any CPU
		Debug|x86 = Debug|x86
		Release|Any CPU = Release|Any CPU
		Release|x86 = Release|x86
	EndGlobalSection
	GlobalSection(ProjectConfigurationPlatforms) = postSolution
		{299C5FFD-5792-4930-89F2-97DCE9966147}.Debug|Any CPU.ActiveCfg = Debug|x86
		{299C5FFD-5792-4930-89F2-97DCE9966147}.Debug|x86.ActiveCfg = Debug|x86
		{299C5FFD-5792-4930-89F2-97DCE9966147}.Debug|x86.Build.0 = Debug|x86
		{299C5FFD-5792-4930-89F2-97DCE9966147}.Release|Any CPU.ActiveCfg = Release|x86
		{299C5FFD-5792-4930-89F2-97DCE9966147}.Release|x86.ActiveCfg = Release|x86
		{299C5FFD-5792-4930-89F2-97DCE9966147}.Release|x86.Build.0 = Release|x86
		{F9AD40E0-8B17-49A7-AE5E-89E898572CE9}.Debug|Any CPU.ActiveCfg = Debug|x86
		{F9AD40E0-8B17-49A7-AE5E-89E898572CE9}.Debug|x86.ActiveCfg = Debug|x86
		{F9AD40E0-8B17-49A7-AE5E-89E898572CE9}.Debug|x86.Build.0 = Debug|x86
		{F9AD40E0-8B17-49A7-AE5E-89E898572CE9}.Release|Any CPU.ActiveCfg = Release|x86
		{F9AD40E0-8B17-49A7-AE5E-89E898572CE9}.Release|x86.ActiveCfg = Release|x86
		{F9AD40E0-8B17-49A7-AE5E-89E898572CE9}.Release|x86.Build.0 = Release|x86
		{15145F9E-9AA4-44D3-99CF-E878428988F7}.Debug|Any CPU.ActiveCfg = Debug|x86
		{15145F9E-9AA4-44D3-99CF-E878428988F7}.Debug|x86.ActiveCfg = Debug|x86
		{15145F9E-9AA4-44D3-99CF-E878428988F7}.Debug|x86.Build.0 = Debug|x86
		{15145F9E-9AA4-44D3-99CF-E878428988F7}.Release|Any CPU.ActiveCfg = Release|x86
		{15145F9E-9AA4-44D3-99CF-E878428988F7}.Release|x86.ActiveCfg = Release|x86
		{15145F9E-9AA4-44D3-99CF-E878428988F7}.Release|x86.Build.0 = Release|x86
		{0A42EE2C-DC85-4FAF-8271-E414A255F502}.Debug|Any CPU.ActiveCfg = Debug|x86
		{0A42EE2C-DC85-4FAF-8271-E414A255F502}.Debug|x86.ActiveCfg = Debug|x86
		{0A42EE2C-DC85-4FAF-8271-E414A255F502}.Debug|x86.Build.0 = Debug|x86
		{0A42EE2C-DC85-4FAF-8271-E414A255F502}.Release|Any CPU.ActiveCfg = Release|x86
		{0A42EE2C-DC85-4FAF-8271-E414A255F502}.Release|x86.ActiveCfg = Release|x86
		{0A42EE2C-DC85-4FAF-8271-E414A255F502}.Release|x86.Build.0 = Release|x86
		{EE866BC9-FAA2-4261-AAAC-3CF6EEB73101}.Debug|Any CPU.ActiveCfg = Debug|x86
		{EE866BC9-FAA2-4261-AAAC-3CF6EEB73101}.Debug|x86.ActiveCfg = Debug|x86
		{EE866BC9-FAA2-4261-AAAC-3CF6EEB73101}.Debug|x86.Build.0 = Debug|x86
		{EE866BC9-FAA2-4261-AAAC-3CF6EEB73101}.Release|Any CPU.ActiveCfg = Release|x86
		{EE866BC9-FAA2-4261-AAAC-3CF6EEB73101}.Release|x86.ActiveCfg = Release|x86
		{EE866BC9-FAA2-4261-AAAC-3CF6EEB73101}.Release|x86.Build.0 = Release|x86
		{AE18FDE5-22AB-42BF-8D9C-64D2EA8D7281}.Debug|Any CPU.ActiveCfg = Debug|x86
		{AE18FDE5-22AB-42BF-8D9C-64D2EA8D7281}.Debug|x86.ActiveCfg = Debug|x86
		{AE18FDE5-22AB-42BF-8D9C-64D2EA8D7281}.Debug|x86.Build.0 = Debug|x86
		{AE18FDE5-22AB-42BF-8D9C-64D2EA8D7281}.Release|Any CPU.ActiveCfg = Release|x86
		{AE18FDE5-22AB-42BF-8D9C-64D2EA8D7281}.Release|x86.ActiveCfg = Release|x86
		{AE18FDE5-22AB-42BF-8D9C-64D2EA8D7281}.Release|x86.Build.0 = Release|x86
		{FD863637-8A31-435A-A290-48C215EDFF11}.Debug|Any CPU.ActiveCfg = Debug|x86
		{FD863637-8A31-435A-A290-48C215EDFF11}.Debug|x86.ActiveCfg = Debug|x86
		{FD863637-8A31-435A-A290-48C215EDFF11}.Debug|x86.Build.0 = Debug|x86
		{FD863637-8A31-435A-A290-48C215EDFF11}.Release|Any CPU.ActiveCfg = Release|x86
		{FD863637-8A31-435A-A290-48C215EDFF11}.Release|x86.ActiveCfg = Release|x86
		{FD863637-8A31-435A-A290-48C215EDFF11}.Release|x86.Build.0 = Release|x86
		{DB6E81E9-8BEE-44EA-96CD-5D7C9E66E4D1}.Debug|Any CPU.ActiveCfg = Debug|x86
		{DB6E81E9-8BEE-44EA-96CD-5D7C9E66E4D1}.Debug|x86.ActiveCfg = Debug|x86
		{DB6E81E9-8BEE-44EA-96CD-5D7C9E66E4D1}.Debug|x86.Build.0 = Debug|x86
		{DB6E81E9-8BEE-44EA-96CD-5D7C9E66E4D1}.Release|Any CPU.ActiveCfg = Release|x86
		{DB6E81E9-8BEE-44EA-96CD-5D7C9E66E4D1}.Release|x86.ActiveCfg = Release|x86
		{DB6E81E9-8BEE-44EA-96CD-5D7C9E66E4D1}.Release|x86.Build.0 = Release|x86
		{719CB803-AFB7-44CD-894C-8F78290B1E39}.Debug|Any CPU.ActiveCfg = Debug|x86
		{719CB803-AFB7-44CD-894C-8F78290B1E39}.Debug|x86.ActiveCfg = Debug|x86
		{719CB803-AFB7-44CD-894C-8F78290B1E39}.Debug|x86.Build.0 = Debug|x86
		{719CB803-AFB7-44CD-894C-8F78290B1E39}.Release|Any CPU.ActiveCfg = Release|x86
		{719CB803-AFB7-44CD-894C-8F78290B1E39}.Release|x86.ActiveCfg = Release|x86
		{719CB803-AFB7-44CD-894C-8F78290B1E39}.Release|x86.Build.0 = Release|x86
		{3E8F3F52-A10D-4696-AD5C-2AB23F075EDA}.Debug|Any CPU.ActiveCfg = Debug|x86
		{3E8F3F52-A10D-4696-AD5C-2AB23F075EDA}.Debug|x86.ActiveCfg = Debug|x86
		{3E8F3F52-A10D-4696-AD5C-2AB23F075EDA}.Debug|x86.Build.0 = Debug|x86
		{3E8F3F52-A10D-4696-AD5C-2AB23F075EDA}.Release|Any CPU.ActiveCfg = Release|x86
		{3E8F3F52-A10D-4696-AD5C-2AB23F075EDA}.Release|x86.ActiveCfg = Release|x86
		{3E8F3F52-A10D-4696-AD5C-2AB23F075EDA}.Release|x86.Build.0 = Release|x86
		{ECB5D1C0-9A33-4D2A-A2CD-199D486396FE}.Debug|Any CPU.ActiveCfg = Debug|Any CPU
		{ECB5D1C0-9A33-4D2A-A2CD-199D486396FE}.Debug|Any CPU.Build.0 = Debug|Any CPU
		{ECB5D1C0-9A33-4D2A-A2CD-199D486396FE}.Debug|x86.ActiveCfg = Debug|Any CPU
		{ECB5D1C0-9A33-4D2A-A2CD-199D486396FE}.Debug|x86.Build.0 = Debug|Any CPU
		{ECB5D1C0-9A33-4D2A-A2CD-199D486396FE}.Release|Any CPU.ActiveCfg = Release|Any CPU
		{ECB5D1C0-9A33-4D2A-A2CD-199D486396FE}.Release|Any CPU.Build.0 = Release|Any CPU
		{ECB5D1C0-9A33-4D2A-A2CD-199D486396FE}.Release|x86.ActiveCfg = Release|Any CPU
		{ECB5D1C0-9A33-4D2A-A2CD-199D486396FE}.Release|x86.Build.0 = Release|Any CPU
		{8B0E98C8-7B82-4726-906A-D8B34DAFB5B3}.Debug|Any CPU.ActiveCfg = Debug|x86
		{8B0E98C8-7B82-4726-906A-D8B34DAFB5B3}.Debug|x86.ActiveCfg = Debug|x86
		{8B0E98C8-7B82-4726-906A-D8B34DAFB5B3}.Debug|x86.Build.0 = Debug|x86
		{8B0E98C8-7B82-4726-906A-D8B34DAFB5B3}.Release|Any CPU.ActiveCfg = Release|x86
		{8B0E98C8-7B82-4726-906A-D8B34DAFB5B3}.Release|x86.ActiveCfg = Release|x86
		{8B0E98C8-7B82-4726-906A-D8B34DAFB5B3}.Release|x86.Build.0 = Release|x86
		{5C24A2FF-8CED-478C-A1D8-CC39B13A8186}.Debug|Any CPU.ActiveCfg = Debug|x86
		{5C24A2FF-8CED-478C-A1D8-CC39B13A8186}.Debug|x86.ActiveCfg = Debug|x86
		{5C24A2FF-8CED-478C-A1D8-CC39B13A8186}.Debug|x86.Build.0 = Debug|x86
		{5C24A2FF-8CED-478C-A1D8-CC39B13A8186}.Release|Any CPU.ActiveCfg = Release|x86
		{5C24A2FF-8CED-478C-A1D8-CC39B13A8186}.Release|x86.ActiveCfg = Release|x86
		{5C24A2FF-8CED-478C-A1D8-CC39B13A8186}.Release|x86.Build.0 = Release|x86
		{B130D499-55F9-4399-8B6D-156553AB6BCC}.Debug|Any CPU.ActiveCfg = Debug|x86
		{B130D499-55F9-4399-8B6D-156553AB6BCC}.Debug|x86.ActiveCfg = Debug|x86
		{B130D499-55F9-4399-8B6D-156553AB6BCC}.Debug|x86.Build.0 = Debug|x86
		{B130D499-55F9-4399-8B6D-156553AB6BCC}.Release|Any CPU.ActiveCfg = Release|x86
		{B130D499-55F9-4399-8B6D-156553AB6BCC}.Release|x86.ActiveCfg = Release|x86
		{B130D499-55F9-4399-8B6D-156553AB6BCC}.Release|x86.Build.0 = Release|x86
		{299C5FFD-5792-4930-89F2-97DCE9966148}.Debug|Any CPU.ActiveCfg = Debug|x86
		{299C5FFD-5792-4930-89F2-97DCE9966148}.Debug|x86.ActiveCfg = Debug|x86
		{299C5FFD-5792-4930-89F2-97DCE9966148}.Debug|x86.Build.0 = Debug|x86
		{299C5FFD-5792-4930-89F2-97DCE9966148}.Release|Any CPU.ActiveCfg = Release|x86
		{299C5FFD-5792-4930-89F2-97DCE9966148}.Release|x86.ActiveCfg = Release|x86
		{299C5FFD-5792-4930-89F2-97DCE9966148}.Release|x86.Build.0 = Release|x86
		{B8E410D8-7B1F-40AB-A2D1-5926B79C9186}.Debug|Any CPU.ActiveCfg = Debug|Any CPU
		{B8E410D8-7B1F-40AB-A2D1-5926B79C9186}.Debug|Any CPU.Build.0 = Debug|Any CPU
		{B8E410D8-7B1F-40AB-A2D1-5926B79C9186}.Debug|x86.ActiveCfg = Debug|Any CPU
		{B8E410D8-7B1F-40AB-A2D1-5926B79C9186}.Debug|x86.Build.0 = Debug|Any CPU
		{B8E410D8-7B1F-40AB-A2D1-5926B79C9186}.Release|Any CPU.ActiveCfg = Release|Any CPU
		{B8E410D8-7B1F-40AB-A2D1-5926B79C9186}.Release|Any CPU.Build.0 = Release|Any CPU
		{B8E410D8-7B1F-40AB-A2D1-5926B79C9186}.Release|x86.ActiveCfg = Release|Any CPU
		{B8E410D8-7B1F-40AB-A2D1-5926B79C9186}.Release|x86.Build.0 = Release|Any CPU
	EndGlobalSection
	GlobalSection(SolutionProperties) = preSolution
		HideSolutionNode = FALSE
	EndGlobalSection
	GlobalSection(ExtensibilityGlobals) = postSolution
		SolutionGuid = {01A34C58-502C-489D-A826-6922C8ABEB5B}
	EndGlobalSection
EndGlobal
