
Microsoft Visual Studio Solution File, Format Version 12.00
# Visual Studio 15
VisualStudioVersion = 15.0.26730.8
MinimumVisualStudioVersion = 10.0.40219.1
Project("{FAE04EC0-301F-11D3-BF4B-00C04F79EFBC}") = "TestAssemblyHelperWPF", "TestAssemblyHelperWPF\TestAssemblyHelperWPF.csproj", "{CA07D510-CAC8-41F4-9951-2A2C88FFA058}"
EndProject
Project("{FAE04EC0-301F-11D3-BF4B-00C04F79EFBC}") = "TestAssemblyHelper", "TestAssemblyHelper\TestAssemblyHelper.csproj", "{6611DA66-4FE1-48A9-866B-E47272E7E525}"
EndProject
Project("{FAE04EC0-301F-11D3-BF4B-00C04F79EFBC}") = "AssemblyVersionX.X", "AssemblyVersionX.X\AssemblyVersionX.X.csproj", "{8BA5ED31-7F85-4D1D-BE04-E24187FED52E}"
EndProject
Project("{FAE04EC0-301F-11D3-BF4B-00C04F79EFBC}") = "AssemblyVersionX.X.X", "AssemblyVersionX.X.X\AssemblyVersionX.X.X.csproj", "{FF3BE948-5EBC-4A9E-8ED1-ACB676CE878D}"
EndProject
Project("{FAE04EC0-301F-11D3-BF4B-00C04F79EFBC}") = "AssemblyVersionX.X.X.X", "AssemblyVersionX.X.X.X\AssemblyVersionX.X.X.X.csproj", "{6F60031F-1127-4933-A9D9-7E333CAC69A4}"
EndProject
Project("{FAE04EC0-301F-11D3-BF4B-00C04F79EFBC}") = "AssemblyVersionX.XFileVersionX.X", "AssemblyVersionX.XFileVersionX.X\AssemblyVersionX.XFileVersionX.X.csproj", "{40578BE6-9122-41EB-8A0B-FD36748BDA35}"
EndProject
Project("{FAE04EC0-301F-11D3-BF4B-00C04F79EFBC}") = "AssemblyVersionX.XInformationalVersionX.X.X.X", "AssemblyVersionX.XInformationalVersionX.X.X.X\AssemblyVersionX.XInformationalVersionX.X.X.X.csproj", "{C10A9E35-8775-4B2A-8D47-EB3F1EB23D07}"
EndProject
Project("{FAE04EC0-301F-11D3-BF4B-00C04F79EFBC}") = "AssemblyVersionX.XFileVersionX.X.X.X", "AssemblyVersionX.XFileVersionX.X.X.X\AssemblyVersionX.XFileVersionX.X.X.X.csproj", "{8C1185E0-2A12-4FA4-A8C4-D79E738E9957}"
EndProject
Project("{FAE04EC0-301F-11D3-BF4B-00C04F79EFBC}") = "VNC.AssemblyHelper", "AssemblyHelper\AssemblyHelper.csproj", "{92DA2719-D048-4CCE-86C8-B18B7E6A06F0}"
EndProject
Project("{FAE04EC0-301F-11D3-BF4B-00C04F79EFBC}") = "SupportTools_Excel", "..\..\..\TFS\VNCDEV\VNC\Office\SupportTools_Excel\SupportTools_Excel\SupportTools_Excel.csproj", "{90EEA2C1-ACE6-4CBE-91AC-6FE8D69B5BC3}"
EndProject
Global
	GlobalSection(SolutionConfigurationPlatforms) = preSolution
		All|Any CPU = All|Any CPU
		All|Mixed Platforms = All|Mixed Platforms
		All|x86 = All|x86
		Debug|Any CPU = Debug|Any CPU
		Debug|Mixed Platforms = Debug|Mixed Platforms
		Debug|x86 = Debug|x86
		Release|Any CPU = Release|Any CPU
		Release|Mixed Platforms = Release|Mixed Platforms
		Release|x86 = Release|x86
	EndGlobalSection
	GlobalSection(ProjectConfigurationPlatforms) = postSolution
		{CA07D510-CAC8-41F4-9951-2A2C88FFA058}.All|Any CPU.ActiveCfg = Release|Any CPU
		{CA07D510-CAC8-41F4-9951-2A2C88FFA058}.All|Any CPU.Build.0 = Release|Any CPU
		{CA07D510-CAC8-41F4-9951-2A2C88FFA058}.All|Mixed Platforms.ActiveCfg = Release|x86
		{CA07D510-CAC8-41F4-9951-2A2C88FFA058}.All|Mixed Platforms.Build.0 = Release|x86
		{CA07D510-CAC8-41F4-9951-2A2C88FFA058}.All|x86.ActiveCfg = Release|x86
		{CA07D510-CAC8-41F4-9951-2A2C88FFA058}.All|x86.Build.0 = Release|x86
		{CA07D510-CAC8-41F4-9951-2A2C88FFA058}.Debug|Any CPU.ActiveCfg = Debug|Any CPU
		{CA07D510-CAC8-41F4-9951-2A2C88FFA058}.Debug|Any CPU.Build.0 = Debug|Any CPU
		{CA07D510-CAC8-41F4-9951-2A2C88FFA058}.Debug|Mixed Platforms.ActiveCfg = Debug|x86
		{CA07D510-CAC8-41F4-9951-2A2C88FFA058}.Debug|Mixed Platforms.Build.0 = Debug|x86
		{CA07D510-CAC8-41F4-9951-2A2C88FFA058}.Debug|x86.ActiveCfg = Debug|x86
		{CA07D510-CAC8-41F4-9951-2A2C88FFA058}.Debug|x86.Build.0 = Debug|x86
		{CA07D510-CAC8-41F4-9951-2A2C88FFA058}.Release|Any CPU.ActiveCfg = Release|x86
		{CA07D510-CAC8-41F4-9951-2A2C88FFA058}.Release|Mixed Platforms.ActiveCfg = Release|x86
		{CA07D510-CAC8-41F4-9951-2A2C88FFA058}.Release|Mixed Platforms.Build.0 = Release|x86
		{CA07D510-CAC8-41F4-9951-2A2C88FFA058}.Release|x86.ActiveCfg = Release|x86
		{CA07D510-CAC8-41F4-9951-2A2C88FFA058}.Release|x86.Build.0 = Release|x86
		{6611DA66-4FE1-48A9-866B-E47272E7E525}.All|Any CPU.ActiveCfg = Release|Any CPU
		{6611DA66-4FE1-48A9-866B-E47272E7E525}.All|Any CPU.Build.0 = Release|Any CPU
		{6611DA66-4FE1-48A9-866B-E47272E7E525}.All|Mixed Platforms.ActiveCfg = Release|x86
		{6611DA66-4FE1-48A9-866B-E47272E7E525}.All|Mixed Platforms.Build.0 = Release|x86
		{6611DA66-4FE1-48A9-866B-E47272E7E525}.All|x86.ActiveCfg = Release|x86
		{6611DA66-4FE1-48A9-866B-E47272E7E525}.All|x86.Build.0 = Release|x86
		{6611DA66-4FE1-48A9-866B-E47272E7E525}.Debug|Any CPU.ActiveCfg = Debug|Any CPU
		{6611DA66-4FE1-48A9-866B-E47272E7E525}.Debug|Any CPU.Build.0 = Debug|Any CPU
		{6611DA66-4FE1-48A9-866B-E47272E7E525}.Debug|Mixed Platforms.ActiveCfg = Debug|x86
		{6611DA66-4FE1-48A9-866B-E47272E7E525}.Debug|Mixed Platforms.Build.0 = Debug|x86
		{6611DA66-4FE1-48A9-866B-E47272E7E525}.Debug|x86.ActiveCfg = Debug|x86
		{6611DA66-4FE1-48A9-866B-E47272E7E525}.Debug|x86.Build.0 = Debug|x86
		{6611DA66-4FE1-48A9-866B-E47272E7E525}.Release|Any CPU.ActiveCfg = Release|x86
		{6611DA66-4FE1-48A9-866B-E47272E7E525}.Release|Mixed Platforms.ActiveCfg = Release|x86
		{6611DA66-4FE1-48A9-866B-E47272E7E525}.Release|Mixed Platforms.Build.0 = Release|x86
		{6611DA66-4FE1-48A9-866B-E47272E7E525}.Release|x86.ActiveCfg = Release|x86
		{6611DA66-4FE1-48A9-866B-E47272E7E525}.Release|x86.Build.0 = Release|x86
		{8BA5ED31-7F85-4D1D-BE04-E24187FED52E}.All|Any CPU.ActiveCfg = Release|Any CPU
		{8BA5ED31-7F85-4D1D-BE04-E24187FED52E}.All|Any CPU.Build.0 = Release|Any CPU
		{8BA5ED31-7F85-4D1D-BE04-E24187FED52E}.All|Mixed Platforms.ActiveCfg = Release|Any CPU
		{8BA5ED31-7F85-4D1D-BE04-E24187FED52E}.All|Mixed Platforms.Build.0 = Release|Any CPU
		{8BA5ED31-7F85-4D1D-BE04-E24187FED52E}.All|x86.ActiveCfg = Release|Any CPU
		{8BA5ED31-7F85-4D1D-BE04-E24187FED52E}.All|x86.Build.0 = Release|Any CPU
		{8BA5ED31-7F85-4D1D-BE04-E24187FED52E}.Debug|Any CPU.ActiveCfg = Debug|Any CPU
		{8BA5ED31-7F85-4D1D-BE04-E24187FED52E}.Debug|Any CPU.Build.0 = Debug|Any CPU
		{8BA5ED31-7F85-4D1D-BE04-E24187FED52E}.Debug|Mixed Platforms.ActiveCfg = Debug|Any CPU
		{8BA5ED31-7F85-4D1D-BE04-E24187FED52E}.Debug|Mixed Platforms.Build.0 = Debug|Any CPU
		{8BA5ED31-7F85-4D1D-BE04-E24187FED52E}.Debug|x86.ActiveCfg = Debug|Any CPU
		{8BA5ED31-7F85-4D1D-BE04-E24187FED52E}.Release|Any CPU.ActiveCfg = Release|Any CPU
		{8BA5ED31-7F85-4D1D-BE04-E24187FED52E}.Release|Any CPU.Build.0 = Release|Any CPU
		{8BA5ED31-7F85-4D1D-BE04-E24187FED52E}.Release|Mixed Platforms.ActiveCfg = Release|Any CPU
		{8BA5ED31-7F85-4D1D-BE04-E24187FED52E}.Release|Mixed Platforms.Build.0 = Release|Any CPU
		{8BA5ED31-7F85-4D1D-BE04-E24187FED52E}.Release|x86.ActiveCfg = Release|Any CPU
		{FF3BE948-5EBC-4A9E-8ED1-ACB676CE878D}.All|Any CPU.ActiveCfg = Release|Any CPU
		{FF3BE948-5EBC-4A9E-8ED1-ACB676CE878D}.All|Any CPU.Build.0 = Release|Any CPU
		{FF3BE948-5EBC-4A9E-8ED1-ACB676CE878D}.All|Mixed Platforms.ActiveCfg = Release|Any CPU
		{FF3BE948-5EBC-4A9E-8ED1-ACB676CE878D}.All|Mixed Platforms.Build.0 = Release|Any CPU
		{FF3BE948-5EBC-4A9E-8ED1-ACB676CE878D}.All|x86.ActiveCfg = Release|Any CPU
		{FF3BE948-5EBC-4A9E-8ED1-ACB676CE878D}.All|x86.Build.0 = Release|Any CPU
		{FF3BE948-5EBC-4A9E-8ED1-ACB676CE878D}.Debug|Any CPU.ActiveCfg = Debug|Any CPU
		{FF3BE948-5EBC-4A9E-8ED1-ACB676CE878D}.Debug|Any CPU.Build.0 = Debug|Any CPU
		{FF3BE948-5EBC-4A9E-8ED1-ACB676CE878D}.Debug|Mixed Platforms.ActiveCfg = Debug|Any CPU
		{FF3BE948-5EBC-4A9E-8ED1-ACB676CE878D}.Debug|Mixed Platforms.Build.0 = Debug|Any CPU
		{FF3BE948-5EBC-4A9E-8ED1-ACB676CE878D}.Debug|x86.ActiveCfg = Debug|Any CPU
		{FF3BE948-5EBC-4A9E-8ED1-ACB676CE878D}.Release|Any CPU.ActiveCfg = Release|Any CPU
		{FF3BE948-5EBC-4A9E-8ED1-ACB676CE878D}.Release|Any CPU.Build.0 = Release|Any CPU
		{FF3BE948-5EBC-4A9E-8ED1-ACB676CE878D}.Release|Mixed Platforms.ActiveCfg = Release|Any CPU
		{FF3BE948-5EBC-4A9E-8ED1-ACB676CE878D}.Release|Mixed Platforms.Build.0 = Release|Any CPU
		{FF3BE948-5EBC-4A9E-8ED1-ACB676CE878D}.Release|x86.ActiveCfg = Release|Any CPU
		{6F60031F-1127-4933-A9D9-7E333CAC69A4}.All|Any CPU.ActiveCfg = Release|Any CPU
		{6F60031F-1127-4933-A9D9-7E333CAC69A4}.All|Any CPU.Build.0 = Release|Any CPU
		{6F60031F-1127-4933-A9D9-7E333CAC69A4}.All|Mixed Platforms.ActiveCfg = Release|Any CPU
		{6F60031F-1127-4933-A9D9-7E333CAC69A4}.All|Mixed Platforms.Build.0 = Release|Any CPU
		{6F60031F-1127-4933-A9D9-7E333CAC69A4}.All|x86.ActiveCfg = Release|Any CPU
		{6F60031F-1127-4933-A9D9-7E333CAC69A4}.All|x86.Build.0 = Release|Any CPU
		{6F60031F-1127-4933-A9D9-7E333CAC69A4}.Debug|Any CPU.ActiveCfg = Debug|Any CPU
		{6F60031F-1127-4933-A9D9-7E333CAC69A4}.Debug|Any CPU.Build.0 = Debug|Any CPU
		{6F60031F-1127-4933-A9D9-7E333CAC69A4}.Debug|Mixed Platforms.ActiveCfg = Debug|Any CPU
		{6F60031F-1127-4933-A9D9-7E333CAC69A4}.Debug|Mixed Platforms.Build.0 = Debug|Any CPU
		{6F60031F-1127-4933-A9D9-7E333CAC69A4}.Debug|x86.ActiveCfg = Debug|Any CPU
		{6F60031F-1127-4933-A9D9-7E333CAC69A4}.Release|Any CPU.ActiveCfg = Release|Any CPU
		{6F60031F-1127-4933-A9D9-7E333CAC69A4}.Release|Any CPU.Build.0 = Release|Any CPU
		{6F60031F-1127-4933-A9D9-7E333CAC69A4}.Release|Mixed Platforms.ActiveCfg = Release|Any CPU
		{6F60031F-1127-4933-A9D9-7E333CAC69A4}.Release|Mixed Platforms.Build.0 = Release|Any CPU
		{6F60031F-1127-4933-A9D9-7E333CAC69A4}.Release|x86.ActiveCfg = Release|Any CPU
		{40578BE6-9122-41EB-8A0B-FD36748BDA35}.All|Any CPU.ActiveCfg = Release|Any CPU
		{40578BE6-9122-41EB-8A0B-FD36748BDA35}.All|Any CPU.Build.0 = Release|Any CPU
		{40578BE6-9122-41EB-8A0B-FD36748BDA35}.All|Mixed Platforms.ActiveCfg = Release|Any CPU
		{40578BE6-9122-41EB-8A0B-FD36748BDA35}.All|Mixed Platforms.Build.0 = Release|Any CPU
		{40578BE6-9122-41EB-8A0B-FD36748BDA35}.All|x86.ActiveCfg = Release|Any CPU
		{40578BE6-9122-41EB-8A0B-FD36748BDA35}.All|x86.Build.0 = Release|Any CPU
		{40578BE6-9122-41EB-8A0B-FD36748BDA35}.Debug|Any CPU.ActiveCfg = Debug|Any CPU
		{40578BE6-9122-41EB-8A0B-FD36748BDA35}.Debug|Any CPU.Build.0 = Debug|Any CPU
		{40578BE6-9122-41EB-8A0B-FD36748BDA35}.Debug|Mixed Platforms.ActiveCfg = Debug|Any CPU
		{40578BE6-9122-41EB-8A0B-FD36748BDA35}.Debug|Mixed Platforms.Build.0 = Debug|Any CPU
		{40578BE6-9122-41EB-8A0B-FD36748BDA35}.Debug|x86.ActiveCfg = Debug|Any CPU
		{40578BE6-9122-41EB-8A0B-FD36748BDA35}.Release|Any CPU.ActiveCfg = Release|Any CPU
		{40578BE6-9122-41EB-8A0B-FD36748BDA35}.Release|Any CPU.Build.0 = Release|Any CPU
		{40578BE6-9122-41EB-8A0B-FD36748BDA35}.Release|Mixed Platforms.ActiveCfg = Release|Any CPU
		{40578BE6-9122-41EB-8A0B-FD36748BDA35}.Release|Mixed Platforms.Build.0 = Release|Any CPU
		{40578BE6-9122-41EB-8A0B-FD36748BDA35}.Release|x86.ActiveCfg = Release|Any CPU
		{C10A9E35-8775-4B2A-8D47-EB3F1EB23D07}.All|Any CPU.ActiveCfg = Release|Any CPU
		{C10A9E35-8775-4B2A-8D47-EB3F1EB23D07}.All|Any CPU.Build.0 = Release|Any CPU
		{C10A9E35-8775-4B2A-8D47-EB3F1EB23D07}.All|Mixed Platforms.ActiveCfg = Release|Any CPU
		{C10A9E35-8775-4B2A-8D47-EB3F1EB23D07}.All|Mixed Platforms.Build.0 = Release|Any CPU
		{C10A9E35-8775-4B2A-8D47-EB3F1EB23D07}.All|x86.ActiveCfg = Release|Any CPU
		{C10A9E35-8775-4B2A-8D47-EB3F1EB23D07}.All|x86.Build.0 = Release|Any CPU
		{C10A9E35-8775-4B2A-8D47-EB3F1EB23D07}.Debug|Any CPU.ActiveCfg = Debug|Any CPU
		{C10A9E35-8775-4B2A-8D47-EB3F1EB23D07}.Debug|Any CPU.Build.0 = Debug|Any CPU
		{C10A9E35-8775-4B2A-8D47-EB3F1EB23D07}.Debug|Mixed Platforms.ActiveCfg = Debug|Any CPU
		{C10A9E35-8775-4B2A-8D47-EB3F1EB23D07}.Debug|Mixed Platforms.Build.0 = Debug|Any CPU
		{C10A9E35-8775-4B2A-8D47-EB3F1EB23D07}.Debug|x86.ActiveCfg = Debug|Any CPU
		{C10A9E35-8775-4B2A-8D47-EB3F1EB23D07}.Release|Any CPU.ActiveCfg = Release|Any CPU
		{C10A9E35-8775-4B2A-8D47-EB3F1EB23D07}.Release|Any CPU.Build.0 = Release|Any CPU
		{C10A9E35-8775-4B2A-8D47-EB3F1EB23D07}.Release|Mixed Platforms.ActiveCfg = Release|Any CPU
		{C10A9E35-8775-4B2A-8D47-EB3F1EB23D07}.Release|Mixed Platforms.Build.0 = Release|Any CPU
		{C10A9E35-8775-4B2A-8D47-EB3F1EB23D07}.Release|x86.ActiveCfg = Release|Any CPU
		{8C1185E0-2A12-4FA4-A8C4-D79E738E9957}.All|Any CPU.ActiveCfg = Release|Any CPU
		{8C1185E0-2A12-4FA4-A8C4-D79E738E9957}.All|Any CPU.Build.0 = Release|Any CPU
		{8C1185E0-2A12-4FA4-A8C4-D79E738E9957}.All|Mixed Platforms.ActiveCfg = Release|Any CPU
		{8C1185E0-2A12-4FA4-A8C4-D79E738E9957}.All|Mixed Platforms.Build.0 = Release|Any CPU
		{8C1185E0-2A12-4FA4-A8C4-D79E738E9957}.All|x86.ActiveCfg = Release|Any CPU
		{8C1185E0-2A12-4FA4-A8C4-D79E738E9957}.All|x86.Build.0 = Release|Any CPU
		{8C1185E0-2A12-4FA4-A8C4-D79E738E9957}.Debug|Any CPU.ActiveCfg = Debug|Any CPU
		{8C1185E0-2A12-4FA4-A8C4-D79E738E9957}.Debug|Any CPU.Build.0 = Debug|Any CPU
		{8C1185E0-2A12-4FA4-A8C4-D79E738E9957}.Debug|Mixed Platforms.ActiveCfg = Debug|Any CPU
		{8C1185E0-2A12-4FA4-A8C4-D79E738E9957}.Debug|Mixed Platforms.Build.0 = Debug|Any CPU
		{8C1185E0-2A12-4FA4-A8C4-D79E738E9957}.Debug|x86.ActiveCfg = Debug|Any CPU
		{8C1185E0-2A12-4FA4-A8C4-D79E738E9957}.Release|Any CPU.ActiveCfg = Release|Any CPU
		{8C1185E0-2A12-4FA4-A8C4-D79E738E9957}.Release|Any CPU.Build.0 = Release|Any CPU
		{8C1185E0-2A12-4FA4-A8C4-D79E738E9957}.Release|Mixed Platforms.ActiveCfg = Release|Any CPU
		{8C1185E0-2A12-4FA4-A8C4-D79E738E9957}.Release|Mixed Platforms.Build.0 = Release|Any CPU
		{8C1185E0-2A12-4FA4-A8C4-D79E738E9957}.Release|x86.ActiveCfg = Release|Any CPU
		{92DA2719-D048-4CCE-86C8-B18B7E6A06F0}.All|Any CPU.ActiveCfg = Release|Any CPU
		{92DA2719-D048-4CCE-86C8-B18B7E6A06F0}.All|Any CPU.Build.0 = Release|Any CPU
		{92DA2719-D048-4CCE-86C8-B18B7E6A06F0}.All|Mixed Platforms.ActiveCfg = Release|Any CPU
		{92DA2719-D048-4CCE-86C8-B18B7E6A06F0}.All|Mixed Platforms.Build.0 = Release|Any CPU
		{92DA2719-D048-4CCE-86C8-B18B7E6A06F0}.All|x86.ActiveCfg = Release|Any CPU
		{92DA2719-D048-4CCE-86C8-B18B7E6A06F0}.All|x86.Build.0 = Release|Any CPU
		{92DA2719-D048-4CCE-86C8-B18B7E6A06F0}.Debug|Any CPU.ActiveCfg = Debug|Any CPU
		{92DA2719-D048-4CCE-86C8-B18B7E6A06F0}.Debug|Any CPU.Build.0 = Debug|Any CPU
		{92DA2719-D048-4CCE-86C8-B18B7E6A06F0}.Debug|Mixed Platforms.ActiveCfg = Debug|Any CPU
		{92DA2719-D048-4CCE-86C8-B18B7E6A06F0}.Debug|Mixed Platforms.Build.0 = Debug|Any CPU
		{92DA2719-D048-4CCE-86C8-B18B7E6A06F0}.Debug|x86.ActiveCfg = Debug|Any CPU
		{92DA2719-D048-4CCE-86C8-B18B7E6A06F0}.Debug|x86.Build.0 = Debug|Any CPU
		{92DA2719-D048-4CCE-86C8-B18B7E6A06F0}.Release|Any CPU.ActiveCfg = Release|Any CPU
		{92DA2719-D048-4CCE-86C8-B18B7E6A06F0}.Release|Any CPU.Build.0 = Release|Any CPU
		{92DA2719-D048-4CCE-86C8-B18B7E6A06F0}.Release|Mixed Platforms.ActiveCfg = Release|Any CPU
		{92DA2719-D048-4CCE-86C8-B18B7E6A06F0}.Release|Mixed Platforms.Build.0 = Release|Any CPU
		{92DA2719-D048-4CCE-86C8-B18B7E6A06F0}.Release|x86.ActiveCfg = Release|Any CPU
		{92DA2719-D048-4CCE-86C8-B18B7E6A06F0}.Release|x86.Build.0 = Release|Any CPU
		{90EEA2C1-ACE6-4CBE-91AC-6FE8D69B5BC3}.All|Any CPU.ActiveCfg = All|Any CPU
		{90EEA2C1-ACE6-4CBE-91AC-6FE8D69B5BC3}.All|Any CPU.Build.0 = All|Any CPU
		{90EEA2C1-ACE6-4CBE-91AC-6FE8D69B5BC3}.All|Mixed Platforms.ActiveCfg = All|Any CPU
		{90EEA2C1-ACE6-4CBE-91AC-6FE8D69B5BC3}.All|Mixed Platforms.Build.0 = All|Any CPU
		{90EEA2C1-ACE6-4CBE-91AC-6FE8D69B5BC3}.All|x86.ActiveCfg = All|Any CPU
		{90EEA2C1-ACE6-4CBE-91AC-6FE8D69B5BC3}.All|x86.Build.0 = All|Any CPU
		{90EEA2C1-ACE6-4CBE-91AC-6FE8D69B5BC3}.Debug|Any CPU.ActiveCfg = Debug|Any CPU
		{90EEA2C1-ACE6-4CBE-91AC-6FE8D69B5BC3}.Debug|Any CPU.Build.0 = Debug|Any CPU
		{90EEA2C1-ACE6-4CBE-91AC-6FE8D69B5BC3}.Debug|Mixed Platforms.ActiveCfg = Debug|Any CPU
		{90EEA2C1-ACE6-4CBE-91AC-6FE8D69B5BC3}.Debug|Mixed Platforms.Build.0 = Debug|Any CPU
		{90EEA2C1-ACE6-4CBE-91AC-6FE8D69B5BC3}.Debug|x86.ActiveCfg = Debug|Any CPU
		{90EEA2C1-ACE6-4CBE-91AC-6FE8D69B5BC3}.Debug|x86.Build.0 = Debug|Any CPU
		{90EEA2C1-ACE6-4CBE-91AC-6FE8D69B5BC3}.Release|Any CPU.ActiveCfg = Release|Any CPU
		{90EEA2C1-ACE6-4CBE-91AC-6FE8D69B5BC3}.Release|Any CPU.Build.0 = Release|Any CPU
		{90EEA2C1-ACE6-4CBE-91AC-6FE8D69B5BC3}.Release|Mixed Platforms.ActiveCfg = Release|Any CPU
		{90EEA2C1-ACE6-4CBE-91AC-6FE8D69B5BC3}.Release|Mixed Platforms.Build.0 = Release|Any CPU
		{90EEA2C1-ACE6-4CBE-91AC-6FE8D69B5BC3}.Release|x86.ActiveCfg = Release|Any CPU
		{90EEA2C1-ACE6-4CBE-91AC-6FE8D69B5BC3}.Release|x86.Build.0 = Release|Any CPU
	EndGlobalSection
	GlobalSection(SolutionProperties) = preSolution
		HideSolutionNode = FALSE
	EndGlobalSection
	GlobalSection(ExtensibilityGlobals) = postSolution
		SolutionGuid = {94481DE5-4623-4C94-B0E7-FBAF2DF9D207}
	EndGlobalSection
EndGlobal
